{
  "version": 4,
  "terraform_version": "1.12.2",
  "serial": 16,
  "lineage": "50456789-e48a-438e-9bab-79716b9e8864",
  "outputs": {},
  "resources": [
    {
      "module": "module.subaccount",
      "mode": "data",
      "type": "btp_subaccount_environments",
      "name": "all",
      "provider": "provider[\"registry.terraform.io/sap/btp\"]",
      "instances": [
        {
          "schema_version": 0,
          "attributes": {
            "id": "fb2106d2-c5e3-4afe-8dd8-33a9d7e3a704",
            "subaccount_id": "fb2106d2-c5e3-4afe-8dd8-33a9d7e3a704",
            "values": [
              {
                "availability_level": "ACTIVE",
                "description": "Create organization in cloud foundry - trial based",
                "environment_type": "cloudfoundry",
                "landscape_label": "cf-us10-001",
                "plan_name": "trial",
                "plan_updateable": false,
                "schema_create": "{\"parameters\":{\"schema\":\"http://json-schema.org/draft-07/schema#\",\"_show_form_view\":true,\"type\":\"object\",\"properties\":{\"instance_name\":{\"title\":\"Org Name\",\"description\":\"Cloud Foundry organization name\",\"type\":\"string\",\"minLength\":1,\"_BTPdefaultTemplate\":{\"elements\":[\"gaDisplayName\",\"saSubdomain\"],\"separator\":\"_\"}}},\"required\":[\"instance_name\"]}}",
                "schema_update": "",
                "service_description": "An efficient model for cloud-native application delivery",
                "service_display_name": "Cloud Foundry Runtime",
                "service_name": "cloudfoundry",
                "technical_key": ""
              }
            ]
          },
          "sensitive_attributes": [],
          "identity_schema_version": 0
        }
      ]
    },
    {
      "module": "module.subaccount",
      "mode": "data",
      "type": "btp_subaccounts",
      "name": "all",
      "provider": "provider[\"registry.terraform.io/sap/btp\"]",
      "instances": [
        {
          "schema_version": 0,
          "attributes": {
            "id": "e989c1bdtrial-ga",
            "labels_filter": null,
            "values": [
              {
                "beta_enabled": false,
                "created_by": "",
                "created_date": "2025-06-23T04:22:43Z",
                "description": "",
                "id": "077e9334-d6a9-4848-aaf0-5e3b4443474d",
                "labels": null,
                "last_modified": "2025-06-23T04:22:58Z",
                "name": "trial",
                "parent_features": null,
                "parent_id": "b27fc89e-021c-482e-850a-37c9c3719326",
                "region": "us10",
                "state": "OK",
                "subdomain": "e989c1bdtrial",
                "usage": "UNSET"
              },
              {
                "beta_enabled": false,
                "created_by": "",
                "created_date": "2025-06-23T18:09:48Z",
                "description": "",
                "id": "fb2106d2-c5e3-4afe-8dd8-33a9d7e3a704",
                "labels": null,
                "last_modified": "2025-06-23T18:10:13Z",
                "name": "trial-demo2",
                "parent_features": null,
                "parent_id": "b27fc89e-021c-482e-850a-37c9c3719326",
                "region": "us10",
                "state": "OK",
                "subdomain": "tkb2e1qj",
                "usage": "UNSET"
              }
            ]
          },
          "sensitive_attributes": [],
          "identity_schema_version": 0
        }
      ]
    },
    {
      "module": "module.subaccount",
      "mode": "data",
      "type": "cloudfoundry_org",
      "name": "org_details",
      "provider": "provider[\"registry.terraform.io/cloudfoundry/cloudfoundry\"]",
      "instances": [
        {
          "schema_version": 0,
          "attributes": {
            "annotations": null,
            "created_at": "2025-06-23T18:13:38Z",
            "id": "498ea67e-d27c-4e3c-b3b2-1c10eeb3d8b8",
            "labels": null,
            "name": "tkb2e1qj",
            "quota": "71ad1183-ec61-433f-9330-5564972548f3",
            "suspended": false,
            "updated_at": "2025-06-23T18:16:43Z"
          },
          "sensitive_attributes": [],
          "identity_schema_version": 0
        }
      ]
    },
    {
      "module": "module.subaccount",
      "mode": "managed",
      "type": "btp_subaccount",
      "name": "user_subaccount",
      "provider": "provider[\"registry.terraform.io/sap/btp\"]",
      "instances": [
        {
          "schema_version": 0,
          "attributes": {
            "beta_enabled": false,
            "created_by": "",
            "created_date": "2025-06-23T18:09:48Z",
            "description": "",
            "id": "fb2106d2-c5e3-4afe-8dd8-33a9d7e3a704",
            "labels": null,
            "last_modified": "2025-06-23T18:10:13Z",
            "name": "trial-demo2",
            "parent_features": null,
            "parent_id": "b27fc89e-021c-482e-850a-37c9c3719326",
            "region": "us10",
            "state": "OK",
            "subdomain": "tkb2e1qj",
            "usage": "UNSET"
          },
          "sensitive_attributes": [],
          "identity_schema_version": 0,
          "dependencies": [
            "module.subaccount.data.btp_subaccounts.all",
            "module.subaccount.random_string.subdomain_random_part"
          ]
        }
      ]
    },
    {
      "module": "module.subaccount",
      "mode": "managed",
      "type": "btp_subaccount_environment_instance",
      "name": "cloudfoundry",
      "provider": "provider[\"registry.terraform.io/sap/btp\"]",
      "instances": [
        {
          "schema_version": 0,
          "attributes": {
            "broker_id": "985B006B-820E-40BF-AC53-AB3D2B86C294",
            "created_date": "2025-06-23T18:13:38Z",
            "custom_labels": {},
            "dashboard_url": "",
            "description": "",
            "environment_type": "cloudfoundry",
            "id": "0EAE17E3-92D4-4271-9813-B2B3AC60BE30",
            "labels": "{\"API Endpoint\":\"https://api.cf.us10-001.hana.ondemand.com\",\"Org Name\":\"tkb2e1qj\",\"Org ID\":\"498ea67e-d27c-4e3c-b3b2-1c10eeb3d8b8\",\"Org Memory Limit\":\"0MB\"}",
            "landscape_label": "cf-us10-001",
            "last_modified": "2025-06-23T18:16:43Z",
            "name": "tkb2e1qj",
            "operation": "update",
            "parameters": "{\"instance_name\":\"tkb2e1qj\",\"memory\":1024}",
            "plan_id": "267b5620-3011-4c48-8e56-8d103876275b",
            "plan_name": "trial",
            "platform_id": "498ea67e-d27c-4e3c-b3b2-1c10eeb3d8b8",
            "service_id": "fa31b750-375f-4268-bee1-604811a89fd9",
            "service_name": "cloudfoundry",
            "state": "OK",
            "subaccount_id": "fb2106d2-c5e3-4afe-8dd8-33a9d7e3a704",
            "tenant_id": "fb2106d2-c5e3-4afe-8dd8-33a9d7e3a704",
            "timeouts": null,
            "type": "Update"
          },
          "sensitive_attributes": [],
          "identity_schema_version": 0,
          "dependencies": [
            "module.subaccount.btp_subaccount.user_subaccount",
            "module.subaccount.data.btp_subaccount_environments.all",
            "module.subaccount.data.btp_subaccounts.all",
            "module.subaccount.null_resource.cache_target_environment",
            "module.subaccount.random_string.subdomain_random_part"
          ]
        }
      ]
    },
    {
      "module": "module.subaccount",
      "mode": "managed",
      "type": "cloudfoundry_space",
      "name": "space",
      "provider": "provider[\"registry.terraform.io/cloudfoundry/cloudfoundry\"]",
      "instances": [
        {
          "schema_version": 0,
          "attributes": {
            "allow_ssh": true,
            "annotations": null,
            "created_at": "2025-06-23T18:28:30Z",
            "id": "83462c4e-0496-4ce4-a72a-2caabc40e842",
            "isolation_segment": null,
            "labels": null,
            "name": "dev",
            "org": "498ea67e-d27c-4e3c-b3b2-1c10eeb3d8b8",
            "quota": null,
            "updated_at": "2025-06-23T18:28:30Z"
          },
          "sensitive_attributes": [],
          "identity_schema_version": 0,
          "dependencies": [
            "module.subaccount.btp_subaccount.user_subaccount",
            "module.subaccount.btp_subaccount_environment_instance.cloudfoundry",
            "module.subaccount.data.btp_subaccount_environments.all",
            "module.subaccount.data.btp_subaccounts.all",
            "module.subaccount.data.cloudfoundry_org.org_details",
            "module.subaccount.null_resource.cache_target_environment",
            "module.subaccount.random_string.subdomain_random_part"
          ]
        }
      ]
    },
    {
      "module": "module.subaccount",
      "mode": "managed",
      "type": "cloudfoundry_space_role",
      "name": "manager",
      "provider": "provider[\"registry.terraform.io/cloudfoundry/cloudfoundry\"]",
      "instances": [
        {
          "schema_version": 0,
          "attributes": {
            "created_at": "2025-06-23T19:03:57Z",
            "id": "11626c0f-e431-4d9e-99da-da56bb257627",
            "origin": null,
            "space": "83462c4e-0496-4ce4-a72a-2caabc40e842",
            "type": "space_manager",
            "updated_at": "2025-06-23T19:03:57Z",
            "user": "024ed385-e0ee-4c6b-ad78-cb47efdb1185",
            "username": "amar.ubhe@sap.com"
          },
          "sensitive_attributes": [],
          "identity_schema_version": 0,
          "dependencies": [
            "module.subaccount.btp_subaccount.user_subaccount",
            "module.subaccount.btp_subaccount_environment_instance.cloudfoundry",
            "module.subaccount.cloudfoundry_space.space",
            "module.subaccount.data.btp_subaccount_environments.all",
            "module.subaccount.data.btp_subaccounts.all",
            "module.subaccount.data.cloudfoundry_org.org_details",
            "module.subaccount.null_resource.cache_target_environment",
            "module.subaccount.random_string.subdomain_random_part"
          ]
        }
      ]
    },
    {
      "module": "module.subaccount",
      "mode": "managed",
      "type": "null_resource",
      "name": "cache_target_environment",
      "provider": "provider[\"registry.terraform.io/hashicorp/null\"]",
      "instances": [
        {
          "schema_version": 0,
          "attributes": {
            "id": "3351752193474531101",
            "triggers": {
              "label": "cf-us10-001"
            }
          },
          "sensitive_attributes": [],
          "identity_schema_version": 0,
          "dependencies": [
            "module.subaccount.btp_subaccount.user_subaccount",
            "module.subaccount.data.btp_subaccount_environments.all",
            "module.subaccount.data.btp_subaccounts.all",
            "module.subaccount.random_string.subdomain_random_part"
          ]
        }
      ]
    },
    {
      "module": "module.subaccount",
      "mode": "managed",
      "type": "random_string",
      "name": "subdomain_random_part",
      "provider": "provider[\"registry.terraform.io/hashicorp/random\"]",
      "instances": [
        {
          "schema_version": 2,
          "attributes": {
            "id": "tkb2e1qj",
            "keepers": null,
            "length": 8,
            "lower": true,
            "min_lower": 0,
            "min_numeric": 0,
            "min_special": 0,
            "min_upper": 0,
            "number": true,
            "numeric": true,
            "override_special": null,
            "result": "tkb2e1qj",
            "special": false,
            "upper": false
          },
          "sensitive_attributes": [],
          "identity_schema_version": 0
        }
      ]
    }
  ],
  "check_results": [
    {
      "object_kind": "var",
      "config_addr": "module.subaccount.var.region",
      "status": "pass",
      "objects": [
        {
          "object_addr": "module.subaccount.var.region",
          "status": "pass"
        }
      ]
    },
    {
      "object_kind": "var",
      "config_addr": "var.subaccount_name",
      "status": "pass",
      "objects": [
        {
          "object_addr": "var.subaccount_name",
          "status": "pass"
        }
      ]
    }
  ]
}
