{
  "version": 4,
  "terraform_version": "1.12.2",
  "serial": 75,
  "lineage": "8443635b-3ee2-3554-98e9-1bcda9aced97",
  "outputs": {},
  "resources": [
    {
      "mode": "data",
      "type": "btp_subaccount",
      "name": "subaccount",
      "provider": "provider[\"registry.terraform.io/sap/btp\"]",
      "instances": [
        {
          "schema_version": 0,
          "attributes": {
            "beta_enabled": false,
            "created_by": "",
            "created_date": "2025-06-16T06:27:20Z",
            "description": "",
            "id": "1d5715b2-3e27-4598-b795-5a9a0d24c0f2",
            "labels": null,
            "last_modified": "2025-06-16T06:27:40Z",
            "name": "trial",
            "parent_features": null,
            "parent_id": "b628d1ec-6db6-4d8f-ad74-766c987cabf6",
            "region": "us10",
            "state": "OK",
            "subdomain": "39624dd7trial",
            "usage": "UNSET"
          },
          "sensitive_attributes": [],
          "identity_schema_version": 0
        }
      ]
    },
    {
      "mode": "data",
      "type": "btp_subaccount_roles",
      "name": "all",
      "provider": "provider[\"registry.terraform.io/sap/btp\"]",
      "instances": [
        {
          "schema_version": 0,
          "attributes": {
            "id": "1d5715b2-3e27-4598-b795-5a9a0d24c0f2",
            "subaccount_id": "1d5715b2-3e27-4598-b795-5a9a0d24c0f2",
            "values": [
              {
                "app_id": "ui5-flexibility-keyuser!b1751",
                "app_name": "ui5-flexibility-keyuser",
                "description": "UI5 Flexibility Admin Key User Role Template",
                "name": "AdminFlexKeyUser",
                "read_only": true,
                "role_template_name": "AdminFlexKeyUser",
                "scopes": [
                  {
                    "custom_grant_as_authority_to_apps": null,
                    "custom_granted_apps": null,
                    "description": "UI5 Flexibility Admin Key User Scope",
                    "grant_as_authority_to_apps": null,
                    "granted_apps": null,
                    "name": "ui5-flexibility-keyuser!b1751.ADMINKEYUSER"
                  },
                  {
                    "custom_grant_as_authority_to_apps": null,
                    "custom_granted_apps": null,
                    "description": "Read permission for XS roles and role collections",
                    "grant_as_authority_to_apps": [
                      "cam-integration!t8",
                      "cis-central!b4",
                      "cis-local!b4",
                      "sapcloudalm!b96926",
                      "spc-integration!t8"
                    ],
                    "granted_apps": [
                      "*"
                    ],
                    "name": "xs_authorization.read"
                  }
                ]
              },
              {
                "app_id": "us10-app-studio!t5804",
                "app_name": "us10-app-studio",
                "description": "Allows administrators to manage (export and delete) user data.",
                "name": "Administrator",
                "read_only": true,
                "role_template_name": "Business_Application_Studio_Administrator",
                "scopes": [
                  {
                    "custom_grant_as_authority_to_apps": null,
                    "custom_granted_apps": null,
                    "description": "With this scope, you can access admin APIs",
                    "grant_as_authority_to_apps": null,
                    "granted_apps": null,
                    "name": "us10-app-studio!t5804.DataManagement"
                  }
                ]
              },
              {
                "app_id": "us10-app-studio-service!b5804",
                "app_name": "us10-app-studio-service",
                "description": "Allows administrators to manage (export and delete) user data.",
                "name": "Administrator",
                "read_only": true,
                "role_template_name": "BAS_Service_Administrator",
                "scopes": [
                  {
                    "custom_grant_as_authority_to_apps": null,
                    "custom_granted_apps": null,
                    "description": "With this scope, you can access admin APIs",
                    "grant_as_authority_to_apps": null,
                    "granted_apps": null,
                    "name": "us10-app-studio-service!b5804.DataManagement"
                  }
                ]
              },
              {
                "app_id": "xsuaa-mobileprod_mobileprod-mobileprod!b610",
                "app_name": "xsuaa-mobileprod_mobileprod-mobileprod",
                "description": "Users who can edit configuration.",
                "name": "Administrator",
                "read_only": true,
                "role_template_name": "Administrator",
                "scopes": [
                  {
                    "custom_grant_as_authority_to_apps": null,
                    "custom_granted_apps": null,
                    "description": "Get configuration from business user",
                    "grant_as_authority_to_apps": null,
                    "granted_apps": null,
                    "name": "xsuaa-mobileprod_mobileprod-mobileprod!b610.admin_read"
                  },
                  {
                    "custom_grant_as_authority_to_apps": null,
                    "custom_granted_apps": null,
                    "description": "Change (CUD) configuration from business user",
                    "grant_as_authority_to_apps": null,
                    "granted_apps": null,
                    "name": "xsuaa-mobileprod_mobileprod-mobileprod!b610.admin_write"
                  },
                  {
                    "custom_grant_as_authority_to_apps": null,
                    "custom_granted_apps": null,
                    "description": "Read uploaded Client Logs",
                    "grant_as_authority_to_apps": null,
                    "granted_apps": null,
                    "name": "xsuaa-mobileprod_mobileprod-mobileprod!b610.clientlog_read"
                  },
                  {
                    "custom_grant_as_authority_to_apps": null,
                    "custom_granted_apps": null,
                    "description": "Get push registrations",
                    "grant_as_authority_to_apps": null,
                    "granted_apps": null,
                    "name": "xsuaa-mobileprod_mobileprod-mobileprod!b610.pushregistrations_read"
                  }
                ]
              },
              {
                "app_id": "xsuaa!b49390",
                "app_name": "xsuaa",
                "description": "Advanced User",
                "name": "AdvancedUser",
                "read_only": true,
                "role_template_name": "AdvancedUser",
                "scopes": [
                  {
                    "custom_grant_as_authority_to_apps": null,
                    "custom_granted_apps": null,
                    "description": "Marker scope for advanced users.",
                    "grant_as_authority_to_apps": null,
                    "granted_apps": null,
                    "name": "xsuaa!b49390.SPA_ADVANCED_USER"
                  }
                ]
              },
              {
                "app_id": "destination-xsappname!b62",
                "app_name": "destination-xsappname",
                "description": "Manage destination configurations, certificates and signing keys for SAML assertions issued by the Destination service",
                "name": "Application Destination Administrator",
                "read_only": true,
                "role_template_name": "Application_Destination_Administrator",
                "scopes": [
                  {
                    "custom_grant_as_authority_to_apps": null,
                    "custom_granted_apps": null,
                    "description": "Manage subaccount trust",
                    "grant_as_authority_to_apps": null,
                    "granted_apps": null,
                    "name": "destination-xsappname!b62.manageSubaccountTrust"
                  },
                  {
                    "custom_grant_as_authority_to_apps": null,
                    "custom_granted_apps": null,
                    "description": "Read subaccount trust",
                    "grant_as_authority_to_apps": null,
                    "granted_apps": null,
                    "name": "destination-xsappname!b62.readSubaccountTrust"
                  },
                  {
                    "custom_grant_as_authority_to_apps": null,
                    "custom_granted_apps": null,
                    "description": "Manage certificates on subaccount level",
                    "grant_as_authority_to_apps": null,
                    "granted_apps": null,
                    "name": "destination-xsappname!b62.subaccount.manageCertificate"
                  },
                  {
                    "custom_grant_as_authority_to_apps": null,
                    "custom_granted_apps": null,
                    "description": "Manage destinations on subaccount level",
                    "grant_as_authority_to_apps": null,
                    "granted_apps": null,
                    "name": "destination-xsappname!b62.subaccount.manageDestination"
                  },
                  {
                    "custom_grant_as_authority_to_apps": null,
                    "custom_granted_apps": null,
                    "description": "Read certificates on subaccount level",
                    "grant_as_authority_to_apps": null,
                    "granted_apps": null,
                    "name": "destination-xsappname!b62.subaccount.readCertificate"
                  },
                  {
                    "custom_grant_as_authority_to_apps": null,
                    "custom_granted_apps": null,
                    "description": "Read destinations on subaccount level",
                    "grant_as_authority_to_apps": null,
                    "granted_apps": null,
                    "name": "destination-xsappname!b62.subaccount.readDestination"
                  }
                ]
              },
              {
                "app_id": "destination-xsappname!b62",
                "app_name": "destination-xsappname",
                "description": "View destination configurations, certificates and signing keys for SAML assertions issued by the Destination service",
                "name": "Application Destination Viewer",
                "read_only": true,
                "role_template_name": "Application_Destination_Viewer",
                "scopes": [
                  {
                    "custom_grant_as_authority_to_apps": null,
                    "custom_granted_apps": null,
                    "description": "Read subaccount trust",
                    "grant_as_authority_to_apps": null,
                    "granted_apps": null,
                    "name": "destination-xsappname!b62.readSubaccountTrust"
                  },
                  {
                    "custom_grant_as_authority_to_apps": null,
                    "custom_granted_apps": null,
                    "description": "Read certificates on subaccount level",
                    "grant_as_authority_to_apps": null,
                    "granted_apps": null,
                    "name": "destination-xsappname!b62.subaccount.readCertificate"
                  },
                  {
                    "custom_grant_as_authority_to_apps": null,
                    "custom_granted_apps": null,
                    "description": "Read destinations on subaccount level",
                    "grant_as_authority_to_apps": null,
                    "granted_apps": null,
                    "name": "destination-xsappname!b62.subaccount.readDestination"
                  }
                ]
              },
              {
                "app_id": "cis-local!b4",
                "app_name": "cis-local",
                "description": "Read-only access to an application's subscriptions.",
                "name": "Application Subscriptions Viewer",
                "read_only": true,
                "role_template_name": "Application_Subscriptions_Viewer",
                "scopes": [
                  {
                    "custom_grant_as_authority_to_apps": null,
                    "custom_granted_apps": null,
                    "description": "Get cloud management events on the local region",
                    "grant_as_authority_to_apps": null,
                    "granted_apps": null,
                    "name": "cis-local!b4.event.read"
                  },
                  {
                    "custom_grant_as_authority_to_apps": null,
                    "custom_granted_apps": null,
                    "description": "Get status of users jobs",
                    "grant_as_authority_to_apps": null,
                    "granted_apps": null,
                    "name": "cis-local!b4.job.read"
                  },
                  {
                    "custom_grant_as_authority_to_apps": null,
                    "custom_granted_apps": null,
                    "description": "View all multitenant applications to which a subaccount can subscribe",
                    "grant_as_authority_to_apps": null,
                    "granted_apps": null,
                    "name": "cis-local!b4.subaccount.application.subscription.read"
                  },
                  {
                    "custom_grant_as_authority_to_apps": null,
                    "custom_granted_apps": null,
                    "description": "Allows users to view and manage only specific resources within their assigned subaccounts.",
                    "grant_as_authority_to_apps": null,
                    "granted_apps": null,
                    "name": "cis-local!b4.subaccount.configuration.update"
                  },
                  {
                    "custom_grant_as_authority_to_apps": null,
                    "custom_granted_apps": null,
                    "description": "Get assigned entitlements for a subaccount",
                    "grant_as_authority_to_apps": null,
                    "granted_apps": null,
                    "name": "cis-local!b4.subaccount.entitlement.read"
                  },
                  {
                    "custom_grant_as_authority_to_apps": null,
                    "custom_granted_apps": null,
                    "description": "Get environment instance entities",
                    "grant_as_authority_to_apps": null,
                    "granted_apps": null,
                    "name": "cis-local!b4.subaccount.environment.read"
                  }
                ]
              },
              {
                "app_id": "us10-appfront!b415322",
                "app_name": "us10-appfront",
                "description": "Developer access to Application Frontend",
                "name": "Application_Frontend_Developer",
                "read_only": true,
                "role_template_name": "Application_Frontend_Developer",
                "scopes": [
                  {
                    "custom_grant_as_authority_to_apps": null,
                    "custom_granted_apps": null,
                    "description": "Application Frontend Read",
                    "grant_as_authority_to_apps": null,
                    "granted_apps": null,
                    "name": "us10-appfront!b415322.app-front.read"
                  },
                  {
                    "custom_grant_as_authority_to_apps": null,
                    "custom_granted_apps": null,
                    "description": "Application Frontend Write",
                    "grant_as_authority_to_apps": null,
                    "granted_apps": null,
                    "name": "us10-appfront!b415322.app-front.write"
                  }
                ]
              },
              {
                "app_id": "us10-appfront!b415322",
                "app_name": "us10-appfront",
                "description": "Viewer access to Application Frontend",
                "name": "Application_Frontend_Viewer",
                "read_only": true,
                "role_template_name": "Application_Frontend_Viewer",
                "scopes": [
                  {
                    "custom_grant_as_authority_to_apps": null,
                    "custom_granted_apps": null,
                    "description": "Application Frontend Read",
                    "grant_as_authority_to_apps": null,
                    "granted_apps": null,
                    "name": "us10-appfront!b415322.app-front.read"
                  }
                ]
              },
              {
                "app_id": "xsuaa-mobileprod_mobileprod-mobileprod!b610",
                "app_name": "xsuaa-mobileprod_mobileprod-mobileprod",
                "description": "Users who can receieve a staged version of an application.",
                "name": "BetaTestUser",
                "read_only": true,
                "role_template_name": "BetaTestUser",
                "scopes": [
                  {
                    "custom_grant_as_authority_to_apps": null,
                    "custom_granted_apps": null,
                    "description": "Receiving a staged revision of an application from Mobile App Update service.",
                    "grant_as_authority_to_apps": null,
                    "granted_apps": null,
                    "name": "xsuaa-mobileprod_mobileprod-mobileprod!b610.access_staged_app"
                  }
                ]
              },
              {
                "app_id": "appgyver-xsuaa!b107153",
                "app_name": "appgyver-xsuaa",
                "description": "BuildAppsAdmin has unlimited access to manage all applications",
                "name": "BuildAppsAdmin",
                "read_only": true,
                "role_template_name": "BuildAppsAdmin",
                "scopes": [
                  {
                    "custom_grant_as_authority_to_apps": null,
                    "custom_granted_apps": null,
                    "description": "User is an SAP Build Apps admin",
                    "grant_as_authority_to_apps": null,
                    "granted_apps": [
                      "sap-appgyver-ee!t107153"
                    ],
                    "name": "appgyver-xsuaa!b107153.admin"
                  }
                ]
              },
              {
                "app_id": "appgyver-xsuaa!b107153",
                "app_name": "appgyver-xsuaa",
                "description": "BuildAppsDeveloper can develop apps according to given grants",
                "name": "BuildAppsDeveloper",
                "read_only": true,
                "role_template_name": "BuildAppsDeveloper",
                "scopes": [
                  {
                    "custom_grant_as_authority_to_apps": null,
                    "custom_granted_apps": null,
                    "description": "User is an SAP Build Apps developer",
                    "grant_as_authority_to_apps": null,
                    "granted_apps": [
                      "sap-appgyver-ee!t107153"
                    ],
                    "name": "appgyver-xsuaa!b107153.developer"
                  }
                ]
              },
              {
                "app_id": "ans-business!b673",
                "app_name": "ans-business",
                "description": "Provides access to credentials management and configurations management of Alert Notification Service business plan",
                "name": "Business_Notifications_Admin",
                "read_only": true,
                "role_template_name": "Business_Notifications_Admin",
                "scopes": [
                  {
                    "custom_grant_as_authority_to_apps": null,
                    "custom_granted_apps": null,
                    "description": "Business Notifications user scope for managing configurations",
                    "grant_as_authority_to_apps": null,
                    "granted_apps": null,
                    "name": "ans-business!b673.business_notifications.user.configuration_manage"
                  },
                  {
                    "custom_grant_as_authority_to_apps": null,
                    "custom_granted_apps": null,
                    "description": "Business Notifications user scope for managing credentials",
                    "grant_as_authority_to_apps": null,
                    "granted_apps": null,
                    "name": "ans-business!b673.business_notifications.user.credential_manage"
                  }
                ]
              },
              {
                "app_id": "xsuaa-mobileprod_mobileprod-mobileprod!b610",
                "app_name": "xsuaa-mobileprod_mobileprod-mobileprod",
                "description": "Users who can register cards on behalf of users and manage card types.",
                "name": "CardAdministrator",
                "read_only": true,
                "role_template_name": "CardAdministrator",
                "scopes": [
                  {
                    "custom_grant_as_authority_to_apps": null,
                    "custom_granted_apps": null,
                    "description": "Allows to call Admin OData API to manage card types.",
                    "grant_as_authority_to_apps": null,
                    "granted_apps": null,
                    "name": "xsuaa-mobileprod_mobileprod-mobileprod!b610.card_admin"
                  },
                  {
                    "custom_grant_as_authority_to_apps": null,
                    "custom_granted_apps": null,
                    "description": "Allows to register cards on behalf of users.",
                    "grant_as_authority_to_apps": null,
                    "granted_apps": null,
                    "name": "xsuaa-mobileprod_mobileprod-mobileprod!b610.register_card"
                  }
                ]
              },
              {
                "app_id": "connectivity!b7",
                "app_name": "connectivity",
                "description": "Operate the data transmission tunnels and client certificates used by the Cloud connector",
                "name": "Cloud Connector Administrator",
                "read_only": true,
                "role_template_name": "Cloud_Connector_Administrator",
                "scopes": [
                  {
                    "custom_grant_as_authority_to_apps": null,
                    "custom_granted_apps": null,
                    "description": "Operate the client certificates used by the Cloud Connector",
                    "grant_as_authority_to_apps": null,
                    "granted_apps": null,
                    "name": "connectivity!b7.manageSCCCertificates"
                  },
                  {
                    "custom_grant_as_authority_to_apps": null,
                    "custom_granted_apps": null,
                    "description": "Operate the data transmission tunnels used by the Cloud connector",
                    "grant_as_authority_to_apps": null,
                    "granted_apps": null,
                    "name": "connectivity!b7.manageSCCTunnels"
                  },
                  {
                    "custom_grant_as_authority_to_apps": null,
                    "custom_granted_apps": null,
                    "description": "View information about the client certificates used by the Cloud Connector",
                    "grant_as_authority_to_apps": null,
                    "granted_apps": null,
                    "name": "connectivity!b7.readSCCCertificates"
                  },
                  {
                    "custom_grant_as_authority_to_apps": null,
                    "custom_granted_apps": null,
                    "description": "View the data transmission tunnels used by the Cloud connector to communicate with back-end systems",
                    "grant_as_authority_to_apps": null,
                    "granted_apps": null,
                    "name": "connectivity!b7.readSCCTunnels"
                  }
                ]
              },
              {
                "app_id": "connectivity!b7",
                "app_name": "connectivity",
                "description": "View the data transmission tunnels and client certificates used by the Cloud connector to communicate with back-end systems",
                "name": "Cloud Connector Auditor",
                "read_only": true,
                "role_template_name": "Cloud_Connector_Auditor",
                "scopes": [
                  {
                    "custom_grant_as_authority_to_apps": null,
                    "custom_granted_apps": null,
                    "description": "View information about the client certificates used by the Cloud Connector",
                    "grant_as_authority_to_apps": null,
                    "granted_apps": null,
                    "name": "connectivity!b7.readSCCCertificates"
                  },
                  {
                    "custom_grant_as_authority_to_apps": null,
                    "custom_granted_apps": null,
                    "description": "View the data transmission tunnels used by the Cloud connector to communicate with back-end systems",
                    "grant_as_authority_to_apps": null,
                    "granted_apps": null,
                    "name": "connectivity!b7.readSCCTunnels"
                  }
                ]
              },
              {
                "app_id": "sap-theming!b1757",
                "app_name": "sap-theming",
                "description": "Create, Edit and Delete custom themes including custom CSS",
                "name": "CustomCssEditor",
                "read_only": true,
                "role_template_name": "CustomCssEditor",
                "scopes": [
                  {
                    "custom_grant_as_authority_to_apps": null,
                    "custom_granted_apps": null,
                    "description": "Read access on custom themes",
                    "grant_as_authority_to_apps": null,
                    "granted_apps": null,
                    "name": "sap-theming!b1757.Read"
                  },
                  {
                    "custom_grant_as_authority_to_apps": null,
                    "custom_granted_apps": null,
                    "description": "Write access on custom themes",
                    "grant_as_authority_to_apps": null,
                    "granted_apps": null,
                    "name": "sap-theming!b1757.Write"
                  },
                  {
                    "custom_grant_as_authority_to_apps": null,
                    "custom_granted_apps": null,
                    "description": "Write custom CSS for custom themes",
                    "grant_as_authority_to_apps": null,
                    "granted_apps": null,
                    "name": "sap-theming!b1757.WriteCustomCss"
                  }
                ]
              },
              {
                "app_id": "destination-xsappname!b62",
                "app_name": "destination-xsappname",
                "description": "Manage destination configurations, certificates and signing keys for SAML assertions issued by the Destination service",
                "name": "Destination Administrator",
                "read_only": true,
                "role_template_name": "Destination_Administrator",
                "scopes": [
                  {
                    "custom_grant_as_authority_to_apps": null,
                    "custom_granted_apps": null,
                    "description": "Manage certificates on instance level",
                    "grant_as_authority_to_apps": null,
                    "granted_apps": null,
                    "name": "destination-xsappname!b62.instance.manageCertificate"
                  },
                  {
                    "custom_grant_as_authority_to_apps": null,
                    "custom_granted_apps": null,
                    "description": "Manage destinations on instance level",
                    "grant_as_authority_to_apps": null,
                    "granted_apps": null,
                    "name": "destination-xsappname!b62.instance.manageDestination"
                  },
                  {
                    "custom_grant_as_authority_to_apps": null,
                    "custom_granted_apps": null,
                    "description": "Read certificates on instance level",
                    "grant_as_authority_to_apps": null,
                    "granted_apps": null,
                    "name": "destination-xsappname!b62.instance.readCertificate"
                  },
                  {
                    "custom_grant_as_authority_to_apps": null,
                    "custom_granted_apps": null,
                    "description": "Read destinations on instance level",
                    "grant_as_authority_to_apps": null,
                    "granted_apps": null,
                    "name": "destination-xsappname!b62.instance.readDestination"
                  },
                  {
                    "custom_grant_as_authority_to_apps": null,
                    "custom_granted_apps": null,
                    "description": "Manage subaccount trust",
                    "grant_as_authority_to_apps": null,
                    "granted_apps": null,
                    "name": "destination-xsappname!b62.manageSubaccountTrust"
                  },
                  {
                    "custom_grant_as_authority_to_apps": null,
                    "custom_granted_apps": null,
                    "description": "Read subaccount trust",
                    "grant_as_authority_to_apps": null,
                    "granted_apps": null,
                    "name": "destination-xsappname!b62.readSubaccountTrust"
                  },
                  {
                    "custom_grant_as_authority_to_apps": null,
                    "custom_granted_apps": null,
                    "description": "Manage certificates on subaccount level",
                    "grant_as_authority_to_apps": null,
                    "granted_apps": null,
                    "name": "destination-xsappname!b62.subaccount.manageCertificate"
                  },
                  {
                    "custom_grant_as_authority_to_apps": null,
                    "custom_granted_apps": null,
                    "description": "Manage destinations on subaccount level",
                    "grant_as_authority_to_apps": null,
                    "granted_apps": null,
                    "name": "destination-xsappname!b62.subaccount.manageDestination"
                  },
                  {
                    "custom_grant_as_authority_to_apps": null,
                    "custom_granted_apps": null,
                    "description": "Read certificates on subaccount level",
                    "grant_as_authority_to_apps": null,
                    "granted_apps": null,
                    "name": "destination-xsappname!b62.subaccount.readCertificate"
                  },
                  {
                    "custom_grant_as_authority_to_apps": null,
                    "custom_granted_apps": null,
                    "description": "Read destinations on subaccount level",
                    "grant_as_authority_to_apps": null,
                    "granted_apps": null,
                    "name": "destination-xsappname!b62.subaccount.readDestination"
                  },
                  {
                    "custom_grant_as_authority_to_apps": null,
                    "custom_granted_apps": null,
                    "description": "Enable account navigation",
                    "grant_as_authority_to_apps": null,
                    "granted_apps": [
                      "*"
                    ],
                    "name": "xs_account.access"
                  }
                ]
              },
              {
                "app_id": "destination-xsappname!b62",
                "app_name": "destination-xsappname",
                "description": "Manage destination configurations, certificates and signing keys for SAML assertions issued by the Destination service on instance Level",
                "name": "Destination Administrator Instance",
                "read_only": true,
                "role_template_name": "Destination_Administrator_Instance",
                "scopes": [
                  {
                    "custom_grant_as_authority_to_apps": null,
                    "custom_granted_apps": null,
                    "description": "Manage certificates on instance level",
                    "grant_as_authority_to_apps": null,
                    "granted_apps": null,
                    "name": "destination-xsappname!b62.instance.manageCertificate"
                  },
                  {
                    "custom_grant_as_authority_to_apps": null,
                    "custom_granted_apps": null,
                    "description": "Manage destinations on instance level",
                    "grant_as_authority_to_apps": null,
                    "granted_apps": null,
                    "name": "destination-xsappname!b62.instance.manageDestination"
                  },
                  {
                    "custom_grant_as_authority_to_apps": null,
                    "custom_granted_apps": null,
                    "description": "Read certificates on instance level",
                    "grant_as_authority_to_apps": null,
                    "granted_apps": null,
                    "name": "destination-xsappname!b62.instance.readCertificate"
                  },
                  {
                    "custom_grant_as_authority_to_apps": null,
                    "custom_granted_apps": null,
                    "description": "Read destinations on instance level",
                    "grant_as_authority_to_apps": null,
                    "granted_apps": null,
                    "name": "destination-xsappname!b62.instance.readDestination"
                  },
                  {
                    "custom_grant_as_authority_to_apps": null,
                    "custom_granted_apps": null,
                    "description": "Enable account navigation",
                    "grant_as_authority_to_apps": null,
                    "granted_apps": [
                      "*"
                    ],
                    "name": "xs_account.access"
                  }
                ]
              },
              {
                "app_id": "destination-xsappname!b62",
                "app_name": "destination-xsappname",
                "description": "Manage destination certificates",
                "name": "Destination Certificate Administrator",
                "read_only": true,
                "role_template_name": "Destination_Certificate_Administrator",
                "scopes": [
                  {
                    "custom_grant_as_authority_to_apps": null,
                    "custom_granted_apps": null,
                    "description": "Manage certificates on instance level",
                    "grant_as_authority_to_apps": null,
                    "granted_apps": null,
                    "name": "destination-xsappname!b62.instance.manageCertificate"
                  },
                  {
                    "custom_grant_as_authority_to_apps": null,
                    "custom_granted_apps": null,
                    "description": "Read certificates on instance level",
                    "grant_as_authority_to_apps": null,
                    "granted_apps": null,
                    "name": "destination-xsappname!b62.instance.readCertificate"
                  },
                  {
                    "custom_grant_as_authority_to_apps": null,
                    "custom_granted_apps": null,
                    "description": "Manage certificates on subaccount level",
                    "grant_as_authority_to_apps": null,
                    "granted_apps": null,
                    "name": "destination-xsappname!b62.subaccount.manageCertificate"
                  },
                  {
                    "custom_grant_as_authority_to_apps": null,
                    "custom_granted_apps": null,
                    "description": "Read certificates on subaccount level",
                    "grant_as_authority_to_apps": null,
                    "granted_apps": null,
                    "name": "destination-xsappname!b62.subaccount.readCertificate"
                  },
                  {
                    "custom_grant_as_authority_to_apps": null,
                    "custom_granted_apps": null,
                    "description": "Enable account navigation",
                    "grant_as_authority_to_apps": null,
                    "granted_apps": [
                      "*"
                    ],
                    "name": "xs_account.access"
                  }
                ]
              },
              {
                "app_id": "destination-xsappname!b62",
                "app_name": "destination-xsappname",
                "description": "Manage destination certificates on instance level",
                "name": "Destination Certificate Instance Administrator",
                "read_only": true,
                "role_template_name": "Destination_Certificate_Instance_Administrator",
                "scopes": [
                  {
                    "custom_grant_as_authority_to_apps": null,
                    "custom_granted_apps": null,
                    "description": "Manage certificates on instance level",
                    "grant_as_authority_to_apps": null,
                    "granted_apps": null,
                    "name": "destination-xsappname!b62.instance.manageCertificate"
                  },
                  {
                    "custom_grant_as_authority_to_apps": null,
                    "custom_granted_apps": null,
                    "description": "Read certificates on instance level",
                    "grant_as_authority_to_apps": null,
                    "granted_apps": null,
                    "name": "destination-xsappname!b62.instance.readCertificate"
                  },
                  {
                    "custom_grant_as_authority_to_apps": null,
                    "custom_granted_apps": null,
                    "description": "Enable account navigation",
                    "grant_as_authority_to_apps": null,
                    "granted_apps": [
                      "*"
                    ],
                    "name": "xs_account.access"
                  }
                ]
              },
              {
                "app_id": "destination-xsappname!b62",
                "app_name": "destination-xsappname",
                "description": "View destination certificates on instance level",
                "name": "Destination Certificate Instance Viewer",
                "read_only": true,
                "role_template_name": "Destination_Certificate_Instance_Viewer",
                "scopes": [
                  {
                    "custom_grant_as_authority_to_apps": null,
                    "custom_granted_apps": null,
                    "description": "Read certificates on instance level",
                    "grant_as_authority_to_apps": null,
                    "granted_apps": null,
                    "name": "destination-xsappname!b62.instance.readCertificate"
                  },
                  {
                    "custom_grant_as_authority_to_apps": null,
                    "custom_granted_apps": null,
                    "description": "Enable account navigation",
                    "grant_as_authority_to_apps": null,
                    "granted_apps": [
                      "*"
                    ],
                    "name": "xs_account.access"
                  }
                ]
              },
              {
                "app_id": "destination-xsappname!b62",
                "app_name": "destination-xsappname",
                "description": "View destination certificates",
                "name": "Destination Certificate Viewer",
                "read_only": true,
                "role_template_name": "Destination_Certificate_Viewer",
                "scopes": [
                  {
                    "custom_grant_as_authority_to_apps": null,
                    "custom_granted_apps": null,
                    "description": "Read certificates on instance level",
                    "grant_as_authority_to_apps": null,
                    "granted_apps": null,
                    "name": "destination-xsappname!b62.instance.readCertificate"
                  },
                  {
                    "custom_grant_as_authority_to_apps": null,
                    "custom_granted_apps": null,
                    "description": "Read certificates on subaccount level",
                    "grant_as_authority_to_apps": null,
                    "granted_apps": null,
                    "name": "destination-xsappname!b62.subaccount.readCertificate"
                  },
                  {
                    "custom_grant_as_authority_to_apps": null,
                    "custom_granted_apps": null,
                    "description": "Enable account navigation",
                    "grant_as_authority_to_apps": null,
                    "granted_apps": [
                      "*"
                    ],
                    "name": "xs_account.access"
                  }
                ]
              },
              {
                "app_id": "destination-xsappname!b62",
                "app_name": "destination-xsappname",
                "description": "Manage destination configurations",
                "name": "Destination Configuration Administrator",
                "read_only": true,
                "role_template_name": "Destination_Configuration_Administrator",
                "scopes": [
                  {
                    "custom_grant_as_authority_to_apps": null,
                    "custom_granted_apps": null,
                    "description": "Manage destinations on instance level",
                    "grant_as_authority_to_apps": null,
                    "granted_apps": null,
                    "name": "destination-xsappname!b62.instance.manageDestination"
                  },
                  {
                    "custom_grant_as_authority_to_apps": null,
                    "custom_granted_apps": null,
                    "description": "Read destinations on instance level",
                    "grant_as_authority_to_apps": null,
                    "granted_apps": null,
                    "name": "destination-xsappname!b62.instance.readDestination"
                  },
                  {
                    "custom_grant_as_authority_to_apps": null,
                    "custom_granted_apps": null,
                    "description": "Manage destinations on subaccount level",
                    "grant_as_authority_to_apps": null,
                    "granted_apps": null,
                    "name": "destination-xsappname!b62.subaccount.manageDestination"
                  },
                  {
                    "custom_grant_as_authority_to_apps": null,
                    "custom_granted_apps": null,
                    "description": "Read destinations on subaccount level",
                    "grant_as_authority_to_apps": null,
                    "granted_apps": null,
                    "name": "destination-xsappname!b62.subaccount.readDestination"
                  },
                  {
                    "custom_grant_as_authority_to_apps": null,
                    "custom_granted_apps": null,
                    "description": "Enable account navigation",
                    "grant_as_authority_to_apps": null,
                    "granted_apps": [
                      "*"
                    ],
                    "name": "xs_account.access"
                  }
                ]
              },
              {
                "app_id": "destination-xsappname!b62",
                "app_name": "destination-xsappname",
                "description": "Manage destination configurations on instance level",
                "name": "Destination Configuration Instance Administrator",
                "read_only": true,
                "role_template_name": "Destination_Configuration_Instance_Administrator",
                "scopes": [
                  {
                    "custom_grant_as_authority_to_apps": null,
                    "custom_granted_apps": null,
                    "description": "Manage destinations on instance level",
                    "grant_as_authority_to_apps": null,
                    "granted_apps": null,
                    "name": "destination-xsappname!b62.instance.manageDestination"
                  },
                  {
                    "custom_grant_as_authority_to_apps": null,
                    "custom_granted_apps": null,
                    "description": "Read destinations on instance level",
                    "grant_as_authority_to_apps": null,
                    "granted_apps": null,
                    "name": "destination-xsappname!b62.instance.readDestination"
                  },
                  {
                    "custom_grant_as_authority_to_apps": null,
                    "custom_granted_apps": null,
                    "description": "Enable account navigation",
                    "grant_as_authority_to_apps": null,
                    "granted_apps": [
                      "*"
                    ],
                    "name": "xs_account.access"
                  }
                ]
              },
              {
                "app_id": "destination-xsappname!b62",
                "app_name": "destination-xsappname",
                "description": "View destination configurations on instance level",
                "name": "Destination Configuration Instance Viewer",
                "read_only": true,
                "role_template_name": "Destination_Configuration_Instance_Viewer",
                "scopes": [
                  {
                    "custom_grant_as_authority_to_apps": null,
                    "custom_granted_apps": null,
                    "description": "Read destinations on instance level",
                    "grant_as_authority_to_apps": null,
                    "granted_apps": null,
                    "name": "destination-xsappname!b62.instance.readDestination"
                  },
                  {
                    "custom_grant_as_authority_to_apps": null,
                    "custom_granted_apps": null,
                    "description": "Enable account navigation",
                    "grant_as_authority_to_apps": null,
                    "granted_apps": [
                      "*"
                    ],
                    "name": "xs_account.access"
                  }
                ]
              },
              {
                "app_id": "destination-xsappname!b62",
                "app_name": "destination-xsappname",
                "description": "View destination configurations",
                "name": "Destination Configuration Viewer",
                "read_only": true,
                "role_template_name": "Destination_Configuration_Viewer",
                "scopes": [
                  {
                    "custom_grant_as_authority_to_apps": null,
                    "custom_granted_apps": null,
                    "description": "Read destinations on instance level",
                    "grant_as_authority_to_apps": null,
                    "granted_apps": null,
                    "name": "destination-xsappname!b62.instance.readDestination"
                  },
                  {
                    "custom_grant_as_authority_to_apps": null,
                    "custom_granted_apps": null,
                    "description": "Read destinations on subaccount level",
                    "grant_as_authority_to_apps": null,
                    "granted_apps": null,
                    "name": "destination-xsappname!b62.subaccount.readDestination"
                  },
                  {
                    "custom_grant_as_authority_to_apps": null,
                    "custom_granted_apps": null,
                    "description": "Enable account navigation",
                    "grant_as_authority_to_apps": null,
                    "granted_apps": [
                      "*"
                    ],
                    "name": "xs_account.access"
                  }
                ]
              },
              {
                "app_id": "destination-xsappname!b62",
                "app_name": "destination-xsappname",
                "description": "Manage signing keys for SAML assertions issued by the Destination service",
                "name": "Destination Subaccount Trust Administrator",
                "read_only": true,
                "role_template_name": "Destination_Subaccount_Trust_Administrator",
                "scopes": [
                  {
                    "custom_grant_as_authority_to_apps": null,
                    "custom_granted_apps": null,
                    "description": "Manage subaccount trust",
                    "grant_as_authority_to_apps": null,
                    "granted_apps": null,
                    "name": "destination-xsappname!b62.manageSubaccountTrust"
                  },
                  {
                    "custom_grant_as_authority_to_apps": null,
                    "custom_granted_apps": null,
                    "description": "Read subaccount trust",
                    "grant_as_authority_to_apps": null,
                    "granted_apps": null,
                    "name": "destination-xsappname!b62.readSubaccountTrust"
                  },
                  {
                    "custom_grant_as_authority_to_apps": null,
                    "custom_granted_apps": null,
                    "description": "Enable account navigation",
                    "grant_as_authority_to_apps": null,
                    "granted_apps": [
                      "*"
                    ],
                    "name": "xs_account.access"
                  }
                ]
              },
              {
                "app_id": "destination-xsappname!b62",
                "app_name": "destination-xsappname",
                "description": "View signing keys for SAML assertions issued by the Destination service",
                "name": "Destination Subaccount Trust Viewer",
                "read_only": true,
                "role_template_name": "Destination_Subaccount_Trust_Viewer",
                "scopes": [
                  {
                    "custom_grant_as_authority_to_apps": null,
                    "custom_granted_apps": null,
                    "description": "Read subaccount trust",
                    "grant_as_authority_to_apps": null,
                    "granted_apps": null,
                    "name": "destination-xsappname!b62.readSubaccountTrust"
                  },
                  {
                    "custom_grant_as_authority_to_apps": null,
                    "custom_granted_apps": null,
                    "description": "Enable account navigation",
                    "grant_as_authority_to_apps": null,
                    "granted_apps": [
                      "*"
                    ],
                    "name": "xs_account.access"
                  }
                ]
              },
              {
                "app_id": "destination-xsappname!b62",
                "app_name": "destination-xsappname",
                "description": "View destination configurations, certificates and signing keys for SAML assertions issued by the Destination service",
                "name": "Destination Viewer",
                "read_only": true,
                "role_template_name": "Destination_Viewer",
                "scopes": [
                  {
                    "custom_grant_as_authority_to_apps": null,
                    "custom_granted_apps": null,
                    "description": "Read certificates on instance level",
                    "grant_as_authority_to_apps": null,
                    "granted_apps": null,
                    "name": "destination-xsappname!b62.instance.readCertificate"
                  },
                  {
                    "custom_grant_as_authority_to_apps": null,
                    "custom_granted_apps": null,
                    "description": "Read destinations on instance level",
                    "grant_as_authority_to_apps": null,
                    "granted_apps": null,
                    "name": "destination-xsappname!b62.instance.readDestination"
                  },
                  {
                    "custom_grant_as_authority_to_apps": null,
                    "custom_granted_apps": null,
                    "description": "Read subaccount trust",
                    "grant_as_authority_to_apps": null,
                    "granted_apps": null,
                    "name": "destination-xsappname!b62.readSubaccountTrust"
                  },
                  {
                    "custom_grant_as_authority_to_apps": null,
                    "custom_granted_apps": null,
                    "description": "Read certificates on subaccount level",
                    "grant_as_authority_to_apps": null,
                    "granted_apps": null,
                    "name": "destination-xsappname!b62.subaccount.readCertificate"
                  },
                  {
                    "custom_grant_as_authority_to_apps": null,
                    "custom_granted_apps": null,
                    "description": "Read destinations on subaccount level",
                    "grant_as_authority_to_apps": null,
                    "granted_apps": null,
                    "name": "destination-xsappname!b62.subaccount.readDestination"
                  },
                  {
                    "custom_grant_as_authority_to_apps": null,
                    "custom_granted_apps": null,
                    "description": "Enable account navigation",
                    "grant_as_authority_to_apps": null,
                    "granted_apps": [
                      "*"
                    ],
                    "name": "xs_account.access"
                  }
                ]
              },
              {
                "app_id": "destination-xsappname!b62",
                "app_name": "destination-xsappname",
                "description": "View destination configurations, certificates and signing keys for SAML assertions issued by the Destination service on instance level",
                "name": "Destination Viewer Instance",
                "read_only": true,
                "role_template_name": "Destination_Viewer_Instance",
                "scopes": [
                  {
                    "custom_grant_as_authority_to_apps": null,
                    "custom_granted_apps": null,
                    "description": "Read certificates on instance level",
                    "grant_as_authority_to_apps": null,
                    "granted_apps": null,
                    "name": "destination-xsappname!b62.instance.readCertificate"
                  },
                  {
                    "custom_grant_as_authority_to_apps": null,
                    "custom_granted_apps": null,
                    "description": "Read destinations on instance level",
                    "grant_as_authority_to_apps": null,
                    "granted_apps": null,
                    "name": "destination-xsappname!b62.instance.readDestination"
                  },
                  {
                    "custom_grant_as_authority_to_apps": null,
                    "custom_granted_apps": null,
                    "description": "Enable account navigation",
                    "grant_as_authority_to_apps": null,
                    "granted_apps": [
                      "*"
                    ],
                    "name": "xs_account.access"
                  }
                ]
              },
              {
                "app_id": "us10-app-studio!t5804",
                "app_name": "us10-app-studio",
                "description": "Allows developers to load and develop applications using SAP Business Application Studio.",
                "name": "Developer",
                "read_only": true,
                "role_template_name": "Business_Application_Studio_Developer",
                "scopes": [
                  {
                    "custom_grant_as_authority_to_apps": null,
                    "custom_granted_apps": null,
                    "description": "Default scope for user",
                    "grant_as_authority_to_apps": null,
                    "granted_apps": [
                      "*",
                      "xs_user"
                    ],
                    "name": "uaa.user"
                  },
                  {
                    "custom_grant_as_authority_to_apps": null,
                    "custom_granted_apps": null,
                    "description": "SAP Business Application Studio Execute permissions",
                    "grant_as_authority_to_apps": null,
                    "granted_apps": null,
                    "name": "us10-app-studio!t5804.Execute"
                  },
                  {
                    "custom_grant_as_authority_to_apps": null,
                    "custom_granted_apps": null,
                    "description": "SAP Business Application Studio Read permissions",
                    "grant_as_authority_to_apps": null,
                    "granted_apps": null,
                    "name": "us10-app-studio!t5804.Read"
                  },
                  {
                    "custom_grant_as_authority_to_apps": null,
                    "custom_granted_apps": null,
                    "description": "SAP Business Application Studio Write permissions",
                    "grant_as_authority_to_apps": null,
                    "granted_apps": null,
                    "name": "us10-app-studio!t5804.Write"
                  }
                ]
              },
              {
                "app_id": "us10-app-studio-service!b5804",
                "app_name": "us10-app-studio-service",
                "description": "Allows developers to load and develop applications using SAP Business Application Studio service.",
                "name": "Developer",
                "read_only": true,
                "role_template_name": "BAS_Service_Developer",
                "scopes": [
                  {
                    "custom_grant_as_authority_to_apps": null,
                    "custom_granted_apps": null,
                    "description": "Default scope for user",
                    "grant_as_authority_to_apps": null,
                    "granted_apps": [
                      "*",
                      "xs_user"
                    ],
                    "name": "uaa.user"
                  },
                  {
                    "custom_grant_as_authority_to_apps": null,
                    "custom_granted_apps": null,
                    "description": "SAP Business Application Studio service Execute permissions",
                    "grant_as_authority_to_apps": null,
                    "granted_apps": null,
                    "name": "us10-app-studio-service!b5804.Execute"
                  },
                  {
                    "custom_grant_as_authority_to_apps": null,
                    "custom_granted_apps": null,
                    "description": "SAP Business Application Studio service Read permissions",
                    "grant_as_authority_to_apps": null,
                    "granted_apps": null,
                    "name": "us10-app-studio-service!b5804.Read"
                  },
                  {
                    "custom_grant_as_authority_to_apps": null,
                    "custom_granted_apps": null,
                    "description": "SAP Business Application Studio service Write permissions",
                    "grant_as_authority_to_apps": null,
                    "granted_apps": null,
                    "name": "us10-app-studio-service!b5804.Write"
                  }
                ]
              },
              {
                "app_id": "dox-xsuaa-std-production!b9505",
                "app_name": "dox-xsuaa-std-production",
                "description": "Allows the dox_client_id attribute to be added to users to restrict access to specified clients.",
                "name": "Document_Information_Extraction_Attr_Dox_Client_Id",
                "read_only": true,
                "role_template_name": "Document_Information_Extraction_Attr_Dox_Client_Id",
                "scopes": [
                  {
                    "custom_grant_as_authority_to_apps": null,
                    "custom_granted_apps": null,
                    "description": "Scope to be placed in user-based tokens",
                    "grant_as_authority_to_apps": null,
                    "granted_apps": null,
                    "name": "dox-xsuaa-std-production!b9505.userscope"
                  }
                ]
              },
              {
                "app_id": "dox-xsuaa-std-production!b9505",
                "app_name": "dox-xsuaa-std-production",
                "description": "Allows end users to read documents in the UI application.",
                "name": "Document_Information_Extraction_UI_Document_Viewer",
                "read_only": true,
                "role_template_name": "Document_Information_Extraction_UI_Document_Viewer",
                "scopes": [
                  {
                    "custom_grant_as_authority_to_apps": null,
                    "custom_granted_apps": null,
                    "description": "Scope to be placed in all role user UI user tokens for reading capabilities.",
                    "grant_as_authority_to_apps": null,
                    "granted_apps": null,
                    "name": "dox-xsuaa-std-production!b9505.capabilities.read"
                  },
                  {
                    "custom_grant_as_authority_to_apps": null,
                    "custom_granted_apps": null,
                    "description": "Scope to be placed in all role user UI user tokens for reading clients.",
                    "grant_as_authority_to_apps": null,
                    "granted_apps": null,
                    "name": "dox-xsuaa-std-production!b9505.client.read"
                  },
                  {
                    "custom_grant_as_authority_to_apps": null,
                    "custom_granted_apps": null,
                    "description": "Scope to be placed in user-based tokens for reading documents",
                    "grant_as_authority_to_apps": null,
                    "granted_apps": null,
                    "name": "dox-xsuaa-std-production!b9505.document.read"
                  },
                  {
                    "custom_grant_as_authority_to_apps": null,
                    "custom_granted_apps": null,
                    "description": "Scope to be placed in user-based tokens",
                    "grant_as_authority_to_apps": null,
                    "granted_apps": null,
                    "name": "dox-xsuaa-std-production!b9505.userscope"
                  }
                ]
              },
              {
                "app_id": "dox-xsuaa-std-production!b9505",
                "app_name": "dox-xsuaa-std-production",
                "description": "Allows end users to consume the UI application.",
                "name": "Document_Information_Extraction_UI_End_User",
                "read_only": true,
                "role_template_name": "Document_Information_Extraction_UI_End_User",
                "scopes": [
                  {
                    "custom_grant_as_authority_to_apps": null,
                    "custom_granted_apps": null,
                    "description": "Scope to be placed in all role user UI user tokens for reading capabilities.",
                    "grant_as_authority_to_apps": null,
                    "granted_apps": null,
                    "name": "dox-xsuaa-std-production!b9505.capabilities.read"
                  },
                  {
                    "custom_grant_as_authority_to_apps": null,
                    "custom_granted_apps": null,
                    "description": "Scope to be placed in all role user UI user tokens for reading clients.",
                    "grant_as_authority_to_apps": null,
                    "granted_apps": null,
                    "name": "dox-xsuaa-std-production!b9505.client.read"
                  },
                  {
                    "custom_grant_as_authority_to_apps": null,
                    "custom_granted_apps": null,
                    "description": "Scope to be placed in all role user UI user tokens for reading configuration.",
                    "grant_as_authority_to_apps": null,
                    "granted_apps": null,
                    "name": "dox-xsuaa-std-production!b9505.config.read"
                  },
                  {
                    "custom_grant_as_authority_to_apps": null,
                    "custom_granted_apps": null,
                    "description": "Scope to be placed in user-based tokens for reading documents",
                    "grant_as_authority_to_apps": null,
                    "granted_apps": null,
                    "name": "dox-xsuaa-std-production!b9505.document.read"
                  },
                  {
                    "custom_grant_as_authority_to_apps": null,
                    "custom_granted_apps": null,
                    "description": "Scope to be placed in user-based tokens for writing documents",
                    "grant_as_authority_to_apps": null,
                    "granted_apps": null,
                    "name": "dox-xsuaa-std-production!b9505.document.write"
                  },
                  {
                    "custom_grant_as_authority_to_apps": null,
                    "custom_granted_apps": null,
                    "description": "Scope to be placed in user-based tokens for reading schemas",
                    "grant_as_authority_to_apps": null,
                    "granted_apps": null,
                    "name": "dox-xsuaa-std-production!b9505.schema.read"
                  },
                  {
                    "custom_grant_as_authority_to_apps": null,
                    "custom_granted_apps": null,
                    "description": "Scope to be placed in user-based tokens for reading templates",
                    "grant_as_authority_to_apps": null,
                    "granted_apps": null,
                    "name": "dox-xsuaa-std-production!b9505.template.read"
                  },
                  {
                    "custom_grant_as_authority_to_apps": null,
                    "custom_granted_apps": null,
                    "description": "Scope to be placed in user-based tokens",
                    "grant_as_authority_to_apps": null,
                    "granted_apps": null,
                    "name": "dox-xsuaa-std-production!b9505.userscope"
                  }
                ]
              },
              {
                "app_id": "dox-xsuaa-std-production!b9505",
                "app_name": "dox-xsuaa-std-production",
                "description": "Allows end users to manage the template and schema lifecycle using the UI application.",
                "name": "Document_Information_Extraction_UI_Templates_Admin",
                "read_only": true,
                "role_template_name": "Document_Information_Extraction_UI_Templates_Admin",
                "scopes": [
                  {
                    "custom_grant_as_authority_to_apps": null,
                    "custom_granted_apps": null,
                    "description": "Scope to be placed in all role user UI user tokens for reading capabilities.",
                    "grant_as_authority_to_apps": null,
                    "granted_apps": null,
                    "name": "dox-xsuaa-std-production!b9505.capabilities.read"
                  },
                  {
                    "custom_grant_as_authority_to_apps": null,
                    "custom_granted_apps": null,
                    "description": "Scope to be placed in all role user UI user tokens for reading clients.",
                    "grant_as_authority_to_apps": null,
                    "granted_apps": null,
                    "name": "dox-xsuaa-std-production!b9505.client.read"
                  },
                  {
                    "custom_grant_as_authority_to_apps": null,
                    "custom_granted_apps": null,
                    "description": "Scope to be placed in all role user UI user tokens for reading configuration.",
                    "grant_as_authority_to_apps": null,
                    "granted_apps": null,
                    "name": "dox-xsuaa-std-production!b9505.config.read"
                  },
                  {
                    "custom_grant_as_authority_to_apps": null,
                    "custom_granted_apps": null,
                    "description": "Scope to be placed in admin and template admin role UI user tokens for exporting data.",
                    "grant_as_authority_to_apps": null,
                    "granted_apps": null,
                    "name": "dox-xsuaa-std-production!b9505.data-export.read"
                  },
                  {
                    "custom_grant_as_authority_to_apps": null,
                    "custom_granted_apps": null,
                    "description": "Scope to be placed in admin and template admin role UI user tokens for creating an export job.",
                    "grant_as_authority_to_apps": null,
                    "granted_apps": null,
                    "name": "dox-xsuaa-std-production!b9505.data-export.write"
                  },
                  {
                    "custom_grant_as_authority_to_apps": null,
                    "custom_granted_apps": null,
                    "description": "Scope to be placed in user-based tokens for reading documents",
                    "grant_as_authority_to_apps": null,
                    "granted_apps": null,
                    "name": "dox-xsuaa-std-production!b9505.document.read"
                  },
                  {
                    "custom_grant_as_authority_to_apps": null,
                    "custom_granted_apps": null,
                    "description": "Scope to be placed in user-based tokens for writing documents",
                    "grant_as_authority_to_apps": null,
                    "granted_apps": null,
                    "name": "dox-xsuaa-std-production!b9505.document.write"
                  },
                  {
                    "custom_grant_as_authority_to_apps": null,
                    "custom_granted_apps": null,
                    "description": "Scope to be placed in user-based tokens for reading schemas",
                    "grant_as_authority_to_apps": null,
                    "granted_apps": null,
                    "name": "dox-xsuaa-std-production!b9505.schema.read"
                  },
                  {
                    "custom_grant_as_authority_to_apps": null,
                    "custom_granted_apps": null,
                    "description": "Scope to be placed in user-based tokens for writing schemas",
                    "grant_as_authority_to_apps": null,
                    "granted_apps": null,
                    "name": "dox-xsuaa-std-production!b9505.schema.write"
                  },
                  {
                    "custom_grant_as_authority_to_apps": null,
                    "custom_granted_apps": null,
                    "description": "Scope to be placed in user-based tokens for reading templates",
                    "grant_as_authority_to_apps": null,
                    "granted_apps": null,
                    "name": "dox-xsuaa-std-production!b9505.template.read"
                  },
                  {
                    "custom_grant_as_authority_to_apps": null,
                    "custom_granted_apps": null,
                    "description": "Scope to be placed in user-based tokens for writing templates",
                    "grant_as_authority_to_apps": null,
                    "granted_apps": null,
                    "name": "dox-xsuaa-std-production!b9505.template.write"
                  },
                  {
                    "custom_grant_as_authority_to_apps": null,
                    "custom_granted_apps": null,
                    "description": "TODO: Add to future endpoints. Scope to be placed in admin and template admin role UI user tokens for reading training data.",
                    "grant_as_authority_to_apps": null,
                    "granted_apps": null,
                    "name": "dox-xsuaa-std-production!b9505.training-data.read"
                  },
                  {
                    "custom_grant_as_authority_to_apps": null,
                    "custom_granted_apps": null,
                    "description": "TODO: Add to future endpoints. Scope to be placed in admin and template admin role UI user tokens for writing training data.",
                    "grant_as_authority_to_apps": null,
                    "granted_apps": null,
                    "name": "dox-xsuaa-std-production!b9505.training-data.write"
                  },
                  {
                    "custom_grant_as_authority_to_apps": null,
                    "custom_granted_apps": null,
                    "description": "Scope to be placed in user-based tokens",
                    "grant_as_authority_to_apps": null,
                    "granted_apps": null,
                    "name": "dox-xsuaa-std-production!b9505.userscope"
                  }
                ]
              },
              {
                "app_id": "portal-cf-service!b1483",
                "app_name": "portal-cf-service",
                "description": "Domain Access Manager",
                "name": "Domain_Access_Manager",
                "read_only": true,
                "role_template_name": "Domain_Access_Manager",
                "scopes": [
                  {
                    "custom_grant_as_authority_to_apps": null,
                    "custom_granted_apps": null,
                    "description": "Domain Access Manager",
                    "grant_as_authority_to_apps": null,
                    "granted_apps": null,
                    "name": "portal-cf-service!b1483.DomainAccessManager"
                  }
                ]
              },
              {
                "app_id": "sap-theming!b1757",
                "app_name": "sap-theming",
                "description": "Create, Edit and Delete custom themes excluding custom CSS",
                "name": "Editor",
                "read_only": true,
                "role_template_name": "Editor",
                "scopes": [
                  {
                    "custom_grant_as_authority_to_apps": null,
                    "custom_granted_apps": null,
                    "description": "Read access on custom themes",
                    "grant_as_authority_to_apps": null,
                    "granted_apps": null,
                    "name": "sap-theming!b1757.Read"
                  },
                  {
                    "custom_grant_as_authority_to_apps": null,
                    "custom_granted_apps": null,
                    "description": "Write access on custom themes",
                    "grant_as_authority_to_apps": null,
                    "granted_apps": null,
                    "name": "sap-theming!b1757.Write"
                  }
                ]
              },
              {
                "app_id": "unattended-rt!b132026",
                "app_name": "unattended-rt",
                "description": "Events service administrator",
                "name": "EventsAdmin",
                "read_only": true,
                "role_template_name": "EventsAdmin",
                "scopes": [
                  {
                    "custom_grant_as_authority_to_apps": null,
                    "custom_granted_apps": null,
                    "description": "With this scope, all incoming events (including their payload) can be read / downloaded.",
                    "grant_as_authority_to_apps": null,
                    "granted_apps": null,
                    "name": "unattended-rt!b132026.Events.Monitoring"
                  },
                  {
                    "custom_grant_as_authority_to_apps": null,
                    "custom_granted_apps": null,
                    "description": "With this scope, a event trigger can be created/updated/deleted/enabled/disabled.",
                    "grant_as_authority_to_apps": null,
                    "granted_apps": null,
                    "name": "unattended-rt!b132026.Events.TriggerModify"
                  },
                  {
                    "custom_grant_as_authority_to_apps": null,
                    "custom_granted_apps": null,
                    "description": "With this scope, all event triggers or a particular event trigger can be retrieved.",
                    "grant_as_authority_to_apps": null,
                    "granted_apps": null,
                    "name": "unattended-rt!b132026.Events.TriggerRead"
                  },
                  {
                    "custom_grant_as_authority_to_apps": null,
                    "custom_granted_apps": null,
                    "description": "With this scope, a event trigger can be executed now.",
                    "grant_as_authority_to_apps": null,
                    "granted_apps": null,
                    "name": "unattended-rt!b132026.Events.TriggerRun"
                  }
                ]
              },
              {
                "app_id": "unattended-rt!b132026",
                "app_name": "unattended-rt",
                "description": "Events service developer",
                "name": "EventsDeveloper",
                "read_only": true,
                "role_template_name": "EventsDeveloper",
                "scopes": [
                  {
                    "custom_grant_as_authority_to_apps": null,
                    "custom_granted_apps": null,
                    "description": "With this scope, a event trigger can be created/updated/deleted/enabled/disabled.",
                    "grant_as_authority_to_apps": null,
                    "granted_apps": null,
                    "name": "unattended-rt!b132026.Events.TriggerModify"
                  },
                  {
                    "custom_grant_as_authority_to_apps": null,
                    "custom_granted_apps": null,
                    "description": "With this scope, all event triggers or a particular event trigger can be retrieved.",
                    "grant_as_authority_to_apps": null,
                    "granted_apps": null,
                    "name": "unattended-rt!b132026.Events.TriggerRead"
                  },
                  {
                    "custom_grant_as_authority_to_apps": null,
                    "custom_granted_apps": null,
                    "description": "With this scope, a event trigger can be executed now.",
                    "grant_as_authority_to_apps": null,
                    "granted_apps": null,
                    "name": "unattended-rt!b132026.Events.TriggerRun"
                  }
                ]
              },
              {
                "app_id": "xsuaa!b49390",
                "app_name": "xsuaa",
                "description": "Expert User",
                "name": "ExpertUser",
                "read_only": true,
                "role_template_name": "ExpertUser",
                "scopes": [
                  {
                    "custom_grant_as_authority_to_apps": null,
                    "custom_granted_apps": null,
                    "description": "Marker scope for expert users.",
                    "grant_as_authority_to_apps": null,
                    "granted_apps": null,
                    "name": "xsuaa!b49390.SPA_EXPERT_USER"
                  }
                ]
              },
              {
                "app_id": "us10-app-studio!t5804",
                "app_name": "us10-app-studio",
                "description": "Allows extension developers to deploy simple extensions.",
                "name": "Extension deployer",
                "read_only": true,
                "role_template_name": "Business_Application_Studio_Extension_Deployer",
                "scopes": [
                  {
                    "custom_grant_as_authority_to_apps": null,
                    "custom_granted_apps": null,
                    "description": "With this scope, you can deploy extensions via deployment API",
                    "grant_as_authority_to_apps": null,
                    "granted_apps": null,
                    "name": "us10-app-studio!t5804.ExtensionDeploy"
                  }
                ]
              },
              {
                "app_id": "us10-app-studio-service!b5804",
                "app_name": "us10-app-studio-service",
                "description": "Allows extension developers to deploy simple extensions.",
                "name": "Extension deployer",
                "read_only": true,
                "role_template_name": "BAS_Service_Extension_Deployer",
                "scopes": [
                  {
                    "custom_grant_as_authority_to_apps": null,
                    "custom_granted_apps": null,
                    "description": "With this scope, you can deploy extensions via deployment API",
                    "grant_as_authority_to_apps": null,
                    "granted_apps": null,
                    "name": "us10-app-studio-service!b5804.ExtensionDeploy"
                  }
                ]
              },
              {
                "app_id": "portal-cf-service!b1483",
                "app_name": "portal-cf-service",
                "description": "Authenticated users who are external to a customers organization (customers, partners and consumers).",
                "name": "EXTERNAL_PORTAL_USER",
                "read_only": true,
                "role_template_name": "EXTERNAL_PORTAL_USER",
                "scopes": [
                  {
                    "custom_grant_as_authority_to_apps": null,
                    "custom_granted_apps": null,
                    "description": "External User",
                    "grant_as_authority_to_apps": null,
                    "granted_apps": null,
                    "name": "portal-cf-service!b1483.ExternalUser"
                  }
                ]
              },
              {
                "app_id": "portal-cf-service!b1483",
                "app_name": "portal-cf-service",
                "description": "Authenticated users who are external to a customers organization (customers, partners and consumers).",
                "name": "External_User",
                "read_only": true,
                "role_template_name": "External_User",
                "scopes": [
                  {
                    "custom_grant_as_authority_to_apps": null,
                    "custom_granted_apps": null,
                    "description": "External User",
                    "grant_as_authority_to_apps": null,
                    "granted_apps": null,
                    "name": "portal-cf-service!b1483.ExternalUser"
                  }
                ]
              },
              {
                "app_id": "ui5-flexibility-keyuser!b1751",
                "app_name": "ui5-flexibility-keyuser",
                "description": "UI5 Flexibility Key User Role Template",
                "name": "FlexKeyUser",
                "read_only": true,
                "role_template_name": "FlexKeyUser",
                "scopes": [
                  {
                    "custom_grant_as_authority_to_apps": null,
                    "custom_granted_apps": null,
                    "description": "UI5 Flexibility Key User Scope",
                    "grant_as_authority_to_apps": null,
                    "granted_apps": null,
                    "name": "ui5-flexibility-keyuser!b1751.KEYUSER"
                  },
                  {
                    "custom_grant_as_authority_to_apps": null,
                    "custom_granted_apps": null,
                    "description": "Read permission for XS roles and role collections",
                    "grant_as_authority_to_apps": [
                      "cam-integration!t8",
                      "cis-central!b4",
                      "cis-local!b4",
                      "sapcloudalm!b96926",
                      "spc-integration!t8"
                    ],
                    "granted_apps": [
                      "*"
                    ],
                    "name": "xs_authorization.read"
                  }
                ]
              },
              {
                "app_id": "ui5-flexibility-keyuser!b1751",
                "app_name": "ui5-flexibility-keyuser",
                "description": "Flex Operator",
                "name": "FlexOperator",
                "read_only": true,
                "role_template_name": "FlexOperator",
                "scopes": [
                  {
                    "custom_grant_as_authority_to_apps": null,
                    "custom_granted_apps": null,
                    "description": "Flex Operator Scope",
                    "grant_as_authority_to_apps": null,
                    "granted_apps": null,
                    "name": "ui5-flexibility-keyuser!b1751.FLEXOPERATOR"
                  }
                ]
              },
              {
                "app_id": "ui5-flexibility-personalization!b1751",
                "app_name": "ui5-flexibility-personalization",
                "description": "Flex Operator",
                "name": "FlexOperator",
                "read_only": true,
                "role_template_name": "FlexOperator",
                "scopes": [
                  {
                    "custom_grant_as_authority_to_apps": null,
                    "custom_granted_apps": null,
                    "description": "Flex Operator Scope",
                    "grant_as_authority_to_apps": null,
                    "granted_apps": null,
                    "name": "ui5-flexibility-personalization!b1751.FLEXOPERATOR"
                  }
                ]
              },
              {
                "app_id": "ui5-flexibility-keyuser!b1751",
                "app_name": "ui5-flexibility-keyuser",
                "description": "UI5 Flexibility Public View Editor Role Template",
                "name": "FlexPublicViewEditor",
                "read_only": true,
                "role_template_name": "FlexPublicViewEditor",
                "scopes": [
                  {
                    "custom_grant_as_authority_to_apps": null,
                    "custom_granted_apps": null,
                    "description": "UI5 Flexibility Flex Public View Editor User Scope",
                    "grant_as_authority_to_apps": null,
                    "granted_apps": null,
                    "name": "ui5-flexibility-keyuser!b1751.FLEXPUBLICVIEWEDITOR"
                  },
                  {
                    "custom_grant_as_authority_to_apps": null,
                    "custom_granted_apps": null,
                    "description": "Read permission for XS roles and role collections",
                    "grant_as_authority_to_apps": [
                      "cam-integration!t8",
                      "cis-central!b4",
                      "cis-local!b4",
                      "sapcloudalm!b96926",
                      "spc-integration!t8"
                    ],
                    "granted_apps": [
                      "*"
                    ],
                    "name": "xs_authorization.read"
                  }
                ]
              },
              {
                "app_id": "xsuaa!b49390",
                "app_name": "xsuaa",
                "description": "The role that will be needed to do data export for forms.",
                "name": "FormsAdmin",
                "read_only": true,
                "role_template_name": "FormsAdmin",
                "scopes": [
                  {
                    "custom_grant_as_authority_to_apps": null,
                    "custom_granted_apps": null,
                    "description": "Allows users to export all their tenant's data from forms-runtime-db according to O\u0026S 3-8.",
                    "grant_as_authority_to_apps": null,
                    "granted_apps": null,
                    "name": "xsuaa!b49390.FormsDataExport"
                  }
                ]
              },
              {
                "app_id": "xsuaa!b49390",
                "app_name": "xsuaa",
                "description": "The role needed for .",
                "name": "FormsDeveloper",
                "read_only": true,
                "role_template_name": "FormsDeveloper",
                "scopes": [
                  {
                    "custom_grant_as_authority_to_apps": null,
                    "custom_granted_apps": null,
                    "description": "Grants users rights to read form artifacts. Note: not enforced yet",
                    "grant_as_authority_to_apps": null,
                    "granted_apps": null,
                    "name": "xsuaa!b49390.ReadFormDesignTimeArtifacts"
                  },
                  {
                    "custom_grant_as_authority_to_apps": null,
                    "custom_granted_apps": null,
                    "description": "Grants users rights to create and modify form artifacts. Note: not enforced yet",
                    "grant_as_authority_to_apps": null,
                    "granted_apps": null,
                    "name": "xsuaa!b49390.WriteFormDesignTimeArtifacts"
                  }
                ]
              },
              {
                "app_id": "xsuaa!b49390",
                "app_name": "xsuaa",
                "description": "The role that uses forms to complete user tasks and trigger processes via a trigger form.",
                "name": "FormsParticipant",
                "read_only": true,
                "role_template_name": "FormsParticipant",
                "scopes": [
                  {
                    "custom_grant_as_authority_to_apps": null,
                    "custom_granted_apps": null,
                    "description": "Grants users rights to execute value help functions and retrieve the data to be shown in dorpdowns.",
                    "grant_as_authority_to_apps": null,
                    "granted_apps": null,
                    "name": "xsuaa!b49390.ExecuteFormsValueHelp"
                  },
                  {
                    "custom_grant_as_authority_to_apps": null,
                    "custom_granted_apps": null,
                    "description": "Grants users rights to read deployed form descriptors, including which was the latest of a package and such.",
                    "grant_as_authority_to_apps": null,
                    "granted_apps": null,
                    "name": "xsuaa!b49390.ReadDeployedForms"
                  },
                  {
                    "custom_grant_as_authority_to_apps": null,
                    "custom_granted_apps": null,
                    "description": "Grants users rights to upload documents to customer provided document management service.",
                    "grant_as_authority_to_apps": null,
                    "granted_apps": null,
                    "name": "xsuaa!b49390.UploadFormsDocuments"
                  }
                ]
              },
              {
                "app_id": "xsuaa-mobileprod_mobileprod-mobileprod!b610",
                "app_name": "xsuaa-mobileprod_mobileprod-mobileprod",
                "description": "Users who can push to all users in one call.",
                "name": "FullPushUser",
                "read_only": true,
                "role_template_name": "FullPushUser",
                "scopes": [
                  {
                    "custom_grant_as_authority_to_apps": null,
                    "custom_granted_apps": null,
                    "description": "Push to all",
                    "grant_as_authority_to_apps": null,
                    "granted_apps": null,
                    "name": "xsuaa-mobileprod_mobileprod-mobileprod!b610.push_all"
                  },
                  {
                    "custom_grant_as_authority_to_apps": null,
                    "custom_granted_apps": null,
                    "description": "Push to multiple",
                    "grant_as_authority_to_apps": null,
                    "granted_apps": null,
                    "name": "xsuaa-mobileprod_mobileprod-mobileprod!b610.push_multiple"
                  },
                  {
                    "custom_grant_as_authority_to_apps": null,
                    "custom_granted_apps": null,
                    "description": "Get push registrations",
                    "grant_as_authority_to_apps": null,
                    "granted_apps": null,
                    "name": "xsuaa-mobileprod_mobileprod-mobileprod!b610.pushregistrations_read"
                  },
                  {
                    "custom_grant_as_authority_to_apps": null,
                    "custom_granted_apps": null,
                    "description": "Push to single",
                    "grant_as_authority_to_apps": null,
                    "granted_apps": null,
                    "name": "xsuaa-mobileprod_mobileprod-mobileprod!b610.push_single"
                  }
                ]
              },
              {
                "app_id": "xsuaa-mobileprod_mobileprod-mobileprod!b610",
                "app_name": "xsuaa-mobileprod_mobileprod-mobileprod",
                "description": "Users who can view configuration.",
                "name": "Helpdesk",
                "read_only": true,
                "role_template_name": "Helpdesk",
                "scopes": [
                  {
                    "custom_grant_as_authority_to_apps": null,
                    "custom_granted_apps": null,
                    "description": "Get configuration from business user",
                    "grant_as_authority_to_apps": null,
                    "granted_apps": null,
                    "name": "xsuaa-mobileprod_mobileprod-mobileprod!b610.admin_read"
                  },
                  {
                    "custom_grant_as_authority_to_apps": null,
                    "custom_granted_apps": null,
                    "description": "Read uploaded Client Logs",
                    "grant_as_authority_to_apps": null,
                    "granted_apps": null,
                    "name": "xsuaa-mobileprod_mobileprod-mobileprod!b610.clientlog_read"
                  },
                  {
                    "custom_grant_as_authority_to_apps": null,
                    "custom_granted_apps": null,
                    "description": "Get push registrations",
                    "grant_as_authority_to_apps": null,
                    "granted_apps": null,
                    "name": "xsuaa-mobileprod_mobileprod-mobileprod!b610.pushregistrations_read"
                  }
                ]
              },
              {
                "app_id": "sapmlirpa--irpa--production--uaa-service-broker!b1999",
                "app_name": "sapmlirpa--irpa--production--uaa-service-broker",
                "description": "Default instance",
                "name": "IRPAAgentUser",
                "read_only": true,
                "role_template_name": "IRPAAgentUser",
                "scopes": [
                  {
                    "custom_grant_as_authority_to_apps": null,
                    "custom_granted_apps": null,
                    "description": "",
                    "grant_as_authority_to_apps": null,
                    "granted_apps": [
                      "sapmlirpa--irpa--production--uaa-service-broker!b1999"
                    ],
                    "name": "sapmlirpa--irpa--production--uaa-ipa!t1999.irpa_agent-register"
                  },
                  {
                    "custom_grant_as_authority_to_apps": null,
                    "custom_granted_apps": null,
                    "description": "",
                    "grant_as_authority_to_apps": null,
                    "granted_apps": [
                      "sapmlirpa--irpa--production--uaa-service-broker!b1999"
                    ],
                    "name": "sapmlirpa--irpa--production--uaa-ipa!t1999.IRPAAgentUser"
                  },
                  {
                    "custom_grant_as_authority_to_apps": null,
                    "custom_granted_apps": null,
                    "description": "Default scope for user",
                    "grant_as_authority_to_apps": null,
                    "granted_apps": [
                      "*",
                      "xs_user"
                    ],
                    "name": "uaa.user"
                  }
                ]
              },
              {
                "app_id": "sapmlirpa--irpa--production--uaa-service-broker!b1999",
                "app_name": "sapmlirpa--irpa--production--uaa-service-broker",
                "description": "Default instance",
                "name": "IRPAOfficer",
                "read_only": true,
                "role_template_name": "IRPAOfficer",
                "scopes": [
                  {
                    "custom_grant_as_authority_to_apps": null,
                    "custom_granted_apps": null,
                    "description": "",
                    "grant_as_authority_to_apps": null,
                    "granted_apps": [
                      "sapmlirpa--irpa--production--uaa-service-broker!b1999"
                    ],
                    "name": "sapmlirpa--irpa--production--uaa-ipa!t1999.irpa_agent-register"
                  },
                  {
                    "custom_grant_as_authority_to_apps": null,
                    "custom_granted_apps": null,
                    "description": "",
                    "grant_as_authority_to_apps": null,
                    "granted_apps": [
                      "sapmlirpa--irpa--production--uaa-service-broker!b1999"
                    ],
                    "name": "sapmlirpa--irpa--production--uaa-ipa!t1999.IRPAOfficer"
                  },
                  {
                    "custom_grant_as_authority_to_apps": null,
                    "custom_granted_apps": null,
                    "description": "",
                    "grant_as_authority_to_apps": null,
                    "granted_apps": [
                      "sapmlirpa--irpa--production--uaa-ipa!t1999",
                      "sapmlirpa--irpa--production--uaa-service-broker!b1999"
                    ],
                    "name": "sapmlirpa--irpa--production--uaa-store!t1999.store-retrieve"
                  },
                  {
                    "custom_grant_as_authority_to_apps": null,
                    "custom_granted_apps": null,
                    "description": "",
                    "grant_as_authority_to_apps": null,
                    "granted_apps": [
                      "sapmlirpa--irpa--production--uaa-ipa!t1999",
                      "sapmlirpa--irpa--production--uaa-service-broker!b1999"
                    ],
                    "name": "sapmlirpa--irpa--production--uaa-store!t1999.store-submit"
                  },
                  {
                    "custom_grant_as_authority_to_apps": null,
                    "custom_granted_apps": null,
                    "description": "Default scope for user",
                    "grant_as_authority_to_apps": null,
                    "granted_apps": [
                      "*",
                      "xs_user"
                    ],
                    "name": "uaa.user"
                  }
                ]
              },
              {
                "app_id": "sapmlirpa--irpa--production--uaa-service-broker!b1999",
                "app_name": "sapmlirpa--irpa--production--uaa-service-broker",
                "description": "Read the emails in Workflow \"My Inbox\"",
                "name": "IRPAParticipant",
                "read_only": true,
                "role_template_name": "IRPAParticipant",
                "scopes": [
                  {
                    "custom_grant_as_authority_to_apps": null,
                    "custom_granted_apps": null,
                    "description": "",
                    "grant_as_authority_to_apps": null,
                    "granted_apps": [
                      "sapmlirpa--irpa--production--uaa-service-broker!b1999"
                    ],
                    "name": "sapmlirpa--irpa--production--uaa-ipa!t1999.IRPAParticipant"
                  },
                  {
                    "custom_grant_as_authority_to_apps": null,
                    "custom_granted_apps": null,
                    "description": "Default scope for user",
                    "grant_as_authority_to_apps": null,
                    "granted_apps": [
                      "*",
                      "xs_user"
                    ],
                    "name": "uaa.user"
                  }
                ]
              },
              {
                "app_id": "sapmlirpa--irpa--production--uaa-service-broker!b1999",
                "app_name": "sapmlirpa--irpa--production--uaa-service-broker",
                "description": "Default instance",
                "name": "IRPAPersonalDataAccess",
                "read_only": true,
                "role_template_name": "IRPAPersonalDataAccess",
                "scopes": [
                  {
                    "custom_grant_as_authority_to_apps": null,
                    "custom_granted_apps": null,
                    "description": "",
                    "grant_as_authority_to_apps": null,
                    "granted_apps": [
                      "sapmlirpa--irpa--production--uaa-service-broker!b1999"
                    ],
                    "name": "sapmlirpa--irpa--production--uaa-ipa!t1999.IRPAPersonalDataAccess"
                  }
                ]
              },
              {
                "app_id": "sapmlirpa--irpa--production--uaa-service-broker!b1999",
                "app_name": "sapmlirpa--irpa--production--uaa-service-broker",
                "description": "Default instance",
                "name": "IRPAProjectDelegate",
                "read_only": true,
                "role_template_name": "IRPAProjectDelegate",
                "scopes": [
                  {
                    "custom_grant_as_authority_to_apps": null,
                    "custom_granted_apps": null,
                    "description": "",
                    "grant_as_authority_to_apps": null,
                    "granted_apps": [
                      "sapmlirpa--irpa--production--uaa-service-broker!b1999"
                    ],
                    "name": "sapmlirpa--irpa--production--uaa-ipa!t1999.IRPAProjectDelegate"
                  },
                  {
                    "custom_grant_as_authority_to_apps": null,
                    "custom_granted_apps": null,
                    "description": "",
                    "grant_as_authority_to_apps": null,
                    "granted_apps": [
                      "sapmlirpa--irpa--production--uaa-ipa!t1999",
                      "sapmlirpa--irpa--production--uaa-service-broker!b1999"
                    ],
                    "name": "sapmlirpa--irpa--production--uaa-store!t1999.store-retrieve"
                  },
                  {
                    "custom_grant_as_authority_to_apps": null,
                    "custom_granted_apps": null,
                    "description": "",
                    "grant_as_authority_to_apps": null,
                    "granted_apps": [
                      "sapmlirpa--irpa--production--uaa-ipa!t1999",
                      "sapmlirpa--irpa--production--uaa-service-broker!b1999"
                    ],
                    "name": "sapmlirpa--irpa--production--uaa-store!t1999.store-submit"
                  },
                  {
                    "custom_grant_as_authority_to_apps": null,
                    "custom_granted_apps": null,
                    "description": "Default scope for user",
                    "grant_as_authority_to_apps": null,
                    "granted_apps": [
                      "*",
                      "xs_user"
                    ],
                    "name": "uaa.user"
                  }
                ]
              },
              {
                "app_id": "sapmlirpa--irpa--production--uaa-service-broker!b1999",
                "app_name": "sapmlirpa--irpa--production--uaa-service-broker",
                "description": "Default instance",
                "name": "IRPAProjectMember",
                "read_only": true,
                "role_template_name": "IRPAProjectMember",
                "scopes": [
                  {
                    "custom_grant_as_authority_to_apps": null,
                    "custom_granted_apps": null,
                    "description": "",
                    "grant_as_authority_to_apps": null,
                    "granted_apps": [
                      "sapmlirpa--irpa--production--uaa-service-broker!b1999"
                    ],
                    "name": "sapmlirpa--irpa--production--uaa-ipa!t1999.irpa_agent-register"
                  },
                  {
                    "custom_grant_as_authority_to_apps": null,
                    "custom_granted_apps": null,
                    "description": "",
                    "grant_as_authority_to_apps": null,
                    "granted_apps": [
                      "sapmlirpa--irpa--production--uaa-service-broker!b1999"
                    ],
                    "name": "sapmlirpa--irpa--production--uaa-ipa!t1999.IRPAProjectMember"
                  },
                  {
                    "custom_grant_as_authority_to_apps": null,
                    "custom_granted_apps": null,
                    "description": "",
                    "grant_as_authority_to_apps": null,
                    "granted_apps": [
                      "sapmlirpa--irpa--production--uaa-ipa!t1999",
                      "sapmlirpa--irpa--production--uaa-service-broker!b1999"
                    ],
                    "name": "sapmlirpa--irpa--production--uaa-store!t1999.store-retrieve"
                  },
                  {
                    "custom_grant_as_authority_to_apps": null,
                    "custom_granted_apps": null,
                    "description": "",
                    "grant_as_authority_to_apps": null,
                    "granted_apps": [
                      "sapmlirpa--irpa--production--uaa-ipa!t1999",
                      "sapmlirpa--irpa--production--uaa-service-broker!b1999"
                    ],
                    "name": "sapmlirpa--irpa--production--uaa-store!t1999.store-submit"
                  },
                  {
                    "custom_grant_as_authority_to_apps": null,
                    "custom_granted_apps": null,
                    "description": "Default scope for user",
                    "grant_as_authority_to_apps": null,
                    "granted_apps": [
                      "*",
                      "xs_user"
                    ],
                    "name": "uaa.user"
                  }
                ]
              },
              {
                "app_id": "sapmlirpa--irpa--production--uaa-service-broker!b1999",
                "app_name": "sapmlirpa--irpa--production--uaa-service-broker",
                "description": "Monitor all jobs",
                "name": "IRPASupervisor",
                "read_only": true,
                "role_template_name": "IRPASupervisor",
                "scopes": [
                  {
                    "custom_grant_as_authority_to_apps": null,
                    "custom_granted_apps": null,
                    "description": "",
                    "grant_as_authority_to_apps": null,
                    "granted_apps": [
                      "sapmlirpa--irpa--production--uaa-service-broker!b1999"
                    ],
                    "name": "sapmlirpa--irpa--production--uaa-ipa!t1999.IRPASupervisor"
                  },
                  {
                    "custom_grant_as_authority_to_apps": null,
                    "custom_granted_apps": null,
                    "description": "Default scope for user",
                    "grant_as_authority_to_apps": null,
                    "granted_apps": [
                      "*",
                      "xs_user"
                    ],
                    "name": "uaa.user"
                  }
                ]
              },
              {
                "app_id": "sapmlirpa--irpa--production--uaa-service-broker!b1999",
                "app_name": "sapmlirpa--irpa--production--uaa-service-broker",
                "description": "Default instance",
                "name": "IRPASystemManager",
                "read_only": true,
                "role_template_name": "IRPASystemManager",
                "scopes": [
                  {
                    "custom_grant_as_authority_to_apps": null,
                    "custom_granted_apps": null,
                    "description": "",
                    "grant_as_authority_to_apps": null,
                    "granted_apps": [
                      "sapmlirpa--irpa--production--uaa-service-broker!b1999"
                    ],
                    "name": "sapmlirpa--irpa--production--uaa-ipa!t1999.IRPASystemManager"
                  },
                  {
                    "custom_grant_as_authority_to_apps": null,
                    "custom_granted_apps": null,
                    "description": "",
                    "grant_as_authority_to_apps": null,
                    "granted_apps": [
                      "sapmlirpa--irpa--production--uaa-ipa!t1999",
                      "sapmlirpa--irpa--production--uaa-service-broker!b1999"
                    ],
                    "name": "sapmlirpa--irpa--production--uaa-store!t1999.store-retrieve"
                  },
                  {
                    "custom_grant_as_authority_to_apps": null,
                    "custom_granted_apps": null,
                    "description": "",
                    "grant_as_authority_to_apps": null,
                    "granted_apps": [
                      "sapmlirpa--irpa--production--uaa-ipa!t1999",
                      "sapmlirpa--irpa--production--uaa-service-broker!b1999"
                    ],
                    "name": "sapmlirpa--irpa--production--uaa-store!t1999.store-submit"
                  },
                  {
                    "custom_grant_as_authority_to_apps": null,
                    "custom_granted_apps": null,
                    "description": "Default scope for user",
                    "grant_as_authority_to_apps": null,
                    "granted_apps": [
                      "*",
                      "xs_user"
                    ],
                    "name": "uaa.user"
                  }
                ]
              },
              {
                "app_id": "launchpad-dt-approuter!t1483",
                "app_name": "launchpad-dt-approuter",
                "description": "Mobile Administrator who can edit configuration and manage cards.",
                "name": "MobileAdmin",
                "read_only": true,
                "role_template_name": "MobileAdmin",
                "scopes": [
                  {
                    "custom_grant_as_authority_to_apps": null,
                    "custom_granted_apps": null,
                    "description": "Get configuration from business user",
                    "grant_as_authority_to_apps": null,
                    "granted_apps": null,
                    "name": "launchpad-dt-approuter!t1483.admin_read"
                  },
                  {
                    "custom_grant_as_authority_to_apps": null,
                    "custom_granted_apps": null,
                    "description": "Change (CUD) configuration from business user",
                    "grant_as_authority_to_apps": null,
                    "granted_apps": null,
                    "name": "launchpad-dt-approuter!t1483.admin_write"
                  },
                  {
                    "custom_grant_as_authority_to_apps": null,
                    "custom_granted_apps": null,
                    "description": "Allows to call Admin OData API to manage card types.",
                    "grant_as_authority_to_apps": null,
                    "granted_apps": null,
                    "name": "launchpad-dt-approuter!t1483.card_admin"
                  },
                  {
                    "custom_grant_as_authority_to_apps": null,
                    "custom_granted_apps": null,
                    "description": "Read uploaded Client Logs",
                    "grant_as_authority_to_apps": null,
                    "granted_apps": null,
                    "name": "launchpad-dt-approuter!t1483.clientlog_read"
                  },
                  {
                    "custom_grant_as_authority_to_apps": null,
                    "custom_granted_apps": null,
                    "description": "Get push registrations",
                    "grant_as_authority_to_apps": null,
                    "granted_apps": null,
                    "name": "launchpad-dt-approuter!t1483.pushregistrations_read"
                  },
                  {
                    "custom_grant_as_authority_to_apps": null,
                    "custom_granted_apps": null,
                    "description": "Allows to register cards on behalf of users.",
                    "grant_as_authority_to_apps": null,
                    "granted_apps": null,
                    "name": "launchpad-dt-approuter!t1483.register_card"
                  }
                ]
              },
              {
                "app_id": "launchpad-dt-approuter!t1483",
                "app_name": "launchpad-dt-approuter",
                "description": "Mobile Administrator who can read only configuration and cards.",
                "name": "MobileAdminReadOnly",
                "read_only": true,
                "role_template_name": "MobileAdminReadOnly",
                "scopes": [
                  {
                    "custom_grant_as_authority_to_apps": null,
                    "custom_granted_apps": null,
                    "description": "Get configuration from business user",
                    "grant_as_authority_to_apps": null,
                    "granted_apps": null,
                    "name": "launchpad-dt-approuter!t1483.admin_read"
                  },
                  {
                    "custom_grant_as_authority_to_apps": null,
                    "custom_granted_apps": null,
                    "description": "Read uploaded Client Logs",
                    "grant_as_authority_to_apps": null,
                    "granted_apps": null,
                    "name": "launchpad-dt-approuter!t1483.clientlog_read"
                  },
                  {
                    "custom_grant_as_authority_to_apps": null,
                    "custom_granted_apps": null,
                    "description": "Get push registrations",
                    "grant_as_authority_to_apps": null,
                    "granted_apps": null,
                    "name": "launchpad-dt-approuter!t1483.pushregistrations_read"
                  }
                ]
              },
              {
                "app_id": "xsuaa-mobileprod_mobileprod-mobileprod!b610",
                "app_name": "xsuaa-mobileprod_mobileprod-mobileprod",
                "description": "Users who can push to multiple users in one call.",
                "name": "MultiplePushUser",
                "read_only": true,
                "role_template_name": "MultiplePushUser",
                "scopes": [
                  {
                    "custom_grant_as_authority_to_apps": null,
                    "custom_granted_apps": null,
                    "description": "Push to multiple",
                    "grant_as_authority_to_apps": null,
                    "granted_apps": null,
                    "name": "xsuaa-mobileprod_mobileprod-mobileprod!b610.push_multiple"
                  },
                  {
                    "custom_grant_as_authority_to_apps": null,
                    "custom_granted_apps": null,
                    "description": "Get push registrations",
                    "grant_as_authority_to_apps": null,
                    "granted_apps": null,
                    "name": "xsuaa-mobileprod_mobileprod-mobileprod!b610.pushregistrations_read"
                  },
                  {
                    "custom_grant_as_authority_to_apps": null,
                    "custom_granted_apps": null,
                    "description": "Push to single",
                    "grant_as_authority_to_apps": null,
                    "granted_apps": null,
                    "name": "xsuaa-mobileprod_mobileprod-mobileprod!b610.push_single"
                  }
                ]
              },
              {
                "app_id": "sap-theming!b1757",
                "app_name": "sap-theming",
                "description": "Publish custom themes",
                "name": "Publisher",
                "read_only": true,
                "role_template_name": "Publisher",
                "scopes": [
                  {
                    "custom_grant_as_authority_to_apps": null,
                    "custom_granted_apps": null,
                    "description": "Publish custom themes for public usage",
                    "grant_as_authority_to_apps": null,
                    "granted_apps": null,
                    "name": "sap-theming!b1757.Publish"
                  },
                  {
                    "custom_grant_as_authority_to_apps": null,
                    "custom_granted_apps": null,
                    "description": "Read access on custom themes",
                    "grant_as_authority_to_apps": null,
                    "granted_apps": null,
                    "name": "sap-theming!b1757.Read"
                  }
                ]
              },
              {
                "app_id": "pvreuseservice!b2450",
                "app_name": "pvreuseservice",
                "description": "Role template for Administrator",
                "name": "PVAdmin",
                "read_only": true,
                "role_template_name": "PVAdmin",
                "scopes": [
                  {
                    "custom_grant_as_authority_to_apps": null,
                    "custom_granted_apps": null,
                    "description": "Archive scenario instances",
                    "grant_as_authority_to_apps": null,
                    "granted_apps": null,
                    "name": "pvreuseservice!b2450.archive.scenarioInstances"
                  },
                  {
                    "custom_grant_as_authority_to_apps": null,
                    "custom_granted_apps": null,
                    "description": "Create processing job",
                    "grant_as_authority_to_apps": null,
                    "granted_apps": null,
                    "name": "pvreuseservice!b2450.create.schedulerJob"
                  },
                  {
                    "custom_grant_as_authority_to_apps": null,
                    "custom_granted_apps": null,
                    "description": "Delete processed data",
                    "grant_as_authority_to_apps": null,
                    "granted_apps": null,
                    "name": "pvreuseservice!b2450.delete.processedData"
                  },
                  {
                    "custom_grant_as_authority_to_apps": null,
                    "custom_granted_apps": null,
                    "description": "Delete scenario definition",
                    "grant_as_authority_to_apps": null,
                    "granted_apps": null,
                    "name": "pvreuseservice!b2450.delete.scenarioDefinition"
                  },
                  {
                    "custom_grant_as_authority_to_apps": null,
                    "custom_granted_apps": null,
                    "description": "Invoke new processing execution for a scenario",
                    "grant_as_authority_to_apps": [
                      "jobscheduler"
                    ],
                    "granted_apps": null,
                    "name": "pvreuseservice!b2450.invoke.processing"
                  },
                  {
                    "custom_grant_as_authority_to_apps": null,
                    "custom_granted_apps": null,
                    "description": "Monitor scenarios deployment information",
                    "grant_as_authority_to_apps": null,
                    "granted_apps": null,
                    "name": "pvreuseservice!b2450.monitor.scenarioDefinitions"
                  },
                  {
                    "custom_grant_as_authority_to_apps": null,
                    "custom_granted_apps": null,
                    "description": "push data to collections",
                    "grant_as_authority_to_apps": null,
                    "granted_apps": null,
                    "name": "pvreuseservice!b2450.push.data"
                  },
                  {
                    "custom_grant_as_authority_to_apps": null,
                    "custom_granted_apps": null,
                    "description": "Update processing job",
                    "grant_as_authority_to_apps": null,
                    "granted_apps": null,
                    "name": "pvreuseservice!b2450.update.schedulerJob"
                  },
                  {
                    "custom_grant_as_authority_to_apps": null,
                    "custom_granted_apps": null,
                    "description": "View acquired events",
                    "grant_as_authority_to_apps": null,
                    "granted_apps": null,
                    "name": "pvreuseservice!b2450.view.data"
                  },
                  {
                    "custom_grant_as_authority_to_apps": null,
                    "custom_granted_apps": null,
                    "description": "View data acquisition error messages",
                    "grant_as_authority_to_apps": null,
                    "granted_apps": null,
                    "name": "pvreuseservice!b2450.view.dataAcquisition.errorMessages"
                  },
                  {
                    "custom_grant_as_authority_to_apps": null,
                    "custom_granted_apps": null,
                    "description": "View job details of job type : EVENTS_DELETION and CLEAR_PROCESSING",
                    "grant_as_authority_to_apps": null,
                    "granted_apps": null,
                    "name": "pvreuseservice!b2450.view.jobs"
                  },
                  {
                    "custom_grant_as_authority_to_apps": null,
                    "custom_granted_apps": null,
                    "description": "View scenarios deployment information",
                    "grant_as_authority_to_apps": null,
                    "granted_apps": null,
                    "name": "pvreuseservice!b2450.view.scenarioDefinitions"
                  },
                  {
                    "custom_grant_as_authority_to_apps": null,
                    "custom_granted_apps": null,
                    "description": "View scenario model",
                    "grant_as_authority_to_apps": null,
                    "granted_apps": null,
                    "name": "pvreuseservice!b2450.view.scenarioModel"
                  },
                  {
                    "custom_grant_as_authority_to_apps": null,
                    "custom_granted_apps": null,
                    "description": "View processing job",
                    "grant_as_authority_to_apps": null,
                    "granted_apps": null,
                    "name": "pvreuseservice!b2450.view.schedulerJob"
                  },
                  {
                    "custom_grant_as_authority_to_apps": null,
                    "custom_granted_apps": null,
                    "description": "Default scope for user",
                    "grant_as_authority_to_apps": null,
                    "granted_apps": [
                      "*",
                      "xs_user"
                    ],
                    "name": "uaa.user"
                  }
                ]
              },
              {
                "app_id": "pvreuseservice!b2450",
                "app_name": "pvreuseservice",
                "description": "Role template for Developer",
                "name": "PVDeveloper",
                "read_only": true,
                "role_template_name": "PVDeveloper",
                "scopes": [
                  {
                    "custom_grant_as_authority_to_apps": null,
                    "custom_granted_apps": null,
                    "description": "Create processing job",
                    "grant_as_authority_to_apps": null,
                    "granted_apps": null,
                    "name": "pvreuseservice!b2450.create.schedulerJob"
                  },
                  {
                    "custom_grant_as_authority_to_apps": null,
                    "custom_granted_apps": null,
                    "description": "Create/update scenario definition",
                    "grant_as_authority_to_apps": null,
                    "granted_apps": null,
                    "name": "pvreuseservice!b2450.deploy.scenarioDefinition"
                  },
                  {
                    "custom_grant_as_authority_to_apps": null,
                    "custom_granted_apps": null,
                    "description": "Create, edit and delete a draft model or Update all (draft/active) scenario models",
                    "grant_as_authority_to_apps": null,
                    "granted_apps": null,
                    "name": "pvreuseservice!b2450.edit.allScenarioDefinitions"
                  },
                  {
                    "custom_grant_as_authority_to_apps": null,
                    "custom_granted_apps": null,
                    "description": "Invoke new processing execution for a scenario",
                    "grant_as_authority_to_apps": [
                      "jobscheduler"
                    ],
                    "granted_apps": null,
                    "name": "pvreuseservice!b2450.invoke.processing"
                  },
                  {
                    "custom_grant_as_authority_to_apps": null,
                    "custom_granted_apps": null,
                    "description": "push data to collections",
                    "grant_as_authority_to_apps": null,
                    "granted_apps": null,
                    "name": "pvreuseservice!b2450.push.data"
                  },
                  {
                    "custom_grant_as_authority_to_apps": null,
                    "custom_granted_apps": null,
                    "description": "Update processing job",
                    "grant_as_authority_to_apps": null,
                    "granted_apps": null,
                    "name": "pvreuseservice!b2450.update.schedulerJob"
                  },
                  {
                    "custom_grant_as_authority_to_apps": null,
                    "custom_granted_apps": null,
                    "description": "View all (draft/active) scenarios and scenario models",
                    "grant_as_authority_to_apps": null,
                    "granted_apps": null,
                    "name": "pvreuseservice!b2450.view.allScenarioDefinitions"
                  },
                  {
                    "custom_grant_as_authority_to_apps": null,
                    "custom_granted_apps": null,
                    "description": "View acquired events",
                    "grant_as_authority_to_apps": null,
                    "granted_apps": null,
                    "name": "pvreuseservice!b2450.view.data"
                  },
                  {
                    "custom_grant_as_authority_to_apps": null,
                    "custom_granted_apps": null,
                    "description": "View data acquisition error messages",
                    "grant_as_authority_to_apps": null,
                    "granted_apps": null,
                    "name": "pvreuseservice!b2450.view.dataAcquisition.errorMessages"
                  },
                  {
                    "custom_grant_as_authority_to_apps": null,
                    "custom_granted_apps": null,
                    "description": "View job details of job type : EVENTS_DELETION and CLEAR_PROCESSING",
                    "grant_as_authority_to_apps": null,
                    "granted_apps": null,
                    "name": "pvreuseservice!b2450.view.jobs"
                  },
                  {
                    "custom_grant_as_authority_to_apps": null,
                    "custom_granted_apps": null,
                    "description": "View scenarios deployment information",
                    "grant_as_authority_to_apps": null,
                    "granted_apps": null,
                    "name": "pvreuseservice!b2450.view.scenarioDefinitions"
                  },
                  {
                    "custom_grant_as_authority_to_apps": null,
                    "custom_granted_apps": null,
                    "description": "View processing job",
                    "grant_as_authority_to_apps": null,
                    "granted_apps": null,
                    "name": "pvreuseservice!b2450.view.schedulerJob"
                  },
                  {
                    "custom_grant_as_authority_to_apps": null,
                    "custom_granted_apps": null,
                    "description": "Default scope for user",
                    "grant_as_authority_to_apps": null,
                    "granted_apps": [
                      "*",
                      "xs_user"
                    ],
                    "name": "uaa.user"
                  }
                ]
              },
              {
                "app_id": "pvreuseservice!b2450",
                "app_name": "pvreuseservice",
                "description": "Role template for Event Sender",
                "name": "PVEventSender",
                "read_only": true,
                "role_template_name": "PVEventSender",
                "scopes": [
                  {
                    "custom_grant_as_authority_to_apps": null,
                    "custom_granted_apps": null,
                    "description": "push data to collections",
                    "grant_as_authority_to_apps": null,
                    "granted_apps": null,
                    "name": "pvreuseservice!b2450.push.data"
                  },
                  {
                    "custom_grant_as_authority_to_apps": null,
                    "custom_granted_apps": null,
                    "description": "Default scope for user",
                    "grant_as_authority_to_apps": null,
                    "granted_apps": [
                      "*",
                      "xs_user"
                    ],
                    "name": "uaa.user"
                  }
                ]
              },
              {
                "app_id": "pvreuseservice!b2450",
                "app_name": "pvreuseservice",
                "description": "Role template for Operator",
                "name": "PVOperator",
                "read_only": true,
                "role_template_name": "PVOperator",
                "scopes": [
                  {
                    "custom_grant_as_authority_to_apps": null,
                    "custom_granted_apps": null,
                    "description": "Trigger SAP Cloud Platform Workflow actions",
                    "grant_as_authority_to_apps": null,
                    "granted_apps": null,
                    "name": "pvreuseservice!b2450.invoke.actions"
                  },
                  {
                    "custom_grant_as_authority_to_apps": null,
                    "custom_granted_apps": null,
                    "description": "View scenario instances",
                    "grant_as_authority_to_apps": null,
                    "granted_apps": null,
                    "name": "pvreuseservice!b2450.view.instances"
                  },
                  {
                    "custom_grant_as_authority_to_apps": null,
                    "custom_granted_apps": null,
                    "description": "View scenarios and metadata of the available scenarios",
                    "grant_as_authority_to_apps": null,
                    "granted_apps": null,
                    "name": "pvreuseservice!b2450.view.scenarios"
                  },
                  {
                    "custom_grant_as_authority_to_apps": null,
                    "custom_granted_apps": null,
                    "description": "Default scope for user",
                    "grant_as_authority_to_apps": null,
                    "granted_apps": [
                      "*",
                      "xs_user"
                    ],
                    "name": "uaa.user"
                  }
                ]
              },
              {
                "app_id": "pvreuseservice!b2450",
                "app_name": "pvreuseservice",
                "description": "Role template for Tenant Operator",
                "name": "PVTenantOperator",
                "read_only": true,
                "role_template_name": "PVTenantOperator",
                "scopes": [
                  {
                    "custom_grant_as_authority_to_apps": null,
                    "custom_granted_apps": null,
                    "description": "Delete data",
                    "grant_as_authority_to_apps": null,
                    "granted_apps": null,
                    "name": "pvreuseservice!b2450.delete.data"
                  },
                  {
                    "custom_grant_as_authority_to_apps": null,
                    "custom_granted_apps": null,
                    "description": "Delete scenario definition",
                    "grant_as_authority_to_apps": null,
                    "granted_apps": null,
                    "name": "pvreuseservice!b2450.delete.scenarioDefinition"
                  },
                  {
                    "custom_grant_as_authority_to_apps": null,
                    "custom_granted_apps": null,
                    "description": "View acquired events",
                    "grant_as_authority_to_apps": null,
                    "granted_apps": null,
                    "name": "pvreuseservice!b2450.view.data"
                  },
                  {
                    "custom_grant_as_authority_to_apps": null,
                    "custom_granted_apps": null,
                    "description": "View job details of job type : EVENTS_DELETION and CLEAR_PROCESSING",
                    "grant_as_authority_to_apps": null,
                    "granted_apps": null,
                    "name": "pvreuseservice!b2450.view.jobs"
                  },
                  {
                    "custom_grant_as_authority_to_apps": null,
                    "custom_granted_apps": null,
                    "description": "Default scope for user",
                    "grant_as_authority_to_apps": null,
                    "granted_apps": [
                      "*",
                      "xs_user"
                    ],
                    "name": "uaa.user"
                  }
                ]
              },
              {
                "app_id": "applicationdevelopment!b32221",
                "app_name": "applicationdevelopment",
                "description": "Enables administrator to administer projects.",
                "name": "RegistryAdmin",
                "read_only": true,
                "role_template_name": "RegistryAdmin",
                "scopes": [
                  {
                    "custom_grant_as_authority_to_apps": null,
                    "custom_granted_apps": null,
                    "description": "Enables Administrator to administer projects.",
                    "grant_as_authority_to_apps": null,
                    "granted_apps": null,
                    "name": "applicationdevelopment!b32221.Administrator"
                  },
                  {
                    "custom_grant_as_authority_to_apps": null,
                    "custom_granted_apps": null,
                    "description": "Default scope for user",
                    "grant_as_authority_to_apps": null,
                    "granted_apps": [
                      "*",
                      "xs_user"
                    ],
                    "name": "uaa.user"
                  }
                ]
              },
              {
                "app_id": "applicationdevelopment!b32221",
                "app_name": "applicationdevelopment",
                "description": "Enables delegate to collaborate on projects.",
                "name": "RegistryDelegate",
                "read_only": true,
                "role_template_name": "RegistryDelegate",
                "scopes": [
                  {
                    "custom_grant_as_authority_to_apps": null,
                    "custom_granted_apps": null,
                    "description": "Enables delegate to collaborate on projects.",
                    "grant_as_authority_to_apps": null,
                    "granted_apps": null,
                    "name": "applicationdevelopment!b32221.Delegate"
                  },
                  {
                    "custom_grant_as_authority_to_apps": null,
                    "custom_granted_apps": null,
                    "description": "Default scope for user",
                    "grant_as_authority_to_apps": null,
                    "granted_apps": [
                      "*",
                      "xs_user"
                    ],
                    "name": "uaa.user"
                  }
                ]
              },
              {
                "app_id": "applicationdevelopment!b32221",
                "app_name": "applicationdevelopment",
                "description": "Enables developer to work on projects.",
                "name": "RegistryDeveloper",
                "read_only": true,
                "role_template_name": "RegistryDeveloper",
                "scopes": [
                  {
                    "custom_grant_as_authority_to_apps": null,
                    "custom_granted_apps": null,
                    "description": "",
                    "grant_as_authority_to_apps": null,
                    "granted_apps": [
                      "applicationdevelopment!b32221"
                    ],
                    "name": "ap-lcnc-store-uaa!t32221.store-retrieve"
                  },
                  {
                    "custom_grant_as_authority_to_apps": null,
                    "custom_granted_apps": null,
                    "description": "",
                    "grant_as_authority_to_apps": null,
                    "granted_apps": [
                      "applicationdevelopment!b32221"
                    ],
                    "name": "ap-lcnc-store-uaa!t32221.store-submit"
                  },
                  {
                    "custom_grant_as_authority_to_apps": null,
                    "custom_granted_apps": null,
                    "description": "Enables Citizen Developer to work with projects.",
                    "grant_as_authority_to_apps": null,
                    "granted_apps": null,
                    "name": "applicationdevelopment!b32221.Developer"
                  },
                  {
                    "custom_grant_as_authority_to_apps": null,
                    "custom_granted_apps": null,
                    "description": "Default scope for user",
                    "grant_as_authority_to_apps": null,
                    "granted_apps": [
                      "*",
                      "xs_user"
                    ],
                    "name": "uaa.user"
                  }
                ]
              },
              {
                "app_id": "applicationdevelopment!b32221",
                "app_name": "applicationdevelopment",
                "description": "Enables end user to access end-user functionality.",
                "name": "RegistryEndUser",
                "read_only": true,
                "role_template_name": "RegistryEndUser",
                "scopes": [
                  {
                    "custom_grant_as_authority_to_apps": null,
                    "custom_granted_apps": null,
                    "description": "Enables end user to access end-user functionality.",
                    "grant_as_authority_to_apps": null,
                    "granted_apps": null,
                    "name": "applicationdevelopment!b32221.EndUser"
                  },
                  {
                    "custom_grant_as_authority_to_apps": null,
                    "custom_granted_apps": null,
                    "description": "Default scope for user",
                    "grant_as_authority_to_apps": null,
                    "granted_apps": [
                      "*",
                      "xs_user"
                    ],
                    "name": "uaa.user"
                  }
                ]
              },
              {
                "app_id": "applicationdevelopment!b32221",
                "app_name": "applicationdevelopment",
                "description": "Enables end users to access advanced end-user functionality.",
                "name": "RegistryExpert",
                "read_only": true,
                "role_template_name": "RegistryExpert",
                "scopes": [
                  {
                    "custom_grant_as_authority_to_apps": null,
                    "custom_granted_apps": null,
                    "description": "Enables end users to access advanced end-user functionality.",
                    "grant_as_authority_to_apps": null,
                    "granted_apps": null,
                    "name": "applicationdevelopment!b32221.Expert"
                  },
                  {
                    "custom_grant_as_authority_to_apps": null,
                    "custom_granted_apps": null,
                    "description": "Default scope for user",
                    "grant_as_authority_to_apps": null,
                    "granted_apps": [
                      "*",
                      "xs_user"
                    ],
                    "name": "uaa.user"
                  }
                ]
              },
              {
                "app_id": "bpmrulebroker!b2018",
                "app_name": "bpmrulebroker",
                "description": "Rule Author",
                "name": "RuleAuthor",
                "read_only": true,
                "role_template_name": "RuleAuthor",
                "scopes": [
                  {
                    "custom_grant_as_authority_to_apps": null,
                    "custom_granted_apps": null,
                    "description": "Read Data Objects",
                    "grant_as_authority_to_apps": null,
                    "granted_apps": null,
                    "name": "bpmrulebroker!b2018.RuleRepository.DataObjectRead"
                  },
                  {
                    "custom_grant_as_authority_to_apps": null,
                    "custom_granted_apps": null,
                    "description": "Read Managed Systems",
                    "grant_as_authority_to_apps": null,
                    "granted_apps": null,
                    "name": "bpmrulebroker!b2018.RuleRepository.ManagedSystemRead"
                  },
                  {
                    "custom_grant_as_authority_to_apps": null,
                    "custom_granted_apps": null,
                    "description": "Repository Read Mapping",
                    "grant_as_authority_to_apps": null,
                    "granted_apps": null,
                    "name": "bpmrulebroker!b2018.RuleRepository.MappingRead"
                  },
                  {
                    "custom_grant_as_authority_to_apps": null,
                    "custom_granted_apps": null,
                    "description": "Read Projects",
                    "grant_as_authority_to_apps": null,
                    "granted_apps": null,
                    "name": "bpmrulebroker!b2018.RuleRepository.ProjectRead"
                  },
                  {
                    "custom_grant_as_authority_to_apps": null,
                    "custom_granted_apps": null,
                    "description": "Read Rules",
                    "grant_as_authority_to_apps": null,
                    "granted_apps": null,
                    "name": "bpmrulebroker!b2018.RuleRepository.RuleRead"
                  },
                  {
                    "custom_grant_as_authority_to_apps": null,
                    "custom_granted_apps": null,
                    "description": "Deploy RuleServices",
                    "grant_as_authority_to_apps": null,
                    "granted_apps": null,
                    "name": "bpmrulebroker!b2018.RuleRepository.RuleServiceDeploy"
                  },
                  {
                    "custom_grant_as_authority_to_apps": null,
                    "custom_granted_apps": null,
                    "description": "Read Ruleservices",
                    "grant_as_authority_to_apps": null,
                    "granted_apps": null,
                    "name": "bpmrulebroker!b2018.RuleRepository.RuleServiceRead"
                  },
                  {
                    "custom_grant_as_authority_to_apps": null,
                    "custom_granted_apps": null,
                    "description": "Read Rulesets",
                    "grant_as_authority_to_apps": null,
                    "granted_apps": null,
                    "name": "bpmrulebroker!b2018.RuleRepository.RulesetRead"
                  },
                  {
                    "custom_grant_as_authority_to_apps": null,
                    "custom_granted_apps": null,
                    "description": "Write Rules",
                    "grant_as_authority_to_apps": null,
                    "granted_apps": null,
                    "name": "bpmrulebroker!b2018.RuleRepository.RuleWrite"
                  },
                  {
                    "custom_grant_as_authority_to_apps": null,
                    "custom_granted_apps": null,
                    "description": "Create Project Version",
                    "grant_as_authority_to_apps": null,
                    "granted_apps": null,
                    "name": "bpmrulebroker!b2018.RuleRepository.VersionCreate"
                  },
                  {
                    "custom_grant_as_authority_to_apps": null,
                    "custom_granted_apps": null,
                    "description": "Copy Project Version to Workingset",
                    "grant_as_authority_to_apps": null,
                    "granted_apps": null,
                    "name": "bpmrulebroker!b2018.RuleRepository.VersionEdit"
                  },
                  {
                    "custom_grant_as_authority_to_apps": null,
                    "custom_granted_apps": null,
                    "description": "Repository Read Vocabulary",
                    "grant_as_authority_to_apps": null,
                    "granted_apps": null,
                    "name": "bpmrulebroker!b2018.RuleRepository.VocabularyRead"
                  },
                  {
                    "custom_grant_as_authority_to_apps": null,
                    "custom_granted_apps": null,
                    "description": "Repository Xsrf Token",
                    "grant_as_authority_to_apps": null,
                    "granted_apps": null,
                    "name": "bpmrulebroker!b2018.RuleRepository.XsrfToken"
                  },
                  {
                    "custom_grant_as_authority_to_apps": null,
                    "custom_granted_apps": null,
                    "description": "Default scope for user",
                    "grant_as_authority_to_apps": null,
                    "granted_apps": [
                      "*",
                      "xs_user"
                    ],
                    "name": "uaa.user"
                  }
                ]
              },
              {
                "app_id": "bpmrulebroker!b2018",
                "app_name": "bpmrulebroker",
                "description": "Rule Developer",
                "name": "RuleDeveloper",
                "read_only": true,
                "role_template_name": "RuleDeveloper",
                "scopes": [
                  {
                    "custom_grant_as_authority_to_apps": null,
                    "custom_granted_apps": null,
                    "description": "Prompt Conversation Write",
                    "grant_as_authority_to_apps": null,
                    "granted_apps": null,
                    "name": "bpmrulebroker!b2018.RulePrompt.ConversationWrite"
                  },
                  {
                    "custom_grant_as_authority_to_apps": null,
                    "custom_granted_apps": null,
                    "description": "Delete Data Objects",
                    "grant_as_authority_to_apps": null,
                    "granted_apps": null,
                    "name": "bpmrulebroker!b2018.RuleRepository.DataObjectDelete"
                  },
                  {
                    "custom_grant_as_authority_to_apps": null,
                    "custom_granted_apps": null,
                    "description": "Read Data Objects",
                    "grant_as_authority_to_apps": null,
                    "granted_apps": null,
                    "name": "bpmrulebroker!b2018.RuleRepository.DataObjectRead"
                  },
                  {
                    "custom_grant_as_authority_to_apps": null,
                    "custom_granted_apps": null,
                    "description": "Write Data Objects",
                    "grant_as_authority_to_apps": null,
                    "granted_apps": null,
                    "name": "bpmrulebroker!b2018.RuleRepository.DataObjectWrite"
                  },
                  {
                    "custom_grant_as_authority_to_apps": null,
                    "custom_granted_apps": null,
                    "description": "Read Managed Systems",
                    "grant_as_authority_to_apps": null,
                    "granted_apps": null,
                    "name": "bpmrulebroker!b2018.RuleRepository.ManagedSystemRead"
                  },
                  {
                    "custom_grant_as_authority_to_apps": null,
                    "custom_granted_apps": null,
                    "description": "Repository Read Mapping",
                    "grant_as_authority_to_apps": null,
                    "granted_apps": null,
                    "name": "bpmrulebroker!b2018.RuleRepository.MappingRead"
                  },
                  {
                    "custom_grant_as_authority_to_apps": null,
                    "custom_granted_apps": null,
                    "description": "Delete Privileges",
                    "grant_as_authority_to_apps": null,
                    "granted_apps": null,
                    "name": "bpmrulebroker!b2018.RuleRepository.PrivilegeDelete"
                  },
                  {
                    "custom_grant_as_authority_to_apps": null,
                    "custom_granted_apps": null,
                    "description": "Read Privileges",
                    "grant_as_authority_to_apps": null,
                    "granted_apps": null,
                    "name": "bpmrulebroker!b2018.RuleRepository.PrivilegeRead"
                  },
                  {
                    "custom_grant_as_authority_to_apps": null,
                    "custom_granted_apps": null,
                    "description": "Write Privileges",
                    "grant_as_authority_to_apps": null,
                    "granted_apps": null,
                    "name": "bpmrulebroker!b2018.RuleRepository.PrivilegeWrite"
                  },
                  {
                    "custom_grant_as_authority_to_apps": null,
                    "custom_granted_apps": null,
                    "description": "Delete Projects",
                    "grant_as_authority_to_apps": null,
                    "granted_apps": null,
                    "name": "bpmrulebroker!b2018.RuleRepository.ProjectDelete"
                  },
                  {
                    "custom_grant_as_authority_to_apps": null,
                    "custom_granted_apps": null,
                    "description": "Import Projects",
                    "grant_as_authority_to_apps": [
                      "32f1b301-1efc-4498-bff4-1cc332075758!b2018|cas-uaa-prod!b6249"
                    ],
                    "granted_apps": null,
                    "name": "bpmrulebroker!b2018.RuleRepository.ProjectImport"
                  },
                  {
                    "custom_grant_as_authority_to_apps": null,
                    "custom_granted_apps": null,
                    "description": "Read Projects",
                    "grant_as_authority_to_apps": null,
                    "granted_apps": null,
                    "name": "bpmrulebroker!b2018.RuleRepository.ProjectRead"
                  },
                  {
                    "custom_grant_as_authority_to_apps": null,
                    "custom_granted_apps": null,
                    "description": "Write Projects",
                    "grant_as_authority_to_apps": null,
                    "granted_apps": null,
                    "name": "bpmrulebroker!b2018.RuleRepository.ProjectWrite"
                  },
                  {
                    "custom_grant_as_authority_to_apps": null,
                    "custom_granted_apps": null,
                    "description": "Delete Rules",
                    "grant_as_authority_to_apps": null,
                    "granted_apps": null,
                    "name": "bpmrulebroker!b2018.RuleRepository.RuleDelete"
                  },
                  {
                    "custom_grant_as_authority_to_apps": null,
                    "custom_granted_apps": null,
                    "description": "Read Rules",
                    "grant_as_authority_to_apps": null,
                    "granted_apps": null,
                    "name": "bpmrulebroker!b2018.RuleRepository.RuleRead"
                  },
                  {
                    "custom_grant_as_authority_to_apps": null,
                    "custom_granted_apps": null,
                    "description": "Delete Ruleservices",
                    "grant_as_authority_to_apps": null,
                    "granted_apps": null,
                    "name": "bpmrulebroker!b2018.RuleRepository.RuleServiceDelete"
                  },
                  {
                    "custom_grant_as_authority_to_apps": null,
                    "custom_granted_apps": null,
                    "description": "Deploy RuleServices",
                    "grant_as_authority_to_apps": null,
                    "granted_apps": null,
                    "name": "bpmrulebroker!b2018.RuleRepository.RuleServiceDeploy"
                  },
                  {
                    "custom_grant_as_authority_to_apps": null,
                    "custom_granted_apps": null,
                    "description": "Read Ruleservices",
                    "grant_as_authority_to_apps": null,
                    "granted_apps": null,
                    "name": "bpmrulebroker!b2018.RuleRepository.RuleServiceRead"
                  },
                  {
                    "custom_grant_as_authority_to_apps": null,
                    "custom_granted_apps": null,
                    "description": "Write Ruleservices",
                    "grant_as_authority_to_apps": null,
                    "granted_apps": null,
                    "name": "bpmrulebroker!b2018.RuleRepository.RuleServiceWrite"
                  },
                  {
                    "custom_grant_as_authority_to_apps": null,
                    "custom_granted_apps": null,
                    "description": "Delete Rulesets",
                    "grant_as_authority_to_apps": null,
                    "granted_apps": null,
                    "name": "bpmrulebroker!b2018.RuleRepository.RulesetDelete"
                  },
                  {
                    "custom_grant_as_authority_to_apps": null,
                    "custom_granted_apps": null,
                    "description": "Read Rulesets",
                    "grant_as_authority_to_apps": null,
                    "granted_apps": null,
                    "name": "bpmrulebroker!b2018.RuleRepository.RulesetRead"
                  },
                  {
                    "custom_grant_as_authority_to_apps": null,
                    "custom_granted_apps": null,
                    "description": "Write Rulesets",
                    "grant_as_authority_to_apps": null,
                    "granted_apps": null,
                    "name": "bpmrulebroker!b2018.RuleRepository.RulesetWrite"
                  },
                  {
                    "custom_grant_as_authority_to_apps": null,
                    "custom_granted_apps": null,
                    "description": "Write Rules",
                    "grant_as_authority_to_apps": null,
                    "granted_apps": null,
                    "name": "bpmrulebroker!b2018.RuleRepository.RuleWrite"
                  },
                  {
                    "custom_grant_as_authority_to_apps": null,
                    "custom_granted_apps": null,
                    "description": "Create Project Version",
                    "grant_as_authority_to_apps": null,
                    "granted_apps": null,
                    "name": "bpmrulebroker!b2018.RuleRepository.VersionCreate"
                  },
                  {
                    "custom_grant_as_authority_to_apps": null,
                    "custom_granted_apps": null,
                    "description": "Copy Project Version to Workingset",
                    "grant_as_authority_to_apps": null,
                    "granted_apps": null,
                    "name": "bpmrulebroker!b2018.RuleRepository.VersionEdit"
                  },
                  {
                    "custom_grant_as_authority_to_apps": null,
                    "custom_granted_apps": null,
                    "description": "Repository Read Vocabulary",
                    "grant_as_authority_to_apps": null,
                    "granted_apps": null,
                    "name": "bpmrulebroker!b2018.RuleRepository.VocabularyRead"
                  },
                  {
                    "custom_grant_as_authority_to_apps": null,
                    "custom_granted_apps": null,
                    "description": "Repository Xsrf Token",
                    "grant_as_authority_to_apps": null,
                    "granted_apps": null,
                    "name": "bpmrulebroker!b2018.RuleRepository.XsrfToken"
                  },
                  {
                    "custom_grant_as_authority_to_apps": null,
                    "custom_granted_apps": null,
                    "description": "Default scope for user",
                    "grant_as_authority_to_apps": null,
                    "granted_apps": [
                      "*",
                      "xs_user"
                    ],
                    "name": "uaa.user"
                  }
                ]
              },
              {
                "app_id": "bpmrulebroker!b2018",
                "app_name": "bpmrulebroker",
                "description": "Rule Executor",
                "name": "RuleExecutor",
                "read_only": true,
                "role_template_name": "RuleExecutor",
                "scopes": [
                  {
                    "custom_grant_as_authority_to_apps": null,
                    "custom_granted_apps": null,
                    "description": "Deploy RuleServices",
                    "grant_as_authority_to_apps": null,
                    "granted_apps": null,
                    "name": "bpmrulebroker!b2018.RuleRuntime.RuleServiceDeploy"
                  },
                  {
                    "custom_grant_as_authority_to_apps": null,
                    "custom_granted_apps": null,
                    "description": "Invoke RuleServices",
                    "grant_as_authority_to_apps": null,
                    "granted_apps": null,
                    "name": "bpmrulebroker!b2018.RuleRuntime.RuleServiceInvoke"
                  },
                  {
                    "custom_grant_as_authority_to_apps": null,
                    "custom_granted_apps": null,
                    "description": "Read Deployed RuleServices",
                    "grant_as_authority_to_apps": null,
                    "granted_apps": null,
                    "name": "bpmrulebroker!b2018.RuleRuntime.RuleServiceRead"
                  },
                  {
                    "custom_grant_as_authority_to_apps": null,
                    "custom_granted_apps": null,
                    "description": "Runtime Xsrf Token",
                    "grant_as_authority_to_apps": null,
                    "granted_apps": null,
                    "name": "bpmrulebroker!b2018.RuleRuntime.XsrfToken"
                  },
                  {
                    "custom_grant_as_authority_to_apps": null,
                    "custom_granted_apps": null,
                    "description": "Default scope for user",
                    "grant_as_authority_to_apps": null,
                    "granted_apps": [
                      "*",
                      "xs_user"
                    ],
                    "name": "uaa.user"
                  }
                ]
              },
              {
                "app_id": "bpmrulebroker!b2018",
                "app_name": "bpmrulebroker",
                "description": "Rule Implementor",
                "name": "RuleImplementor",
                "read_only": true,
                "role_template_name": "RuleImplementor",
                "scopes": [
                  {
                    "custom_grant_as_authority_to_apps": null,
                    "custom_granted_apps": null,
                    "description": "Read Data Objects",
                    "grant_as_authority_to_apps": null,
                    "granted_apps": null,
                    "name": "bpmrulebroker!b2018.RuleRepository.DataObjectRead"
                  },
                  {
                    "custom_grant_as_authority_to_apps": null,
                    "custom_granted_apps": null,
                    "description": "Read Managed Systems",
                    "grant_as_authority_to_apps": null,
                    "granted_apps": null,
                    "name": "bpmrulebroker!b2018.RuleRepository.ManagedSystemRead"
                  },
                  {
                    "custom_grant_as_authority_to_apps": null,
                    "custom_granted_apps": null,
                    "description": "Repository Read Mapping",
                    "grant_as_authority_to_apps": null,
                    "granted_apps": null,
                    "name": "bpmrulebroker!b2018.RuleRepository.MappingRead"
                  },
                  {
                    "custom_grant_as_authority_to_apps": null,
                    "custom_granted_apps": null,
                    "description": "Read Projects",
                    "grant_as_authority_to_apps": null,
                    "granted_apps": null,
                    "name": "bpmrulebroker!b2018.RuleRepository.ProjectRead"
                  },
                  {
                    "custom_grant_as_authority_to_apps": null,
                    "custom_granted_apps": null,
                    "description": "Delete Rules",
                    "grant_as_authority_to_apps": null,
                    "granted_apps": null,
                    "name": "bpmrulebroker!b2018.RuleRepository.RuleDelete"
                  },
                  {
                    "custom_grant_as_authority_to_apps": null,
                    "custom_granted_apps": null,
                    "description": "Read Rules",
                    "grant_as_authority_to_apps": null,
                    "granted_apps": null,
                    "name": "bpmrulebroker!b2018.RuleRepository.RuleRead"
                  },
                  {
                    "custom_grant_as_authority_to_apps": null,
                    "custom_granted_apps": null,
                    "description": "Deploy RuleServices",
                    "grant_as_authority_to_apps": null,
                    "granted_apps": null,
                    "name": "bpmrulebroker!b2018.RuleRepository.RuleServiceDeploy"
                  },
                  {
                    "custom_grant_as_authority_to_apps": null,
                    "custom_granted_apps": null,
                    "description": "Read Ruleservices",
                    "grant_as_authority_to_apps": null,
                    "granted_apps": null,
                    "name": "bpmrulebroker!b2018.RuleRepository.RuleServiceRead"
                  },
                  {
                    "custom_grant_as_authority_to_apps": null,
                    "custom_granted_apps": null,
                    "description": "Delete Rulesets",
                    "grant_as_authority_to_apps": null,
                    "granted_apps": null,
                    "name": "bpmrulebroker!b2018.RuleRepository.RulesetDelete"
                  },
                  {
                    "custom_grant_as_authority_to_apps": null,
                    "custom_granted_apps": null,
                    "description": "Read Rulesets",
                    "grant_as_authority_to_apps": null,
                    "granted_apps": null,
                    "name": "bpmrulebroker!b2018.RuleRepository.RulesetRead"
                  },
                  {
                    "custom_grant_as_authority_to_apps": null,
                    "custom_granted_apps": null,
                    "description": "Write Rulesets",
                    "grant_as_authority_to_apps": null,
                    "granted_apps": null,
                    "name": "bpmrulebroker!b2018.RuleRepository.RulesetWrite"
                  },
                  {
                    "custom_grant_as_authority_to_apps": null,
                    "custom_granted_apps": null,
                    "description": "Write Rules",
                    "grant_as_authority_to_apps": null,
                    "granted_apps": null,
                    "name": "bpmrulebroker!b2018.RuleRepository.RuleWrite"
                  },
                  {
                    "custom_grant_as_authority_to_apps": null,
                    "custom_granted_apps": null,
                    "description": "Create Project Version",
                    "grant_as_authority_to_apps": null,
                    "granted_apps": null,
                    "name": "bpmrulebroker!b2018.RuleRepository.VersionCreate"
                  },
                  {
                    "custom_grant_as_authority_to_apps": null,
                    "custom_granted_apps": null,
                    "description": "Copy Project Version to Workingset",
                    "grant_as_authority_to_apps": null,
                    "granted_apps": null,
                    "name": "bpmrulebroker!b2018.RuleRepository.VersionEdit"
                  },
                  {
                    "custom_grant_as_authority_to_apps": null,
                    "custom_granted_apps": null,
                    "description": "Repository Read Vocabulary",
                    "grant_as_authority_to_apps": null,
                    "granted_apps": null,
                    "name": "bpmrulebroker!b2018.RuleRepository.VocabularyRead"
                  },
                  {
                    "custom_grant_as_authority_to_apps": null,
                    "custom_granted_apps": null,
                    "description": "Repository Xsrf Token",
                    "grant_as_authority_to_apps": null,
                    "granted_apps": null,
                    "name": "bpmrulebroker!b2018.RuleRepository.XsrfToken"
                  },
                  {
                    "custom_grant_as_authority_to_apps": null,
                    "custom_granted_apps": null,
                    "description": "Default scope for user",
                    "grant_as_authority_to_apps": null,
                    "granted_apps": [
                      "*",
                      "xs_user"
                    ],
                    "name": "uaa.user"
                  }
                ]
              },
              {
                "app_id": "bpmrulebroker!b2018",
                "app_name": "bpmrulebroker",
                "description": "Author rules",
                "name": "RuleRepositorySuperUser",
                "read_only": true,
                "role_template_name": "RuleRepositorySuperUser",
                "scopes": [
                  {
                    "custom_grant_as_authority_to_apps": null,
                    "custom_granted_apps": null,
                    "description": "Prompt Conversation Write",
                    "grant_as_authority_to_apps": null,
                    "granted_apps": null,
                    "name": "bpmrulebroker!b2018.RulePrompt.ConversationWrite"
                  },
                  {
                    "custom_grant_as_authority_to_apps": null,
                    "custom_granted_apps": null,
                    "description": "Delete Managed Systems",
                    "grant_as_authority_to_apps": null,
                    "granted_apps": null,
                    "name": "bpmrulebroker!b2018.RuleRepository.ManagedSystemDelete"
                  },
                  {
                    "custom_grant_as_authority_to_apps": null,
                    "custom_granted_apps": null,
                    "description": "Read Managed Systems",
                    "grant_as_authority_to_apps": null,
                    "granted_apps": null,
                    "name": "bpmrulebroker!b2018.RuleRepository.ManagedSystemRead"
                  },
                  {
                    "custom_grant_as_authority_to_apps": null,
                    "custom_granted_apps": null,
                    "description": "Write Managed Systems",
                    "grant_as_authority_to_apps": null,
                    "granted_apps": null,
                    "name": "bpmrulebroker!b2018.RuleRepository.ManagedSystemWrite"
                  },
                  {
                    "custom_grant_as_authority_to_apps": null,
                    "custom_granted_apps": null,
                    "description": "Repository Read Mapping",
                    "grant_as_authority_to_apps": null,
                    "granted_apps": null,
                    "name": "bpmrulebroker!b2018.RuleRepository.MappingRead"
                  },
                  {
                    "custom_grant_as_authority_to_apps": null,
                    "custom_granted_apps": null,
                    "description": "Delete Privileges",
                    "grant_as_authority_to_apps": null,
                    "granted_apps": null,
                    "name": "bpmrulebroker!b2018.RuleRepository.PrivilegeDelete"
                  },
                  {
                    "custom_grant_as_authority_to_apps": null,
                    "custom_granted_apps": null,
                    "description": "Read Privileges",
                    "grant_as_authority_to_apps": null,
                    "granted_apps": null,
                    "name": "bpmrulebroker!b2018.RuleRepository.PrivilegeRead"
                  },
                  {
                    "custom_grant_as_authority_to_apps": null,
                    "custom_granted_apps": null,
                    "description": "Write Privileges",
                    "grant_as_authority_to_apps": null,
                    "granted_apps": null,
                    "name": "bpmrulebroker!b2018.RuleRepository.PrivilegeWrite"
                  },
                  {
                    "custom_grant_as_authority_to_apps": null,
                    "custom_granted_apps": null,
                    "description": "Import Projects",
                    "grant_as_authority_to_apps": [
                      "32f1b301-1efc-4498-bff4-1cc332075758!b2018|cas-uaa-prod!b6249"
                    ],
                    "granted_apps": null,
                    "name": "bpmrulebroker!b2018.RuleRepository.ProjectImport"
                  },
                  {
                    "custom_grant_as_authority_to_apps": null,
                    "custom_granted_apps": null,
                    "description": "Repository Delete All Entities",
                    "grant_as_authority_to_apps": null,
                    "granted_apps": null,
                    "name": "bpmrulebroker!b2018.RuleRepository.SuperDelete"
                  },
                  {
                    "custom_grant_as_authority_to_apps": null,
                    "custom_granted_apps": null,
                    "description": "Repository Read All Entities",
                    "grant_as_authority_to_apps": null,
                    "granted_apps": null,
                    "name": "bpmrulebroker!b2018.RuleRepository.SuperRead"
                  },
                  {
                    "custom_grant_as_authority_to_apps": null,
                    "custom_granted_apps": null,
                    "description": "Repository Write All Entities",
                    "grant_as_authority_to_apps": null,
                    "granted_apps": null,
                    "name": "bpmrulebroker!b2018.RuleRepository.SuperWrite"
                  },
                  {
                    "custom_grant_as_authority_to_apps": null,
                    "custom_granted_apps": null,
                    "description": "Create Project Version",
                    "grant_as_authority_to_apps": null,
                    "granted_apps": null,
                    "name": "bpmrulebroker!b2018.RuleRepository.VersionCreate"
                  },
                  {
                    "custom_grant_as_authority_to_apps": null,
                    "custom_granted_apps": null,
                    "description": "Copy Project Version to Workingset",
                    "grant_as_authority_to_apps": null,
                    "granted_apps": null,
                    "name": "bpmrulebroker!b2018.RuleRepository.VersionEdit"
                  },
                  {
                    "custom_grant_as_authority_to_apps": null,
                    "custom_granted_apps": null,
                    "description": "Repository Read Vocabulary",
                    "grant_as_authority_to_apps": null,
                    "granted_apps": null,
                    "name": "bpmrulebroker!b2018.RuleRepository.VocabularyRead"
                  },
                  {
                    "custom_grant_as_authority_to_apps": null,
                    "custom_granted_apps": null,
                    "description": "Compile Rule for java",
                    "grant_as_authority_to_apps": [
                      "bpmrulebroker!b2018",
                      "bpmruleeditor!t2018"
                    ],
                    "granted_apps": [
                      "bpmrulebroker!b2018",
                      "bpmruleeditor!t2018"
                    ],
                    "name": "bpmrulecompiler!t2018.RuleCompiler.JavaCompile"
                  },
                  {
                    "custom_grant_as_authority_to_apps": null,
                    "custom_granted_apps": null,
                    "description": "read",
                    "grant_as_authority_to_apps": [
                      "bpmrulebroker!b2018",
                      "bpmruleeditor!t2018"
                    ],
                    "granted_apps": [
                      "bpmrulebroker!b2018",
                      "bpmruleeditor!t2018"
                    ],
                    "name": "bpmrulecompiler!t2018.RuleCompiler.SqlCompile"
                  },
                  {
                    "custom_grant_as_authority_to_apps": null,
                    "custom_granted_apps": null,
                    "description": "GacdCallBack",
                    "grant_as_authority_to_apps": [
                      "bpmrulebroker!b2018"
                    ],
                    "granted_apps": [
                      "bpmrulebroker!b2018"
                    ],
                    "name": "bpmrulerepository!t2018.RuleRepository.GacdCallBack"
                  },
                  {
                    "custom_grant_as_authority_to_apps": null,
                    "custom_granted_apps": null,
                    "description": "SuperUser",
                    "grant_as_authority_to_apps": [
                      "bpmrulebroker!b2018",
                      "bpmruleeditor!t2018"
                    ],
                    "granted_apps": [
                      "bpmrulebroker!b2018",
                      "bpmruleeditor!t2018"
                    ],
                    "name": "bpmrulerepository!t2018.RuleRepository.SuperUser"
                  },
                  {
                    "custom_grant_as_authority_to_apps": null,
                    "custom_granted_apps": null,
                    "description": "read",
                    "grant_as_authority_to_apps": [
                      "bpmrulebroker!b2018",
                      "bpmruleeditor!t2018"
                    ],
                    "granted_apps": [
                      "bpmrulebroker!b2018",
                      "bpmruleeditor!t2018"
                    ],
                    "name": "bpmrulesqlcompiler!t2018.RuleSqlCompiler.SqlCompile"
                  },
                  {
                    "custom_grant_as_authority_to_apps": null,
                    "custom_granted_apps": null,
                    "description": "Default scope for user",
                    "grant_as_authority_to_apps": null,
                    "granted_apps": [
                      "*",
                      "xs_user"
                    ],
                    "name": "uaa.user"
                  }
                ]
              },
              {
                "app_id": "bpmrulebroker!b2018",
                "app_name": "bpmrulebroker",
                "description": "Invoke Rules",
                "name": "RuleRuntimeSuperUser",
                "read_only": true,
                "role_template_name": "RuleRuntimeSuperUser",
                "scopes": [
                  {
                    "custom_grant_as_authority_to_apps": null,
                    "custom_granted_apps": null,
                    "description": "SuperUser",
                    "grant_as_authority_to_apps": [
                      "bpmrulebroker!b2018",
                      "bpmruleeditor!t2018"
                    ],
                    "granted_apps": [
                      "bpmrulebroker!b2018",
                      "bpmruleeditor!t2018"
                    ],
                    "name": "bpmruleruntime!t2018.RuleRuntime.SuperUser"
                  },
                  {
                    "custom_grant_as_authority_to_apps": null,
                    "custom_granted_apps": null,
                    "description": "Default scope for user",
                    "grant_as_authority_to_apps": null,
                    "granted_apps": [
                      "*",
                      "xs_user"
                    ],
                    "name": "uaa.user"
                  }
                ]
              },
              {
                "app_id": "bpmrulebroker!b2018",
                "app_name": "bpmrulebroker",
                "description": "Rule Viewer",
                "name": "RuleViewer",
                "read_only": true,
                "role_template_name": "RuleViewer",
                "scopes": [
                  {
                    "custom_grant_as_authority_to_apps": null,
                    "custom_granted_apps": null,
                    "description": "Read Data Objects",
                    "grant_as_authority_to_apps": null,
                    "granted_apps": null,
                    "name": "bpmrulebroker!b2018.RuleRepository.DataObjectRead"
                  },
                  {
                    "custom_grant_as_authority_to_apps": null,
                    "custom_granted_apps": null,
                    "description": "Read Managed Systems",
                    "grant_as_authority_to_apps": null,
                    "granted_apps": null,
                    "name": "bpmrulebroker!b2018.RuleRepository.ManagedSystemRead"
                  },
                  {
                    "custom_grant_as_authority_to_apps": null,
                    "custom_granted_apps": null,
                    "description": "Repository Read Mapping",
                    "grant_as_authority_to_apps": null,
                    "granted_apps": null,
                    "name": "bpmrulebroker!b2018.RuleRepository.MappingRead"
                  },
                  {
                    "custom_grant_as_authority_to_apps": null,
                    "custom_granted_apps": null,
                    "description": "Read Projects",
                    "grant_as_authority_to_apps": null,
                    "granted_apps": null,
                    "name": "bpmrulebroker!b2018.RuleRepository.ProjectRead"
                  },
                  {
                    "custom_grant_as_authority_to_apps": null,
                    "custom_granted_apps": null,
                    "description": "Read Rules",
                    "grant_as_authority_to_apps": null,
                    "granted_apps": null,
                    "name": "bpmrulebroker!b2018.RuleRepository.RuleRead"
                  },
                  {
                    "custom_grant_as_authority_to_apps": null,
                    "custom_granted_apps": null,
                    "description": "Read Ruleservices",
                    "grant_as_authority_to_apps": null,
                    "granted_apps": null,
                    "name": "bpmrulebroker!b2018.RuleRepository.RuleServiceRead"
                  },
                  {
                    "custom_grant_as_authority_to_apps": null,
                    "custom_granted_apps": null,
                    "description": "Read Rulesets",
                    "grant_as_authority_to_apps": null,
                    "granted_apps": null,
                    "name": "bpmrulebroker!b2018.RuleRepository.RulesetRead"
                  },
                  {
                    "custom_grant_as_authority_to_apps": null,
                    "custom_granted_apps": null,
                    "description": "Repository Read Vocabulary",
                    "grant_as_authority_to_apps": null,
                    "granted_apps": null,
                    "name": "bpmrulebroker!b2018.RuleRepository.VocabularyRead"
                  },
                  {
                    "custom_grant_as_authority_to_apps": null,
                    "custom_granted_apps": null,
                    "description": "Repository Xsrf Token",
                    "grant_as_authority_to_apps": null,
                    "granted_apps": null,
                    "name": "bpmrulebroker!b2018.RuleRepository.XsrfToken"
                  },
                  {
                    "custom_grant_as_authority_to_apps": null,
                    "custom_granted_apps": null,
                    "description": "Default scope for user",
                    "grant_as_authority_to_apps": null,
                    "granted_apps": [
                      "*",
                      "xs_user"
                    ],
                    "name": "uaa.user"
                  }
                ]
              },
              {
                "app_id": "sap-jobscheduler!b1",
                "app_name": "sap-jobscheduler",
                "description": "Role for administration of SAP Job Scheduling Service",
                "name": "SAP_Job_Scheduling_Service_Admin",
                "read_only": true,
                "role_template_name": "SAP_Job_Scheduling_Service_Admin",
                "scopes": [
                  {
                    "custom_grant_as_authority_to_apps": null,
                    "custom_granted_apps": null,
                    "description": "Controller read permission",
                    "grant_as_authority_to_apps": null,
                    "granted_apps": [
                      "*"
                    ],
                    "name": "cloud_controller.read"
                  },
                  {
                    "custom_grant_as_authority_to_apps": null,
                    "custom_granted_apps": null,
                    "description": "Administration Scope for administration \u0026 management of Jobs",
                    "grant_as_authority_to_apps": null,
                    "granted_apps": null,
                    "name": "sap-jobscheduler!b1.Admin"
                  },
                  {
                    "custom_grant_as_authority_to_apps": null,
                    "custom_granted_apps": null,
                    "description": "Viewer Scope for read-only operations on Jobs",
                    "grant_as_authority_to_apps": null,
                    "granted_apps": null,
                    "name": "sap-jobscheduler!b1.Viewer"
                  }
                ]
              },
              {
                "app_id": "sap-jobscheduler!b1",
                "app_name": "sap-jobscheduler",
                "description": "Role for read-only access of SAP Job Scheduling Service",
                "name": "SAP_Job_Scheduling_Service_Viewer",
                "read_only": true,
                "role_template_name": "SAP_Job_Scheduling_Service_Viewer",
                "scopes": [
                  {
                    "custom_grant_as_authority_to_apps": null,
                    "custom_granted_apps": null,
                    "description": "Controller read permission",
                    "grant_as_authority_to_apps": null,
                    "granted_apps": [
                      "*"
                    ],
                    "name": "cloud_controller.read"
                  },
                  {
                    "custom_grant_as_authority_to_apps": null,
                    "custom_granted_apps": null,
                    "description": "Viewer Scope for read-only operations on Jobs",
                    "grant_as_authority_to_apps": null,
                    "granted_apps": null,
                    "name": "sap-jobscheduler!b1.Viewer"
                  }
                ]
              },
              {
                "app_id": "unattended-rt!b132026",
                "app_name": "unattended-rt",
                "description": "Scheduler service administrator",
                "name": "SchedulerAdmin",
                "read_only": true,
                "role_template_name": "SchedulerAdmin",
                "scopes": [
                  {
                    "custom_grant_as_authority_to_apps": null,
                    "custom_granted_apps": null,
                    "description": "With this scope, a particular calendar's display name can be modified.",
                    "grant_as_authority_to_apps": null,
                    "granted_apps": null,
                    "name": "unattended-rt!b132026.Configuration.CalendarModify"
                  },
                  {
                    "custom_grant_as_authority_to_apps": null,
                    "custom_granted_apps": null,
                    "description": "With this scope, all calendars or a particular calendar can be retrieved.",
                    "grant_as_authority_to_apps": null,
                    "granted_apps": null,
                    "name": "unattended-rt!b132026.Configuration.CalendarRead"
                  },
                  {
                    "custom_grant_as_authority_to_apps": null,
                    "custom_granted_apps": null,
                    "description": "With this scope, a destination can be set and calendars will be pulled.",
                    "grant_as_authority_to_apps": null,
                    "granted_apps": null,
                    "name": "unattended-rt!b132026.Configuration.DestinationModify"
                  },
                  {
                    "custom_grant_as_authority_to_apps": null,
                    "custom_granted_apps": null,
                    "description": "With this scope, available destinations can be retrieved.",
                    "grant_as_authority_to_apps": null,
                    "granted_apps": null,
                    "name": "unattended-rt!b132026.Configuration.DestinationRead"
                  },
                  {
                    "custom_grant_as_authority_to_apps": null,
                    "custom_granted_apps": null,
                    "description": "With this scope, a scheduled trigger can be created/updated/deleted/enabled/disabled.",
                    "grant_as_authority_to_apps": null,
                    "granted_apps": null,
                    "name": "unattended-rt!b132026.Scheduler.TriggerModify"
                  },
                  {
                    "custom_grant_as_authority_to_apps": null,
                    "custom_granted_apps": null,
                    "description": "With this scope, all scheduled triggers or a particular scheduled trigger can be retrieved.",
                    "grant_as_authority_to_apps": null,
                    "granted_apps": null,
                    "name": "unattended-rt!b132026.Scheduler.TriggerRead"
                  },
                  {
                    "custom_grant_as_authority_to_apps": null,
                    "custom_granted_apps": null,
                    "description": "With this scope, a scheduled trigger can be executed now.",
                    "grant_as_authority_to_apps": null,
                    "granted_apps": null,
                    "name": "unattended-rt!b132026.Scheduler.TriggerRun"
                  }
                ]
              },
              {
                "app_id": "unattended-rt!b132026",
                "app_name": "unattended-rt",
                "description": "Scheduler service developer",
                "name": "SchedulerDeveloper",
                "read_only": true,
                "role_template_name": "SchedulerDeveloper",
                "scopes": [
                  {
                    "custom_grant_as_authority_to_apps": null,
                    "custom_granted_apps": null,
                    "description": "With this scope, all calendars or a particular calendar can be retrieved.",
                    "grant_as_authority_to_apps": null,
                    "granted_apps": null,
                    "name": "unattended-rt!b132026.Configuration.CalendarRead"
                  },
                  {
                    "custom_grant_as_authority_to_apps": null,
                    "custom_granted_apps": null,
                    "description": "With this scope, available destinations can be retrieved.",
                    "grant_as_authority_to_apps": null,
                    "granted_apps": null,
                    "name": "unattended-rt!b132026.Configuration.DestinationRead"
                  },
                  {
                    "custom_grant_as_authority_to_apps": null,
                    "custom_granted_apps": null,
                    "description": "With this scope, a scheduled trigger can be created/updated/deleted/enabled/disabled.",
                    "grant_as_authority_to_apps": null,
                    "granted_apps": null,
                    "name": "unattended-rt!b132026.Scheduler.TriggerModify"
                  },
                  {
                    "custom_grant_as_authority_to_apps": null,
                    "custom_granted_apps": null,
                    "description": "With this scope, all scheduled triggers or a particular scheduled trigger can be retrieved.",
                    "grant_as_authority_to_apps": null,
                    "granted_apps": null,
                    "name": "unattended-rt!b132026.Scheduler.TriggerRead"
                  },
                  {
                    "custom_grant_as_authority_to_apps": null,
                    "custom_granted_apps": null,
                    "description": "With this scope, a scheduled trigger can be executed now.",
                    "grant_as_authority_to_apps": null,
                    "granted_apps": null,
                    "name": "unattended-rt!b132026.Scheduler.TriggerRun"
                  }
                ]
              },
              {
                "app_id": "service-manager!b1476",
                "app_name": "service-manager",
                "description": "Read-only access to service bindings including the credentials",
                "name": "Service Credentials Viewer",
                "read_only": true,
                "role_template_name": "Service_Credentials_Viewer",
                "scopes": [
                  {
                    "custom_grant_as_authority_to_apps": null,
                    "custom_granted_apps": null,
                    "description": "Permission to read service bindings only on a subaccount level",
                    "grant_as_authority_to_apps": null,
                    "granted_apps": null,
                    "name": "service-manager!b1476.subaccount.service_binding.read"
                  }
                ]
              },
              {
                "app_id": "service-manager!b1476",
                "app_name": "service-manager",
                "description": "Read-only access to Service Manager instances, bindings, plans, and offerings",
                "name": "Service Instances Viewer",
                "read_only": true,
                "role_template_name": "Service_Instances_Viewer",
                "scopes": [
                  {
                    "custom_grant_as_authority_to_apps": null,
                    "custom_granted_apps": null,
                    "description": "Permission to read platforms only on a subaccount level",
                    "grant_as_authority_to_apps": null,
                    "granted_apps": null,
                    "name": "service-manager!b1476.subaccount.platform.read"
                  },
                  {
                    "custom_grant_as_authority_to_apps": null,
                    "custom_granted_apps": null,
                    "description": "Permission to read service bindings only on a subaccount level (without credentials)",
                    "grant_as_authority_to_apps": null,
                    "granted_apps": null,
                    "name": "service-manager!b1476.subaccount.service_binding.view"
                  },
                  {
                    "custom_grant_as_authority_to_apps": null,
                    "custom_granted_apps": null,
                    "description": "Permission to read service instances only on a subaccount level",
                    "grant_as_authority_to_apps": null,
                    "granted_apps": null,
                    "name": "service-manager!b1476.subaccount.service_instance.read"
                  },
                  {
                    "custom_grant_as_authority_to_apps": null,
                    "custom_granted_apps": null,
                    "description": "Permission to read Service Offerings only on a subaccount level",
                    "grant_as_authority_to_apps": null,
                    "granted_apps": null,
                    "name": "service-manager!b1476.subaccount.service_offering.read"
                  },
                  {
                    "custom_grant_as_authority_to_apps": null,
                    "custom_granted_apps": null,
                    "description": "Permission to read Plans only on a subaccount level",
                    "grant_as_authority_to_apps": null,
                    "granted_apps": null,
                    "name": "service-manager!b1476.subaccount.service_plan.read"
                  }
                ]
              },
              {
                "app_id": "xsuaa-mobileprod_mobileprod-mobileprod!b610",
                "app_name": "xsuaa-mobileprod_mobileprod-mobileprod",
                "description": "Users who can push to one user in one call.",
                "name": "SinglePushUser",
                "read_only": true,
                "role_template_name": "SinglePushUser",
                "scopes": [
                  {
                    "custom_grant_as_authority_to_apps": null,
                    "custom_granted_apps": null,
                    "description": "Get push registrations",
                    "grant_as_authority_to_apps": null,
                    "granted_apps": null,
                    "name": "xsuaa-mobileprod_mobileprod-mobileprod!b610.pushregistrations_read"
                  },
                  {
                    "custom_grant_as_authority_to_apps": null,
                    "custom_granted_apps": null,
                    "description": "Push to single",
                    "grant_as_authority_to_apps": null,
                    "granted_apps": null,
                    "name": "xsuaa-mobileprod_mobileprod-mobileprod!b610.push_single"
                  }
                ]
              },
              {
                "app_id": "cis-local!b4",
                "app_name": "cis-local",
                "description": "Role for subaccount members with read-write authorizations for core commercialization operations, such as viewing subaccount entitlements, and creating and deleting environment instances.",
                "name": "Subaccount Admin",
                "read_only": true,
                "role_template_name": "Subaccount_Admin",
                "scopes": [
                  {
                    "custom_grant_as_authority_to_apps": null,
                    "custom_granted_apps": null,
                    "description": "Get cloud management events on the local region",
                    "grant_as_authority_to_apps": null,
                    "granted_apps": null,
                    "name": "cis-local!b4.event.read"
                  },
                  {
                    "custom_grant_as_authority_to_apps": null,
                    "custom_granted_apps": null,
                    "description": "Get status of users jobs",
                    "grant_as_authority_to_apps": null,
                    "granted_apps": null,
                    "name": "cis-local!b4.job.read"
                  },
                  {
                    "custom_grant_as_authority_to_apps": null,
                    "custom_granted_apps": null,
                    "description": "View all multitenant applications to which a subaccount can subscribe",
                    "grant_as_authority_to_apps": null,
                    "granted_apps": null,
                    "name": "cis-local!b4.subaccount.application.subscription.read"
                  },
                  {
                    "custom_grant_as_authority_to_apps": null,
                    "custom_granted_apps": null,
                    "description": "Subscribe or unsubscribe to a multitenant application in a subaccount",
                    "grant_as_authority_to_apps": null,
                    "granted_apps": null,
                    "name": "cis-local!b4.subaccount.application.subscription.update"
                  },
                  {
                    "custom_grant_as_authority_to_apps": null,
                    "custom_granted_apps": null,
                    "description": "Get assigned entitlements for a subaccount",
                    "grant_as_authority_to_apps": null,
                    "granted_apps": null,
                    "name": "cis-local!b4.subaccount.entitlement.read"
                  },
                  {
                    "custom_grant_as_authority_to_apps": null,
                    "custom_granted_apps": null,
                    "description": "Create environment instance entity",
                    "grant_as_authority_to_apps": null,
                    "granted_apps": null,
                    "name": "cis-local!b4.subaccount.environment.create"
                  },
                  {
                    "custom_grant_as_authority_to_apps": null,
                    "custom_granted_apps": null,
                    "description": "Delete environment instance entity",
                    "grant_as_authority_to_apps": null,
                    "granted_apps": null,
                    "name": "cis-local!b4.subaccount.environment.delete"
                  },
                  {
                    "custom_grant_as_authority_to_apps": null,
                    "custom_granted_apps": null,
                    "description": "Get environment instance entities",
                    "grant_as_authority_to_apps": null,
                    "granted_apps": null,
                    "name": "cis-local!b4.subaccount.environment.read"
                  },
                  {
                    "custom_grant_as_authority_to_apps": null,
                    "custom_granted_apps": null,
                    "description": "Enable account navigation",
                    "grant_as_authority_to_apps": null,
                    "granted_apps": [
                      "*"
                    ],
                    "name": "xs_account.access"
                  }
                ]
              },
              {
                "app_id": "service-manager!b1476",
                "app_name": "service-manager",
                "description": "Administrative access to service brokers and environments on a subaccount level.",
                "name": "Subaccount Service Administrator",
                "read_only": true,
                "role_template_name": "Subaccount_Service_Administrator",
                "scopes": [
                  {
                    "custom_grant_as_authority_to_apps": null,
                    "custom_granted_apps": null,
                    "description": "Permission to manage Service Brokers only on a subaccount level",
                    "grant_as_authority_to_apps": null,
                    "granted_apps": null,
                    "name": "service-manager!b1476.subaccount.broker.manage"
                  },
                  {
                    "custom_grant_as_authority_to_apps": null,
                    "custom_granted_apps": null,
                    "description": "Permission to read Service Brokers only on a subaccount level",
                    "grant_as_authority_to_apps": null,
                    "granted_apps": null,
                    "name": "service-manager!b1476.subaccount.broker.read"
                  },
                  {
                    "custom_grant_as_authority_to_apps": null,
                    "custom_granted_apps": null,
                    "description": "Permission to manage platforms only on a subaccount level",
                    "grant_as_authority_to_apps": null,
                    "granted_apps": null,
                    "name": "service-manager!b1476.subaccount.platform.manage"
                  },
                  {
                    "custom_grant_as_authority_to_apps": null,
                    "custom_granted_apps": null,
                    "description": "Permission to read platforms only on a subaccount level",
                    "grant_as_authority_to_apps": null,
                    "granted_apps": null,
                    "name": "service-manager!b1476.subaccount.platform.read"
                  },
                  {
                    "custom_grant_as_authority_to_apps": null,
                    "custom_granted_apps": null,
                    "description": "Permission to create or delete service bindings only on a subaccount level",
                    "grant_as_authority_to_apps": null,
                    "granted_apps": null,
                    "name": "service-manager!b1476.subaccount.service_binding.manage"
                  },
                  {
                    "custom_grant_as_authority_to_apps": null,
                    "custom_granted_apps": null,
                    "description": "Permission to read service bindings only on a subaccount level",
                    "grant_as_authority_to_apps": null,
                    "granted_apps": null,
                    "name": "service-manager!b1476.subaccount.service_binding.read"
                  },
                  {
                    "custom_grant_as_authority_to_apps": null,
                    "custom_granted_apps": null,
                    "description": "Permission to provision, update and delete service instances only on a subaccount level",
                    "grant_as_authority_to_apps": null,
                    "granted_apps": null,
                    "name": "service-manager!b1476.subaccount.service_instance.manage"
                  },
                  {
                    "custom_grant_as_authority_to_apps": null,
                    "custom_granted_apps": null,
                    "description": "Permission to read service instances only on a subaccount level",
                    "grant_as_authority_to_apps": null,
                    "granted_apps": null,
                    "name": "service-manager!b1476.subaccount.service_instance.read"
                  },
                  {
                    "custom_grant_as_authority_to_apps": null,
                    "custom_granted_apps": null,
                    "description": "Permission to read Service Offerings only on a subaccount level",
                    "grant_as_authority_to_apps": null,
                    "granted_apps": null,
                    "name": "service-manager!b1476.subaccount.service_offering.read"
                  },
                  {
                    "custom_grant_as_authority_to_apps": null,
                    "custom_granted_apps": null,
                    "description": "Permission to read Plans only on a subaccount level",
                    "grant_as_authority_to_apps": null,
                    "granted_apps": null,
                    "name": "service-manager!b1476.subaccount.service_plan.read"
                  },
                  {
                    "custom_grant_as_authority_to_apps": null,
                    "custom_granted_apps": null,
                    "description": "Enable account navigation",
                    "grant_as_authority_to_apps": null,
                    "granted_apps": [
                      "*"
                    ],
                    "name": "xs_account.access"
                  }
                ]
              },
              {
                "app_id": "service-manager!b1476",
                "app_name": "service-manager",
                "description": "Read-only access to service brokers and environments on a subaccount level.",
                "name": "Subaccount Service Auditor",
                "read_only": true,
                "role_template_name": "Subaccount_Service_Auditor",
                "scopes": [
                  {
                    "custom_grant_as_authority_to_apps": null,
                    "custom_granted_apps": null,
                    "description": "Permission to read Service Brokers only on a subaccount level",
                    "grant_as_authority_to_apps": null,
                    "granted_apps": null,
                    "name": "service-manager!b1476.subaccount.broker.read"
                  },
                  {
                    "custom_grant_as_authority_to_apps": null,
                    "custom_granted_apps": null,
                    "description": "Permission to read platforms only on a subaccount level",
                    "grant_as_authority_to_apps": null,
                    "granted_apps": null,
                    "name": "service-manager!b1476.subaccount.platform.read"
                  },
                  {
                    "custom_grant_as_authority_to_apps": null,
                    "custom_granted_apps": null,
                    "description": "Permission to read service bindings only on a subaccount level (without credentials)",
                    "grant_as_authority_to_apps": null,
                    "granted_apps": null,
                    "name": "service-manager!b1476.subaccount.service_binding.view"
                  },
                  {
                    "custom_grant_as_authority_to_apps": null,
                    "custom_granted_apps": null,
                    "description": "Permission to read service instances only on a subaccount level",
                    "grant_as_authority_to_apps": null,
                    "granted_apps": null,
                    "name": "service-manager!b1476.subaccount.service_instance.read"
                  },
                  {
                    "custom_grant_as_authority_to_apps": null,
                    "custom_granted_apps": null,
                    "description": "Permission to read Service Offerings only on a subaccount level",
                    "grant_as_authority_to_apps": null,
                    "granted_apps": null,
                    "name": "service-manager!b1476.subaccount.service_offering.read"
                  },
                  {
                    "custom_grant_as_authority_to_apps": null,
                    "custom_granted_apps": null,
                    "description": "Permission to read Plans only on a subaccount level",
                    "grant_as_authority_to_apps": null,
                    "granted_apps": null,
                    "name": "service-manager!b1476.subaccount.service_plan.read"
                  },
                  {
                    "custom_grant_as_authority_to_apps": null,
                    "custom_granted_apps": null,
                    "description": "Enable account navigation",
                    "grant_as_authority_to_apps": null,
                    "granted_apps": [
                      "*"
                    ],
                    "name": "xs_account.access"
                  }
                ]
              },
              {
                "app_id": "cmp!b40165",
                "app_name": "cmp",
                "description": "Administrative access on subaccount level.",
                "name": "Subaccount System Landscape Administrator",
                "read_only": true,
                "role_template_name": "Subaccount_System_Landscape_Administrator",
                "scopes": [
                  {
                    "custom_grant_as_authority_to_apps": null,
                    "custom_granted_apps": null,
                    "description": "Enable account navigation",
                    "grant_as_authority_to_apps": null,
                    "granted_apps": [
                      "*"
                    ],
                    "name": "xs_account.access"
                  }
                ]
              },
              {
                "app_id": "cis-local!b4",
                "app_name": "cis-local",
                "description": "Role for subaccount members with read-only authorizations for core commercialization operations, such as viewing subaccount entitlements, details of environment instances, and job results.",
                "name": "Subaccount Viewer",
                "read_only": true,
                "role_template_name": "Subaccount_Viewer",
                "scopes": [
                  {
                    "custom_grant_as_authority_to_apps": null,
                    "custom_granted_apps": null,
                    "description": "Get cloud management events on the local region",
                    "grant_as_authority_to_apps": null,
                    "granted_apps": null,
                    "name": "cis-local!b4.event.read"
                  },
                  {
                    "custom_grant_as_authority_to_apps": null,
                    "custom_granted_apps": null,
                    "description": "Get status of users jobs",
                    "grant_as_authority_to_apps": null,
                    "granted_apps": null,
                    "name": "cis-local!b4.job.read"
                  },
                  {
                    "custom_grant_as_authority_to_apps": null,
                    "custom_granted_apps": null,
                    "description": "View all multitenant applications to which a subaccount can subscribe",
                    "grant_as_authority_to_apps": null,
                    "granted_apps": null,
                    "name": "cis-local!b4.subaccount.application.subscription.read"
                  },
                  {
                    "custom_grant_as_authority_to_apps": null,
                    "custom_granted_apps": null,
                    "description": "Get assigned entitlements for a subaccount",
                    "grant_as_authority_to_apps": null,
                    "granted_apps": null,
                    "name": "cis-local!b4.subaccount.entitlement.read"
                  },
                  {
                    "custom_grant_as_authority_to_apps": null,
                    "custom_granted_apps": null,
                    "description": "Get environment instance entities",
                    "grant_as_authority_to_apps": null,
                    "granted_apps": null,
                    "name": "cis-local!b4.subaccount.environment.read"
                  },
                  {
                    "custom_grant_as_authority_to_apps": null,
                    "custom_granted_apps": null,
                    "description": "Enable account navigation",
                    "grant_as_authority_to_apps": null,
                    "granted_apps": [
                      "*"
                    ],
                    "name": "xs_account.access"
                  }
                ]
              },
              {
                "app_id": "service-manager!b1476",
                "app_name": "service-manager",
                "description": "Administrative access to service brokers and environments on a subaccount level.",
                "name": "Subaccount_Service_Admin",
                "read_only": true,
                "role_template_name": "Subaccount_Service_Admin",
                "scopes": [
                  {
                    "custom_grant_as_authority_to_apps": null,
                    "custom_granted_apps": null,
                    "description": "Permission to manage Service Brokers only on a subaccount level",
                    "grant_as_authority_to_apps": null,
                    "granted_apps": null,
                    "name": "service-manager!b1476.subaccount.broker.manage"
                  },
                  {
                    "custom_grant_as_authority_to_apps": null,
                    "custom_granted_apps": null,
                    "description": "Permission to read Service Brokers only on a subaccount level",
                    "grant_as_authority_to_apps": null,
                    "granted_apps": null,
                    "name": "service-manager!b1476.subaccount.broker.read"
                  },
                  {
                    "custom_grant_as_authority_to_apps": null,
                    "custom_granted_apps": null,
                    "description": "Permission to manage platforms only on a subaccount level",
                    "grant_as_authority_to_apps": null,
                    "granted_apps": null,
                    "name": "service-manager!b1476.subaccount.platform.manage"
                  },
                  {
                    "custom_grant_as_authority_to_apps": null,
                    "custom_granted_apps": null,
                    "description": "Permission to read platforms only on a subaccount level",
                    "grant_as_authority_to_apps": null,
                    "granted_apps": null,
                    "name": "service-manager!b1476.subaccount.platform.read"
                  },
                  {
                    "custom_grant_as_authority_to_apps": null,
                    "custom_granted_apps": null,
                    "description": "Permission to create or delete service bindings only on a subaccount level",
                    "grant_as_authority_to_apps": null,
                    "granted_apps": null,
                    "name": "service-manager!b1476.subaccount.service_binding.manage"
                  },
                  {
                    "custom_grant_as_authority_to_apps": null,
                    "custom_granted_apps": null,
                    "description": "Permission to read service bindings only on a subaccount level",
                    "grant_as_authority_to_apps": null,
                    "granted_apps": null,
                    "name": "service-manager!b1476.subaccount.service_binding.read"
                  },
                  {
                    "custom_grant_as_authority_to_apps": null,
                    "custom_granted_apps": null,
                    "description": "Permission to provision, update and delete service instances only on a subaccount level",
                    "grant_as_authority_to_apps": null,
                    "granted_apps": null,
                    "name": "service-manager!b1476.subaccount.service_instance.manage"
                  },
                  {
                    "custom_grant_as_authority_to_apps": null,
                    "custom_granted_apps": null,
                    "description": "Permission to read service instances only on a subaccount level",
                    "grant_as_authority_to_apps": null,
                    "granted_apps": null,
                    "name": "service-manager!b1476.subaccount.service_instance.read"
                  },
                  {
                    "custom_grant_as_authority_to_apps": null,
                    "custom_granted_apps": null,
                    "description": "Permission to read Service Offerings only on a subaccount level",
                    "grant_as_authority_to_apps": null,
                    "granted_apps": null,
                    "name": "service-manager!b1476.subaccount.service_offering.read"
                  },
                  {
                    "custom_grant_as_authority_to_apps": null,
                    "custom_granted_apps": null,
                    "description": "Permission to read Plans only on a subaccount level",
                    "grant_as_authority_to_apps": null,
                    "granted_apps": null,
                    "name": "service-manager!b1476.subaccount.service_plan.read"
                  },
                  {
                    "custom_grant_as_authority_to_apps": null,
                    "custom_granted_apps": null,
                    "description": "Enable account navigation",
                    "grant_as_authority_to_apps": null,
                    "granted_apps": [
                      "*"
                    ],
                    "name": "xs_account.access"
                  }
                ]
              },
              {
                "app_id": "service-manager!b1476",
                "app_name": "service-manager",
                "description": "Read-only access to service brokers and environments on a subaccount level.",
                "name": "Subaccount_Service_Viewer",
                "read_only": true,
                "role_template_name": "Subaccount_Service_Viewer",
                "scopes": [
                  {
                    "custom_grant_as_authority_to_apps": null,
                    "custom_granted_apps": null,
                    "description": "Permission to read Service Brokers only on a subaccount level",
                    "grant_as_authority_to_apps": null,
                    "granted_apps": null,
                    "name": "service-manager!b1476.subaccount.broker.read"
                  },
                  {
                    "custom_grant_as_authority_to_apps": null,
                    "custom_granted_apps": null,
                    "description": "Permission to read platforms only on a subaccount level",
                    "grant_as_authority_to_apps": null,
                    "granted_apps": null,
                    "name": "service-manager!b1476.subaccount.platform.read"
                  },
                  {
                    "custom_grant_as_authority_to_apps": null,
                    "custom_granted_apps": null,
                    "description": "Permission to read service bindings only on a subaccount level (without credentials)",
                    "grant_as_authority_to_apps": null,
                    "granted_apps": null,
                    "name": "service-manager!b1476.subaccount.service_binding.view"
                  },
                  {
                    "custom_grant_as_authority_to_apps": null,
                    "custom_granted_apps": null,
                    "description": "Permission to read service instances only on a subaccount level",
                    "grant_as_authority_to_apps": null,
                    "granted_apps": null,
                    "name": "service-manager!b1476.subaccount.service_instance.read"
                  },
                  {
                    "custom_grant_as_authority_to_apps": null,
                    "custom_granted_apps": null,
                    "description": "Permission to read Service Offerings only on a subaccount level",
                    "grant_as_authority_to_apps": null,
                    "granted_apps": null,
                    "name": "service-manager!b1476.subaccount.service_offering.read"
                  },
                  {
                    "custom_grant_as_authority_to_apps": null,
                    "custom_granted_apps": null,
                    "description": "Permission to read Plans only on a subaccount level",
                    "grant_as_authority_to_apps": null,
                    "granted_apps": null,
                    "name": "service-manager!b1476.subaccount.service_plan.read"
                  },
                  {
                    "custom_grant_as_authority_to_apps": null,
                    "custom_granted_apps": null,
                    "description": "Enable account navigation",
                    "grant_as_authority_to_apps": null,
                    "granted_apps": [
                      "*"
                    ],
                    "name": "xs_account.access"
                  }
                ]
              },
              {
                "app_id": "portal-cf-service!b1483",
                "app_name": "portal-cf-service",
                "description": "Preforms all the administration tasks for Portal sites.",
                "name": "Super_Admin",
                "read_only": true,
                "role_template_name": "Super_Admin",
                "scopes": [
                  {
                    "custom_grant_as_authority_to_apps": null,
                    "custom_granted_apps": null,
                    "description": "Super Admin",
                    "grant_as_authority_to_apps": null,
                    "granted_apps": null,
                    "name": "portal-cf-service!b1483.SuperAdmin"
                  },
                  {
                    "custom_grant_as_authority_to_apps": null,
                    "custom_granted_apps": null,
                    "description": "Default scope for user",
                    "grant_as_authority_to_apps": null,
                    "granted_apps": [
                      "*",
                      "xs_user"
                    ],
                    "name": "uaa.user"
                  },
                  {
                    "custom_grant_as_authority_to_apps": null,
                    "custom_granted_apps": null,
                    "description": "Read permission for XS roles and role collections",
                    "grant_as_authority_to_apps": [
                      "cam-integration!t8",
                      "cis-central!b4",
                      "cis-local!b4",
                      "sapcloudalm!b96926",
                      "spc-integration!t8"
                    ],
                    "granted_apps": [
                      "*"
                    ],
                    "name": "xs_authorization.read"
                  },
                  {
                    "custom_grant_as_authority_to_apps": null,
                    "custom_granted_apps": null,
                    "description": "Write permission for XS roles and role collections",
                    "grant_as_authority_to_apps": [
                      "cam-integration!t8",
                      "cis-central!b4",
                      "cis-local!b4",
                      "sapcloudalm!b96926",
                      "spc-integration!t8"
                    ],
                    "granted_apps": [
                      "*"
                    ],
                    "name": "xs_authorization.write"
                  },
                  {
                    "custom_grant_as_authority_to_apps": null,
                    "custom_granted_apps": null,
                    "description": "List Identity Providers",
                    "grant_as_authority_to_apps": [
                      "cam-integration!t8",
                      "cis-central!b4",
                      "cis-local!b4",
                      "sapcloudalm!b96926",
                      "spc-integration!t8"
                    ],
                    "granted_apps": [
                      "*"
                    ],
                    "name": "xs_idp.read"
                  }
                ]
              },
              {
                "app_id": "portal-cf-service!b1483",
                "app_name": "portal-cf-service",
                "description": "Preforms read only administration tasks for Portal sites.",
                "name": "Super_Admin_Read_Only",
                "read_only": true,
                "role_template_name": "Super_Admin_Read_Only",
                "scopes": [
                  {
                    "custom_grant_as_authority_to_apps": null,
                    "custom_granted_apps": null,
                    "description": "Super Admin Read Only",
                    "grant_as_authority_to_apps": null,
                    "granted_apps": null,
                    "name": "portal-cf-service!b1483.SuperAdminReadOnly"
                  },
                  {
                    "custom_grant_as_authority_to_apps": null,
                    "custom_granted_apps": null,
                    "description": "Default scope for user",
                    "grant_as_authority_to_apps": null,
                    "granted_apps": [
                      "*",
                      "xs_user"
                    ],
                    "name": "uaa.user"
                  },
                  {
                    "custom_grant_as_authority_to_apps": null,
                    "custom_granted_apps": null,
                    "description": "Read permission for XS roles and role collections",
                    "grant_as_authority_to_apps": [
                      "cam-integration!t8",
                      "cis-central!b4",
                      "cis-local!b4",
                      "sapcloudalm!b96926",
                      "spc-integration!t8"
                    ],
                    "granted_apps": [
                      "*"
                    ],
                    "name": "xs_authorization.read"
                  },
                  {
                    "custom_grant_as_authority_to_apps": null,
                    "custom_granted_apps": null,
                    "description": "List Identity Providers",
                    "grant_as_authority_to_apps": [
                      "cam-integration!t8",
                      "cis-central!b4",
                      "cis-local!b4",
                      "sapcloudalm!b96926",
                      "spc-integration!t8"
                    ],
                    "granted_apps": [
                      "*"
                    ],
                    "name": "xs_idp.read"
                  }
                ]
              },
              {
                "app_id": "cmp!b40165",
                "app_name": "cmp",
                "description": "Administrative access to systems and scenario-related resources.",
                "name": "System Landscape Administrator",
                "read_only": true,
                "role_template_name": "GlobalAccount_System_Landscape_Administrator",
                "scopes": [
                  {
                    "custom_grant_as_authority_to_apps": null,
                    "custom_granted_apps": null,
                    "description": "Read application application template",
                    "grant_as_authority_to_apps": null,
                    "granted_apps": null,
                    "name": "cmp!b40165.application.application_template:read"
                  },
                  {
                    "custom_grant_as_authority_to_apps": null,
                    "custom_granted_apps": null,
                    "description": "Read application auths",
                    "grant_as_authority_to_apps": null,
                    "granted_apps": null,
                    "name": "cmp!b40165.application.auths:read"
                  },
                  {
                    "custom_grant_as_authority_to_apps": null,
                    "custom_granted_apps": null,
                    "description": "Read applications",
                    "grant_as_authority_to_apps": null,
                    "granted_apps": null,
                    "name": "cmp!b40165.application:read"
                  },
                  {
                    "custom_grant_as_authority_to_apps": null,
                    "custom_granted_apps": null,
                    "description": "Sync applications",
                    "grant_as_authority_to_apps": null,
                    "granted_apps": null,
                    "name": "cmp!b40165.application:sync"
                  },
                  {
                    "custom_grant_as_authority_to_apps": null,
                    "custom_granted_apps": null,
                    "description": "Read application templates",
                    "grant_as_authority_to_apps": null,
                    "granted_apps": null,
                    "name": "cmp!b40165.application_template:read"
                  },
                  {
                    "custom_grant_as_authority_to_apps": null,
                    "custom_granted_apps": null,
                    "description": "Read application templates webhooks",
                    "grant_as_authority_to_apps": null,
                    "granted_apps": null,
                    "name": "cmp!b40165.application_template.webhooks:read"
                  },
                  {
                    "custom_grant_as_authority_to_apps": null,
                    "custom_granted_apps": null,
                    "description": "Read application webhooks",
                    "grant_as_authority_to_apps": null,
                    "granted_apps": null,
                    "name": "cmp!b40165.application.webhooks:read"
                  },
                  {
                    "custom_grant_as_authority_to_apps": null,
                    "custom_granted_apps": null,
                    "description": "Register and update applications",
                    "grant_as_authority_to_apps": null,
                    "granted_apps": null,
                    "name": "cmp!b40165.application:write"
                  },
                  {
                    "custom_grant_as_authority_to_apps": null,
                    "custom_granted_apps": null,
                    "description": "Read automatic scenario assignments",
                    "grant_as_authority_to_apps": null,
                    "granted_apps": null,
                    "name": "cmp!b40165.automatic_scenario_assignment:read"
                  },
                  {
                    "custom_grant_as_authority_to_apps": null,
                    "custom_granted_apps": null,
                    "description": "Register and update automatic scenario assignments",
                    "grant_as_authority_to_apps": null,
                    "granted_apps": null,
                    "name": "cmp!b40165.automatic_scenario_assignment:write"
                  },
                  {
                    "custom_grant_as_authority_to_apps": null,
                    "custom_granted_apps": null,
                    "description": "Read consumption bundle auths",
                    "grant_as_authority_to_apps": null,
                    "granted_apps": null,
                    "name": "cmp!b40165.bundle.instance_auths:read"
                  },
                  {
                    "custom_grant_as_authority_to_apps": null,
                    "custom_granted_apps": null,
                    "description": "Read consents",
                    "grant_as_authority_to_apps": null,
                    "granted_apps": null,
                    "name": "cmp!b40165.consent:read"
                  },
                  {
                    "custom_grant_as_authority_to_apps": null,
                    "custom_granted_apps": null,
                    "description": "Approve or reject consents",
                    "grant_as_authority_to_apps": null,
                    "granted_apps": null,
                    "name": "cmp!b40165.consent.state:write"
                  },
                  {
                    "custom_grant_as_authority_to_apps": null,
                    "custom_granted_apps": null,
                    "description": "Create consents",
                    "grant_as_authority_to_apps": null,
                    "granted_apps": null,
                    "name": "cmp!b40165.consent:write"
                  },
                  {
                    "custom_grant_as_authority_to_apps": null,
                    "custom_granted_apps": null,
                    "description": "Read formations",
                    "grant_as_authority_to_apps": null,
                    "granted_apps": null,
                    "name": "cmp!b40165.formation:read"
                  },
                  {
                    "custom_grant_as_authority_to_apps": null,
                    "custom_granted_apps": null,
                    "description": "Write formations providing value for state",
                    "grant_as_authority_to_apps": null,
                    "granted_apps": null,
                    "name": "cmp!b40165.formation.state:write"
                  },
                  {
                    "custom_grant_as_authority_to_apps": null,
                    "custom_granted_apps": null,
                    "description": "Read formation templates",
                    "grant_as_authority_to_apps": null,
                    "granted_apps": null,
                    "name": "cmp!b40165.formation_template:read"
                  },
                  {
                    "custom_grant_as_authority_to_apps": null,
                    "custom_granted_apps": null,
                    "description": "Write formation templates",
                    "grant_as_authority_to_apps": null,
                    "granted_apps": null,
                    "name": "cmp!b40165.formation_template:write"
                  },
                  {
                    "custom_grant_as_authority_to_apps": null,
                    "custom_granted_apps": null,
                    "description": "Write formations",
                    "grant_as_authority_to_apps": null,
                    "granted_apps": null,
                    "name": "cmp!b40165.formation:write"
                  },
                  {
                    "custom_grant_as_authority_to_apps": null,
                    "custom_granted_apps": null,
                    "description": "Read operations",
                    "grant_as_authority_to_apps": null,
                    "granted_apps": null,
                    "name": "cmp!b40165.operation:read"
                  },
                  {
                    "custom_grant_as_authority_to_apps": null,
                    "custom_granted_apps": null,
                    "description": "Reschedule existing operations",
                    "grant_as_authority_to_apps": null,
                    "granted_apps": null,
                    "name": "cmp!b40165.operation:schedule"
                  },
                  {
                    "custom_grant_as_authority_to_apps": null,
                    "custom_granted_apps": null,
                    "description": "Read runtimes and runtime contexts",
                    "grant_as_authority_to_apps": null,
                    "granted_apps": null,
                    "name": "cmp!b40165.runtime:read"
                  },
                  {
                    "custom_grant_as_authority_to_apps": null,
                    "custom_granted_apps": null,
                    "description": "Write application webhooks",
                    "grant_as_authority_to_apps": null,
                    "granted_apps": null,
                    "name": "cmp!b40165.webhook:write"
                  },
                  {
                    "custom_grant_as_authority_to_apps": null,
                    "custom_granted_apps": null,
                    "description": "Enable account navigation",
                    "grant_as_authority_to_apps": null,
                    "granted_apps": [
                      "*"
                    ],
                    "name": "xs_account.access"
                  }
                ]
              },
              {
                "app_id": "cmp!b40165",
                "app_name": "cmp",
                "description": "Viewer access to systems and scenario-related resources.",
                "name": "System Landscape Viewer",
                "read_only": true,
                "role_template_name": "GlobalAccount_System_Landscape_Viewer",
                "scopes": [
                  {
                    "custom_grant_as_authority_to_apps": null,
                    "custom_granted_apps": null,
                    "description": "Read application application template",
                    "grant_as_authority_to_apps": null,
                    "granted_apps": null,
                    "name": "cmp!b40165.application.application_template:read"
                  },
                  {
                    "custom_grant_as_authority_to_apps": null,
                    "custom_granted_apps": null,
                    "description": "Read application auths",
                    "grant_as_authority_to_apps": null,
                    "granted_apps": null,
                    "name": "cmp!b40165.application.auths:read"
                  },
                  {
                    "custom_grant_as_authority_to_apps": null,
                    "custom_granted_apps": null,
                    "description": "Read applications",
                    "grant_as_authority_to_apps": null,
                    "granted_apps": null,
                    "name": "cmp!b40165.application:read"
                  },
                  {
                    "custom_grant_as_authority_to_apps": null,
                    "custom_granted_apps": null,
                    "description": "Read application templates",
                    "grant_as_authority_to_apps": null,
                    "granted_apps": null,
                    "name": "cmp!b40165.application_template:read"
                  },
                  {
                    "custom_grant_as_authority_to_apps": null,
                    "custom_granted_apps": null,
                    "description": "Read application templates webhooks",
                    "grant_as_authority_to_apps": null,
                    "granted_apps": null,
                    "name": "cmp!b40165.application_template.webhooks:read"
                  },
                  {
                    "custom_grant_as_authority_to_apps": null,
                    "custom_granted_apps": null,
                    "description": "Read application webhooks",
                    "grant_as_authority_to_apps": null,
                    "granted_apps": null,
                    "name": "cmp!b40165.application.webhooks:read"
                  },
                  {
                    "custom_grant_as_authority_to_apps": null,
                    "custom_granted_apps": null,
                    "description": "Read automatic scenario assignments",
                    "grant_as_authority_to_apps": null,
                    "granted_apps": null,
                    "name": "cmp!b40165.automatic_scenario_assignment:read"
                  },
                  {
                    "custom_grant_as_authority_to_apps": null,
                    "custom_granted_apps": null,
                    "description": "Read consumption bundle auths",
                    "grant_as_authority_to_apps": null,
                    "granted_apps": null,
                    "name": "cmp!b40165.bundle.instance_auths:read"
                  },
                  {
                    "custom_grant_as_authority_to_apps": null,
                    "custom_granted_apps": null,
                    "description": "Read consents",
                    "grant_as_authority_to_apps": null,
                    "granted_apps": null,
                    "name": "cmp!b40165.consent:read"
                  },
                  {
                    "custom_grant_as_authority_to_apps": null,
                    "custom_granted_apps": null,
                    "description": "Read formations",
                    "grant_as_authority_to_apps": null,
                    "granted_apps": null,
                    "name": "cmp!b40165.formation:read"
                  },
                  {
                    "custom_grant_as_authority_to_apps": null,
                    "custom_granted_apps": null,
                    "description": "Read formation templates",
                    "grant_as_authority_to_apps": null,
                    "granted_apps": null,
                    "name": "cmp!b40165.formation_template:read"
                  },
                  {
                    "custom_grant_as_authority_to_apps": null,
                    "custom_granted_apps": null,
                    "description": "Read operations",
                    "grant_as_authority_to_apps": null,
                    "granted_apps": null,
                    "name": "cmp!b40165.operation:read"
                  },
                  {
                    "custom_grant_as_authority_to_apps": null,
                    "custom_granted_apps": null,
                    "description": "Read runtimes and runtime contexts",
                    "grant_as_authority_to_apps": null,
                    "granted_apps": null,
                    "name": "cmp!b40165.runtime:read"
                  },
                  {
                    "custom_grant_as_authority_to_apps": null,
                    "custom_granted_apps": null,
                    "description": "Enable account navigation",
                    "grant_as_authority_to_apps": null,
                    "granted_apps": [
                      "*"
                    ],
                    "name": "xs_account.access"
                  }
                ]
              },
              {
                "app_id": "portal-cf-service!b1483",
                "app_name": "portal-cf-service",
                "description": "Theme Administrator",
                "name": "Theme_Admin",
                "read_only": true,
                "role_template_name": "Theme_Admin",
                "scopes": [
                  {
                    "custom_grant_as_authority_to_apps": null,
                    "custom_granted_apps": null,
                    "description": "Theme Administrator",
                    "grant_as_authority_to_apps": null,
                    "granted_apps": null,
                    "name": "portal-cf-service!b1483.ThemeAdmin"
                  }
                ]
              },
              {
                "app_id": "launchpad-dt-approuter!t1483",
                "app_name": "launchpad-dt-approuter",
                "description": "UAA",
                "name": "Token_Exchange",
                "read_only": true,
                "role_template_name": "Token_Exchange",
                "scopes": [
                  {
                    "custom_grant_as_authority_to_apps": null,
                    "custom_granted_apps": null,
                    "description": "Default scope for user",
                    "grant_as_authority_to_apps": null,
                    "granted_apps": [
                      "*",
                      "xs_user"
                    ],
                    "name": "uaa.user"
                  }
                ]
              },
              {
                "app_id": "xsuaa!b49390",
                "app_name": "xsuaa",
                "description": "UAA",
                "name": "Token_Exchange",
                "read_only": true,
                "role_template_name": "Token_Exchange",
                "scopes": [
                  {
                    "custom_grant_as_authority_to_apps": null,
                    "custom_granted_apps": null,
                    "description": "Default scope for user",
                    "grant_as_authority_to_apps": null,
                    "granted_apps": [
                      "*",
                      "xs_user"
                    ],
                    "name": "uaa.user"
                  }
                ]
              },
              {
                "app_id": "uaa-action-runtime-service-xsappname!b100070",
                "app_name": "uaa-action-runtime-service-xsappname",
                "description": "User token exchange role for Action Runtime Service",
                "name": "Token_Exchange_Action_Runtime_Service",
                "read_only": true,
                "role_template_name": "Token_Exchange_Action_Runtime_Service",
                "scopes": [
                  {
                    "custom_grant_as_authority_to_apps": null,
                    "custom_granted_apps": null,
                    "description": "Default scope for user",
                    "grant_as_authority_to_apps": null,
                    "granted_apps": [
                      "*",
                      "xs_user"
                    ],
                    "name": "uaa.user"
                  }
                ]
              },
              {
                "app_id": "xsuaa-mobileprod_mobileprod-mobileprod!b610",
                "app_name": "xsuaa-mobileprod_mobileprod-mobileprod",
                "description": "Users who can modify and publish recordings of all users with Mobile Transaction Bridge.",
                "name": "TransactionBridgeAdministrator",
                "read_only": true,
                "role_template_name": "TransactionBridgeAdministrator",
                "scopes": [
                  {
                    "custom_grant_as_authority_to_apps": null,
                    "custom_granted_apps": null,
                    "description": "Allows to modify and publish recordings of all users with Mobile Transaction Bridge.",
                    "grant_as_authority_to_apps": null,
                    "granted_apps": null,
                    "name": "xsuaa-mobileprod_mobileprod-mobileprod!b610.transaction_bridge_admin"
                  },
                  {
                    "custom_grant_as_authority_to_apps": null,
                    "custom_granted_apps": null,
                    "description": "Allows to create and publish recordings with Mobile Transaction Bridge.",
                    "grant_as_authority_to_apps": null,
                    "granted_apps": null,
                    "name": "xsuaa-mobileprod_mobileprod-mobileprod!b610.transaction_bridge_user"
                  }
                ]
              },
              {
                "app_id": "xsuaa-mobileprod_mobileprod-mobileprod!b610",
                "app_name": "xsuaa-mobileprod_mobileprod-mobileprod",
                "description": "Users who can create and publish recordings with Mobile Transaction Bridge.",
                "name": "TransactionBridgeUser",
                "read_only": true,
                "role_template_name": "TransactionBridgeUser",
                "scopes": [
                  {
                    "custom_grant_as_authority_to_apps": null,
                    "custom_granted_apps": null,
                    "description": "Allows to create and publish recordings with Mobile Transaction Bridge.",
                    "grant_as_authority_to_apps": null,
                    "granted_apps": null,
                    "name": "xsuaa-mobileprod_mobileprod-mobileprod!b610.transaction_bridge_user"
                  }
                ]
              },
              {
                "app_id": "xsuaa-mobileprod_mobileprod-mobileprod!b610",
                "app_name": "xsuaa-mobileprod_mobileprod-mobileprod",
                "description": "An indicator for UAA users in order their access tokens can be exchanged to access depending services. It needs not be explicitly mapped to any Role Collection.",
                "name": "uaaUser",
                "read_only": true,
                "role_template_name": "uaaUser",
                "scopes": [
                  {
                    "custom_grant_as_authority_to_apps": null,
                    "custom_granted_apps": null,
                    "description": "Default scope for user",
                    "grant_as_authority_to_apps": null,
                    "granted_apps": [
                      "*",
                      "xs_user"
                    ],
                    "name": "uaa.user"
                  }
                ]
              },
              {
                "app_id": "xsuaa!t8",
                "app_name": "xsuaa",
                "description": "Manage authorizations, trusted identity providers, and users.",
                "name": "User and Role Administrator",
                "read_only": true,
                "role_template_name": "xsuaa_admin",
                "scopes": [
                  {
                    "custom_grant_as_authority_to_apps": null,
                    "custom_granted_apps": null,
                    "description": "Enable account navigation",
                    "grant_as_authority_to_apps": null,
                    "granted_apps": [
                      "*"
                    ],
                    "name": "xs_account.access"
                  },
                  {
                    "custom_grant_as_authority_to_apps": null,
                    "custom_granted_apps": null,
                    "description": "Read api credentials",
                    "grant_as_authority_to_apps": null,
                    "granted_apps": [
                      "cockpit!t6267",
                      "cpcli!t5877",
                      "xsuaa!t8"
                    ],
                    "name": "xs_apicredential.read"
                  },
                  {
                    "custom_grant_as_authority_to_apps": null,
                    "custom_granted_apps": null,
                    "description": "Change api credentials",
                    "grant_as_authority_to_apps": null,
                    "granted_apps": [
                      "cockpit!t6267",
                      "cpcli!t5877",
                      "xsuaa!t8"
                    ],
                    "name": "xs_apicredential.write"
                  },
                  {
                    "custom_grant_as_authority_to_apps": null,
                    "custom_granted_apps": null,
                    "description": "Read permission for XS roles and role collections",
                    "grant_as_authority_to_apps": [
                      "cam-integration!t8",
                      "cis-central!b4",
                      "cis-local!b4",
                      "sapcloudalm!b96926",
                      "spc-integration!t8"
                    ],
                    "granted_apps": [
                      "*"
                    ],
                    "name": "xs_authorization.read"
                  },
                  {
                    "custom_grant_as_authority_to_apps": null,
                    "custom_granted_apps": null,
                    "description": "Write permission for XS roles and role collections",
                    "grant_as_authority_to_apps": [
                      "cam-integration!t8",
                      "cis-central!b4",
                      "cis-local!b4",
                      "sapcloudalm!b96926",
                      "spc-integration!t8"
                    ],
                    "granted_apps": [
                      "*"
                    ],
                    "name": "xs_authorization.write"
                  },
                  {
                    "custom_grant_as_authority_to_apps": null,
                    "custom_granted_apps": null,
                    "description": "List Identity Providers",
                    "grant_as_authority_to_apps": [
                      "cam-integration!t8",
                      "cis-central!b4",
                      "cis-local!b4",
                      "sapcloudalm!b96926",
                      "spc-integration!t8"
                    ],
                    "granted_apps": [
                      "*"
                    ],
                    "name": "xs_idp.read"
                  },
                  {
                    "custom_grant_as_authority_to_apps": null,
                    "custom_granted_apps": null,
                    "description": "Change Identity Providers",
                    "grant_as_authority_to_apps": [
                      "cam-integration!t8",
                      "cis-central!b4",
                      "cis-local!b4",
                      "sapcloudalm!b96926",
                      "spc-integration!t8"
                    ],
                    "granted_apps": [
                      "*"
                    ],
                    "name": "xs_idp.write"
                  },
                  {
                    "custom_grant_as_authority_to_apps": null,
                    "custom_granted_apps": null,
                    "description": "Read permission for XS users",
                    "grant_as_authority_to_apps": [
                      "cam-integration!t8",
                      "cis-central!b4",
                      "cis-local!b4",
                      "sapcloudalm!b96926",
                      "spc-integration!t8"
                    ],
                    "granted_apps": [
                      "*"
                    ],
                    "name": "xs_user.read"
                  },
                  {
                    "custom_grant_as_authority_to_apps": null,
                    "custom_granted_apps": null,
                    "description": "Write permission for XS users",
                    "grant_as_authority_to_apps": [
                      "cam-integration!t8",
                      "cis-central!b4",
                      "cis-local!b4",
                      "sapcloudalm!b96926",
                      "spc-integration!t8"
                    ],
                    "granted_apps": [
                      "*"
                    ],
                    "name": "xs_user.write"
                  }
                ]
              },
              {
                "app_id": "xsuaa!t8",
                "app_name": "xsuaa",
                "description": "Read-only access for authorizations, trusted identity providers, and users.",
                "name": "User and Role Auditor",
                "read_only": true,
                "role_template_name": "xsuaa_auditor",
                "scopes": [
                  {
                    "custom_grant_as_authority_to_apps": null,
                    "custom_granted_apps": null,
                    "description": "Enable account navigation",
                    "grant_as_authority_to_apps": null,
                    "granted_apps": [
                      "*"
                    ],
                    "name": "xs_account.access"
                  },
                  {
                    "custom_grant_as_authority_to_apps": null,
                    "custom_granted_apps": null,
                    "description": "Read api credentials",
                    "grant_as_authority_to_apps": null,
                    "granted_apps": [
                      "cockpit!t6267",
                      "cpcli!t5877",
                      "xsuaa!t8"
                    ],
                    "name": "xs_apicredential.read"
                  },
                  {
                    "custom_grant_as_authority_to_apps": null,
                    "custom_granted_apps": null,
                    "description": "Read permission for XS roles and role collections",
                    "grant_as_authority_to_apps": [
                      "cam-integration!t8",
                      "cis-central!b4",
                      "cis-local!b4",
                      "sapcloudalm!b96926",
                      "spc-integration!t8"
                    ],
                    "granted_apps": [
                      "*"
                    ],
                    "name": "xs_authorization.read"
                  },
                  {
                    "custom_grant_as_authority_to_apps": null,
                    "custom_granted_apps": null,
                    "description": "List Identity Providers",
                    "grant_as_authority_to_apps": [
                      "cam-integration!t8",
                      "cis-central!b4",
                      "cis-local!b4",
                      "sapcloudalm!b96926",
                      "spc-integration!t8"
                    ],
                    "granted_apps": [
                      "*"
                    ],
                    "name": "xs_idp.read"
                  },
                  {
                    "custom_grant_as_authority_to_apps": null,
                    "custom_granted_apps": null,
                    "description": "Read permission for XS users",
                    "grant_as_authority_to_apps": [
                      "cam-integration!t8",
                      "cis-central!b4",
                      "cis-local!b4",
                      "sapcloudalm!b96926",
                      "spc-integration!t8"
                    ],
                    "granted_apps": [
                      "*"
                    ],
                    "name": "xs_user.read"
                  }
                ]
              },
              {
                "app_id": "xsuaa-mobileprod_mobileprod-mobileprod!b610",
                "app_name": "xsuaa-mobileprod_mobileprod-mobileprod",
                "description": "An indicator for users to retrieve SAML Attributes from user_info endpoint of UAA. It needs not be explicitly mapped to any Role Collection.",
                "name": "userAttributes",
                "read_only": true,
                "role_template_name": "userAttributes",
                "scopes": [
                  {
                    "custom_grant_as_authority_to_apps": null,
                    "custom_granted_apps": null,
                    "description": "Read identity provider information",
                    "grant_as_authority_to_apps": null,
                    "granted_apps": [
                      "*",
                      "xs_user"
                    ],
                    "name": "user_attributes"
                  }
                ]
              },
              {
                "app_id": "sap-identity-services-onboarding!t6878",
                "app_name": "sap-identity-services-onboarding",
                "description": "Call callback endpoints",
                "name": "UserRoleTemplateCallback",
                "read_only": true,
                "role_template_name": "UserRoleTemplateCallback",
                "scopes": [
                  {
                    "custom_grant_as_authority_to_apps": null,
                    "custom_granted_apps": null,
                    "description": "With this scope set, the callbacks for tenant onboarding, offboarding and getDependencies can be called.",
                    "grant_as_authority_to_apps": [
                      "tenant-onboarding!t4"
                    ],
                    "granted_apps": null,
                    "name": "sap-identity-services-onboarding!t6878.Callback"
                  }
                ]
              },
              {
                "app_id": "sap-theming!b1757",
                "app_name": "sap-theming",
                "description": "View custom themes",
                "name": "Viewer",
                "read_only": true,
                "role_template_name": "Viewer",
                "scopes": [
                  {
                    "custom_grant_as_authority_to_apps": null,
                    "custom_granted_apps": null,
                    "description": "Read access on custom themes",
                    "grant_as_authority_to_apps": null,
                    "granted_apps": null,
                    "name": "sap-theming!b1757.Read"
                  }
                ]
              },
              {
                "app_id": "us10-app-studio!t5804",
                "app_name": "us10-app-studio",
                "description": "(Deprecated) Allows administrators to manage (export and delete) user data.",
                "name": "WebIDE_Administrator",
                "read_only": true,
                "role_template_name": "WebIDE_Administrator",
                "scopes": [
                  {
                    "custom_grant_as_authority_to_apps": null,
                    "custom_granted_apps": null,
                    "description": "With this scope, you can access admin APIs",
                    "grant_as_authority_to_apps": null,
                    "granted_apps": null,
                    "name": "us10-app-studio!t5804.DataManagement"
                  }
                ]
              },
              {
                "app_id": "us10-app-studio!t5804",
                "app_name": "us10-app-studio",
                "description": "(Deprecated) Allows developers to load and develop applications using SAP Web IDE.",
                "name": "WebIDE_Developer",
                "read_only": true,
                "role_template_name": "WebIDE_Developer",
                "scopes": [
                  {
                    "custom_grant_as_authority_to_apps": null,
                    "custom_granted_apps": null,
                    "description": "Default scope for user",
                    "grant_as_authority_to_apps": null,
                    "granted_apps": [
                      "*",
                      "xs_user"
                    ],
                    "name": "uaa.user"
                  },
                  {
                    "custom_grant_as_authority_to_apps": null,
                    "custom_granted_apps": null,
                    "description": "SAP Business Application Studio Execute permissions",
                    "grant_as_authority_to_apps": null,
                    "granted_apps": null,
                    "name": "us10-app-studio!t5804.Execute"
                  },
                  {
                    "custom_grant_as_authority_to_apps": null,
                    "custom_granted_apps": null,
                    "description": "SAP Business Application Studio Read permissions",
                    "grant_as_authority_to_apps": null,
                    "granted_apps": null,
                    "name": "us10-app-studio!t5804.Read"
                  },
                  {
                    "custom_grant_as_authority_to_apps": null,
                    "custom_granted_apps": null,
                    "description": "SAP Business Application Studio Write permissions",
                    "grant_as_authority_to_apps": null,
                    "granted_apps": null,
                    "name": "us10-app-studio!t5804.Write"
                  }
                ]
              },
              {
                "app_id": "us10-app-studio!t5804",
                "app_name": "us10-app-studio",
                "description": "(Deprecated) Allows extension developers to deploy simple extensions.",
                "name": "WebIDE_Extension_Deployer",
                "read_only": true,
                "role_template_name": "WebIDE_Extension_Deployer",
                "scopes": [
                  {
                    "custom_grant_as_authority_to_apps": null,
                    "custom_granted_apps": null,
                    "description": "With this scope, you can deploy extensions via deployment API",
                    "grant_as_authority_to_apps": null,
                    "granted_apps": null,
                    "name": "us10-app-studio!t5804.ExtensionDeploy"
                  }
                ]
              },
              {
                "app_id": "workflowmanagement!b6562",
                "app_name": "workflowmanagement",
                "description": "Role template for WM Admin",
                "name": "WMAdmin",
                "read_only": true,
                "role_template_name": "WMAdmin",
                "scopes": [
                  {
                    "custom_grant_as_authority_to_apps": null,
                    "custom_granted_apps": null,
                    "description": "Default scope for user",
                    "grant_as_authority_to_apps": null,
                    "granted_apps": [
                      "*",
                      "xs_user"
                    ],
                    "name": "uaa.user"
                  },
                  {
                    "custom_grant_as_authority_to_apps": null,
                    "custom_granted_apps": null,
                    "description": "Delete a DT package",
                    "grant_as_authority_to_apps": null,
                    "granted_apps": null,
                    "name": "workflowmanagement!b6562.delete.package"
                  },
                  {
                    "custom_grant_as_authority_to_apps": null,
                    "custom_granted_apps": null,
                    "description": "Export DT package information",
                    "grant_as_authority_to_apps": null,
                    "granted_apps": null,
                    "name": "workflowmanagement!b6562.export.package"
                  },
                  {
                    "custom_grant_as_authority_to_apps": null,
                    "custom_granted_apps": null,
                    "description": "Import a given Package",
                    "grant_as_authority_to_apps": null,
                    "granted_apps": null,
                    "name": "workflowmanagement!b6562.import.package"
                  },
                  {
                    "custom_grant_as_authority_to_apps": null,
                    "custom_granted_apps": null,
                    "description": "report usage document to MaaS",
                    "grant_as_authority_to_apps": null,
                    "granted_apps": null,
                    "name": "workflowmanagement!b6562.report.usageDocument"
                  },
                  {
                    "custom_grant_as_authority_to_apps": null,
                    "custom_granted_apps": null,
                    "description": "View operations information",
                    "grant_as_authority_to_apps": null,
                    "granted_apps": null,
                    "name": "workflowmanagement!b6562.view.operations"
                  },
                  {
                    "custom_grant_as_authority_to_apps": null,
                    "custom_granted_apps": null,
                    "description": "View DT packages information",
                    "grant_as_authority_to_apps": null,
                    "granted_apps": null,
                    "name": "workflowmanagement!b6562.view.packages"
                  }
                ]
              },
              {
                "app_id": "workflowmanagement!b6562",
                "app_name": "workflowmanagement",
                "description": "Role template for WM Business Process Expert",
                "name": "WMBusinessExpert",
                "read_only": true,
                "role_template_name": "WMBusinessExpert",
                "scopes": [
                  {
                    "custom_grant_as_authority_to_apps": null,
                    "custom_granted_apps": null,
                    "description": "Default scope for user",
                    "grant_as_authority_to_apps": null,
                    "granted_apps": [
                      "*",
                      "xs_user"
                    ],
                    "name": "uaa.user"
                  },
                  {
                    "custom_grant_as_authority_to_apps": null,
                    "custom_granted_apps": null,
                    "description": "Import a content hub package",
                    "grant_as_authority_to_apps": null,
                    "granted_apps": null,
                    "name": "workflowmanagement!b6562.import.contentHubPackage"
                  },
                  {
                    "custom_grant_as_authority_to_apps": null,
                    "custom_granted_apps": null,
                    "description": "Import a content hub package in SPA",
                    "grant_as_authority_to_apps": null,
                    "granted_apps": null,
                    "name": "workflowmanagement!b6562.import.contentHubPackageInSPA"
                  },
                  {
                    "custom_grant_as_authority_to_apps": null,
                    "custom_granted_apps": null,
                    "description": "View contnet hub packages",
                    "grant_as_authority_to_apps": null,
                    "granted_apps": null,
                    "name": "workflowmanagement!b6562.view.contentHubPackages"
                  },
                  {
                    "custom_grant_as_authority_to_apps": null,
                    "custom_granted_apps": null,
                    "description": "View operations information",
                    "grant_as_authority_to_apps": null,
                    "granted_apps": null,
                    "name": "workflowmanagement!b6562.view.operations"
                  },
                  {
                    "custom_grant_as_authority_to_apps": null,
                    "custom_granted_apps": null,
                    "description": "View DT packages information",
                    "grant_as_authority_to_apps": null,
                    "granted_apps": null,
                    "name": "workflowmanagement!b6562.view.packages"
                  }
                ]
              },
              {
                "app_id": "workflowmanagement!b6562",
                "app_name": "workflowmanagement",
                "description": "Role template for WM Content Publisher",
                "name": "WMContentPublisher",
                "read_only": true,
                "role_template_name": "WMContentPublisher",
                "scopes": [
                  {
                    "custom_grant_as_authority_to_apps": null,
                    "custom_granted_apps": null,
                    "description": "Default scope for user",
                    "grant_as_authority_to_apps": null,
                    "granted_apps": [
                      "*",
                      "xs_user"
                    ],
                    "name": "uaa.user"
                  },
                  {
                    "custom_grant_as_authority_to_apps": null,
                    "custom_granted_apps": null,
                    "description": "Publish a DT package",
                    "grant_as_authority_to_apps": null,
                    "granted_apps": null,
                    "name": "workflowmanagement!b6562.publish.package"
                  }
                ]
              },
              {
                "app_id": "workflowmanagement!b6562",
                "app_name": "workflowmanagement",
                "description": "Role template for WM Developer",
                "name": "WMDeveloper",
                "read_only": true,
                "role_template_name": "WMDeveloper",
                "scopes": [
                  {
                    "custom_grant_as_authority_to_apps": null,
                    "custom_granted_apps": null,
                    "description": "Default scope for user",
                    "grant_as_authority_to_apps": null,
                    "granted_apps": [
                      "*",
                      "xs_user"
                    ],
                    "name": "uaa.user"
                  },
                  {
                    "custom_grant_as_authority_to_apps": null,
                    "custom_granted_apps": null,
                    "description": "Create DT package",
                    "grant_as_authority_to_apps": null,
                    "granted_apps": null,
                    "name": "workflowmanagement!b6562.create.package"
                  },
                  {
                    "custom_grant_as_authority_to_apps": null,
                    "custom_granted_apps": null,
                    "description": "Delete a DT package",
                    "grant_as_authority_to_apps": null,
                    "granted_apps": null,
                    "name": "workflowmanagement!b6562.delete.package"
                  },
                  {
                    "custom_grant_as_authority_to_apps": null,
                    "custom_granted_apps": null,
                    "description": "Export DT package information",
                    "grant_as_authority_to_apps": null,
                    "granted_apps": null,
                    "name": "workflowmanagement!b6562.export.package"
                  },
                  {
                    "custom_grant_as_authority_to_apps": null,
                    "custom_granted_apps": null,
                    "description": "Import a content hub package in SPA",
                    "grant_as_authority_to_apps": null,
                    "granted_apps": null,
                    "name": "workflowmanagement!b6562.import.contentHubPackageInSPA"
                  },
                  {
                    "custom_grant_as_authority_to_apps": null,
                    "custom_granted_apps": null,
                    "description": "Import a given Package",
                    "grant_as_authority_to_apps": null,
                    "granted_apps": null,
                    "name": "workflowmanagement!b6562.import.package"
                  },
                  {
                    "custom_grant_as_authority_to_apps": null,
                    "custom_granted_apps": null,
                    "description": "View contnet hub packages",
                    "grant_as_authority_to_apps": null,
                    "granted_apps": null,
                    "name": "workflowmanagement!b6562.view.contentHubPackages"
                  },
                  {
                    "custom_grant_as_authority_to_apps": null,
                    "custom_granted_apps": null,
                    "description": "View operations information",
                    "grant_as_authority_to_apps": null,
                    "granted_apps": null,
                    "name": "workflowmanagement!b6562.view.operations"
                  },
                  {
                    "custom_grant_as_authority_to_apps": null,
                    "custom_granted_apps": null,
                    "description": "View DT packages information",
                    "grant_as_authority_to_apps": null,
                    "granted_apps": null,
                    "name": "workflowmanagement!b6562.view.packages"
                  }
                ]
              },
              {
                "app_id": "workflow!b1774",
                "app_name": "workflow",
                "description": "Default instance",
                "name": "WorkflowAdmin",
                "read_only": true,
                "role_template_name": "WorkflowAdmin",
                "scopes": [
                  {
                    "custom_grant_as_authority_to_apps": null,
                    "custom_granted_apps": null,
                    "description": "",
                    "grant_as_authority_to_apps": null,
                    "granted_apps": null,
                    "name": "workflow!b1774.FORM_DEFINITION_GET"
                  },
                  {
                    "custom_grant_as_authority_to_apps": null,
                    "custom_granted_apps": null,
                    "description": "",
                    "grant_as_authority_to_apps": null,
                    "granted_apps": null,
                    "name": "workflow!b1774.FORM_DEFINITION_GET_MODEL"
                  },
                  {
                    "custom_grant_as_authority_to_apps": null,
                    "custom_granted_apps": null,
                    "description": "",
                    "grant_as_authority_to_apps": null,
                    "granted_apps": null,
                    "name": "workflow!b1774.FORM_DEFINITION_GET_MODEL_ANY"
                  },
                  {
                    "custom_grant_as_authority_to_apps": null,
                    "custom_granted_apps": null,
                    "description": "",
                    "grant_as_authority_to_apps": null,
                    "granted_apps": null,
                    "name": "workflow!b1774.RETRIEVE_XSRF_TOKEN"
                  },
                  {
                    "custom_grant_as_authority_to_apps": null,
                    "custom_granted_apps": null,
                    "description": "",
                    "grant_as_authority_to_apps": null,
                    "granted_apps": null,
                    "name": "workflow!b1774.TASK_COMPLETE_ANY"
                  },
                  {
                    "custom_grant_as_authority_to_apps": null,
                    "custom_granted_apps": null,
                    "description": "",
                    "grant_as_authority_to_apps": null,
                    "granted_apps": null,
                    "name": "workflow!b1774.TASK_DEFINITION_QUERY_ANY"
                  },
                  {
                    "custom_grant_as_authority_to_apps": null,
                    "custom_granted_apps": null,
                    "description": "",
                    "grant_as_authority_to_apps": null,
                    "granted_apps": null,
                    "name": "workflow!b1774.TASK_GET_ATTACHMENTS"
                  },
                  {
                    "custom_grant_as_authority_to_apps": null,
                    "custom_granted_apps": null,
                    "description": "",
                    "grant_as_authority_to_apps": null,
                    "granted_apps": null,
                    "name": "workflow!b1774.TASK_GET_ATTRIBUTES_ANY"
                  },
                  {
                    "custom_grant_as_authority_to_apps": null,
                    "custom_granted_apps": null,
                    "description": "",
                    "grant_as_authority_to_apps": null,
                    "granted_apps": null,
                    "name": "workflow!b1774.TASK_GET_FORM"
                  },
                  {
                    "custom_grant_as_authority_to_apps": null,
                    "custom_granted_apps": null,
                    "description": "",
                    "grant_as_authority_to_apps": null,
                    "granted_apps": null,
                    "name": "workflow!b1774.TASK_GET_FORM_MODEL"
                  },
                  {
                    "custom_grant_as_authority_to_apps": null,
                    "custom_granted_apps": null,
                    "description": "",
                    "grant_as_authority_to_apps": null,
                    "granted_apps": null,
                    "name": "workflow!b1774.TASK_PATCH_ANY"
                  },
                  {
                    "custom_grant_as_authority_to_apps": null,
                    "custom_granted_apps": null,
                    "description": "",
                    "grant_as_authority_to_apps": null,
                    "granted_apps": null,
                    "name": "workflow!b1774.TASK_QUERY_ANY"
                  },
                  {
                    "custom_grant_as_authority_to_apps": null,
                    "custom_granted_apps": null,
                    "description": "",
                    "grant_as_authority_to_apps": null,
                    "granted_apps": null,
                    "name": "workflow!b1774.WORKFLOW_DEFINITION_GET_MODEL"
                  },
                  {
                    "custom_grant_as_authority_to_apps": null,
                    "custom_granted_apps": null,
                    "description": "",
                    "grant_as_authority_to_apps": null,
                    "granted_apps": null,
                    "name": "workflow!b1774.WORKFLOW_DEFINITION_QUERY_ANY"
                  },
                  {
                    "custom_grant_as_authority_to_apps": null,
                    "custom_granted_apps": null,
                    "description": "",
                    "grant_as_authority_to_apps": null,
                    "granted_apps": null,
                    "name": "workflow!b1774.WORKFLOW_INSTANCE_CANCEL"
                  },
                  {
                    "custom_grant_as_authority_to_apps": null,
                    "custom_granted_apps": null,
                    "description": "",
                    "grant_as_authority_to_apps": null,
                    "granted_apps": null,
                    "name": "workflow!b1774.WORKFLOW_INSTANCE_ERROR_MESSAGES_QUERY"
                  },
                  {
                    "custom_grant_as_authority_to_apps": null,
                    "custom_granted_apps": null,
                    "description": "",
                    "grant_as_authority_to_apps": null,
                    "granted_apps": null,
                    "name": "workflow!b1774.WORKFLOW_INSTANCE_GET_ATTACHMENTS"
                  },
                  {
                    "custom_grant_as_authority_to_apps": null,
                    "custom_granted_apps": null,
                    "description": "",
                    "grant_as_authority_to_apps": null,
                    "granted_apps": null,
                    "name": "workflow!b1774.WORKFLOW_INSTANCE_GET_ATTRIBUTES"
                  },
                  {
                    "custom_grant_as_authority_to_apps": null,
                    "custom_granted_apps": null,
                    "description": "",
                    "grant_as_authority_to_apps": null,
                    "granted_apps": null,
                    "name": "workflow!b1774.WORKFLOW_INSTANCE_QUERY_ANY"
                  },
                  {
                    "custom_grant_as_authority_to_apps": null,
                    "custom_granted_apps": null,
                    "description": "",
                    "grant_as_authority_to_apps": null,
                    "granted_apps": null,
                    "name": "workflow!b1774.WORKFLOW_INSTANCE_QUERY_EXECUTION_LOGS"
                  },
                  {
                    "custom_grant_as_authority_to_apps": null,
                    "custom_granted_apps": null,
                    "description": "",
                    "grant_as_authority_to_apps": null,
                    "granted_apps": null,
                    "name": "workflow!b1774.WORKFLOW_INSTANCE_QUERY_ROLES"
                  },
                  {
                    "custom_grant_as_authority_to_apps": null,
                    "custom_granted_apps": null,
                    "description": "",
                    "grant_as_authority_to_apps": null,
                    "granted_apps": null,
                    "name": "workflow!b1774.WORKFLOW_INSTANCE_RETRY_RESUME"
                  },
                  {
                    "custom_grant_as_authority_to_apps": null,
                    "custom_granted_apps": null,
                    "description": "",
                    "grant_as_authority_to_apps": null,
                    "granted_apps": null,
                    "name": "workflow!b1774.WORKFLOW_INSTANCE_SUSPEND"
                  },
                  {
                    "custom_grant_as_authority_to_apps": null,
                    "custom_granted_apps": null,
                    "description": "",
                    "grant_as_authority_to_apps": null,
                    "granted_apps": null,
                    "name": "workflow!b1774.WORKFLOW_INSTANCE_UPDATE_ATTACHMENTS"
                  },
                  {
                    "custom_grant_as_authority_to_apps": null,
                    "custom_granted_apps": null,
                    "description": "",
                    "grant_as_authority_to_apps": null,
                    "granted_apps": null,
                    "name": "workflow!b1774.WORKFLOW_INSTANCE_UPDATE_ROLES"
                  }
                ]
              },
              {
                "app_id": "workflow!b1774",
                "app_name": "workflow",
                "description": "Default instance",
                "name": "WorkflowBusinessExpert",
                "read_only": true,
                "role_template_name": "WorkflowBusinessExpert",
                "scopes": [
                  {
                    "custom_grant_as_authority_to_apps": null,
                    "custom_granted_apps": null,
                    "description": "",
                    "grant_as_authority_to_apps": null,
                    "granted_apps": null,
                    "name": "workflow!b1774.JOB_STATUS_QUERY"
                  },
                  {
                    "custom_grant_as_authority_to_apps": null,
                    "custom_granted_apps": null,
                    "description": "",
                    "grant_as_authority_to_apps": null,
                    "granted_apps": null,
                    "name": "workflow!b1774.PROCESS_TEMPLATE_GET"
                  },
                  {
                    "custom_grant_as_authority_to_apps": null,
                    "custom_granted_apps": null,
                    "description": "",
                    "grant_as_authority_to_apps": [
                      "7185eee8-2469-46f8-a16d-384a40c5c333!b1774|cas-uaa-prod!b6249"
                    ],
                    "granted_apps": null,
                    "name": "workflow!b1774.PROCESS_VARIANT_ACTIVATE"
                  },
                  {
                    "custom_grant_as_authority_to_apps": null,
                    "custom_granted_apps": null,
                    "description": "",
                    "grant_as_authority_to_apps": null,
                    "granted_apps": null,
                    "name": "workflow!b1774.PROCESS_VARIANT_DELETE"
                  },
                  {
                    "custom_grant_as_authority_to_apps": null,
                    "custom_granted_apps": null,
                    "description": "",
                    "grant_as_authority_to_apps": [
                      "7185eee8-2469-46f8-a16d-384a40c5c333!b1774|cas-uaa-prod!b6249"
                    ],
                    "granted_apps": null,
                    "name": "workflow!b1774.PROCESS_VARIANT_DEPLOY"
                  },
                  {
                    "custom_grant_as_authority_to_apps": null,
                    "custom_granted_apps": null,
                    "description": "",
                    "grant_as_authority_to_apps": [
                      "7185eee8-2469-46f8-a16d-384a40c5c333!b1774|cas-uaa-prod!b6249"
                    ],
                    "granted_apps": null,
                    "name": "workflow!b1774.PROCESS_VARIANT_GET"
                  },
                  {
                    "custom_grant_as_authority_to_apps": null,
                    "custom_granted_apps": null,
                    "description": "",
                    "grant_as_authority_to_apps": null,
                    "granted_apps": null,
                    "name": "workflow!b1774.WORKFLOW_DEFINITION_QUERY_ANY"
                  }
                ]
              },
              {
                "app_id": "workflow!b1774",
                "app_name": "workflow",
                "description": "Default instance",
                "name": "WorkflowContextAdmin",
                "read_only": true,
                "role_template_name": "WorkflowContextAdmin",
                "scopes": [
                  {
                    "custom_grant_as_authority_to_apps": null,
                    "custom_granted_apps": null,
                    "description": "",
                    "grant_as_authority_to_apps": null,
                    "granted_apps": null,
                    "name": "workflow!b1774.RETRIEVE_XSRF_TOKEN"
                  },
                  {
                    "custom_grant_as_authority_to_apps": null,
                    "custom_granted_apps": null,
                    "description": "",
                    "grant_as_authority_to_apps": null,
                    "granted_apps": null,
                    "name": "workflow!b1774.TASK_GET_CONTEXT_ANY"
                  },
                  {
                    "custom_grant_as_authority_to_apps": null,
                    "custom_granted_apps": null,
                    "description": "",
                    "grant_as_authority_to_apps": null,
                    "granted_apps": null,
                    "name": "workflow!b1774.WORKFLOW_INSTANCE_GET_CONTEXT"
                  },
                  {
                    "custom_grant_as_authority_to_apps": null,
                    "custom_granted_apps": null,
                    "description": "",
                    "grant_as_authority_to_apps": null,
                    "granted_apps": null,
                    "name": "workflow!b1774.WORKFLOW_INSTANCE_UPDATE_CONTEXT"
                  }
                ]
              },
              {
                "app_id": "workflow!b1774",
                "app_name": "workflow",
                "description": "Default instance",
                "name": "WorkflowContextViewer",
                "read_only": true,
                "role_template_name": "WorkflowContextViewer",
                "scopes": [
                  {
                    "custom_grant_as_authority_to_apps": null,
                    "custom_granted_apps": null,
                    "description": "",
                    "grant_as_authority_to_apps": null,
                    "granted_apps": null,
                    "name": "workflow!b1774.RETRIEVE_XSRF_TOKEN"
                  },
                  {
                    "custom_grant_as_authority_to_apps": null,
                    "custom_granted_apps": null,
                    "description": "",
                    "grant_as_authority_to_apps": null,
                    "granted_apps": null,
                    "name": "workflow!b1774.TASK_GET_CONTEXT_ANY"
                  },
                  {
                    "custom_grant_as_authority_to_apps": null,
                    "custom_granted_apps": null,
                    "description": "",
                    "grant_as_authority_to_apps": null,
                    "granted_apps": null,
                    "name": "workflow!b1774.WORKFLOW_INSTANCE_GET_CONTEXT"
                  }
                ]
              },
              {
                "app_id": "workflow!b1774",
                "app_name": "workflow",
                "description": "Default instance",
                "name": "WorkflowDeveloper",
                "read_only": true,
                "role_template_name": "WorkflowDeveloper",
                "scopes": [
                  {
                    "custom_grant_as_authority_to_apps": null,
                    "custom_granted_apps": null,
                    "description": "",
                    "grant_as_authority_to_apps": [
                      "7185eee8-2469-46f8-a16d-384a40c5c333!b1774|cas-uaa-prod!b6249"
                    ],
                    "granted_apps": null,
                    "name": "workflow!b1774.FORM_DEFINITION_DEPLOY"
                  },
                  {
                    "custom_grant_as_authority_to_apps": null,
                    "custom_granted_apps": null,
                    "description": "",
                    "grant_as_authority_to_apps": null,
                    "granted_apps": null,
                    "name": "workflow!b1774.FORM_DEFINITION_GET"
                  },
                  {
                    "custom_grant_as_authority_to_apps": null,
                    "custom_granted_apps": null,
                    "description": "",
                    "grant_as_authority_to_apps": null,
                    "granted_apps": null,
                    "name": "workflow!b1774.FORM_DEFINITION_GET_MODEL"
                  },
                  {
                    "custom_grant_as_authority_to_apps": null,
                    "custom_granted_apps": null,
                    "description": "",
                    "grant_as_authority_to_apps": null,
                    "granted_apps": null,
                    "name": "workflow!b1774.FORM_DEFINITION_GET_MODEL_ANY"
                  },
                  {
                    "custom_grant_as_authority_to_apps": null,
                    "custom_granted_apps": null,
                    "description": "",
                    "grant_as_authority_to_apps": null,
                    "granted_apps": null,
                    "name": "workflow!b1774.JOB_STATUS_QUERY"
                  },
                  {
                    "custom_grant_as_authority_to_apps": null,
                    "custom_granted_apps": null,
                    "description": "",
                    "grant_as_authority_to_apps": null,
                    "granted_apps": null,
                    "name": "workflow!b1774.PROCESS_TEMPLATE_DELETE"
                  },
                  {
                    "custom_grant_as_authority_to_apps": null,
                    "custom_granted_apps": null,
                    "description": "",
                    "grant_as_authority_to_apps": null,
                    "granted_apps": null,
                    "name": "workflow!b1774.PROCESS_TEMPLATE_GET"
                  },
                  {
                    "custom_grant_as_authority_to_apps": null,
                    "custom_granted_apps": null,
                    "description": "",
                    "grant_as_authority_to_apps": null,
                    "granted_apps": null,
                    "name": "workflow!b1774.PROCESS_TEMPLATE_GET_MODEL"
                  },
                  {
                    "custom_grant_as_authority_to_apps": null,
                    "custom_granted_apps": null,
                    "description": "",
                    "grant_as_authority_to_apps": [
                      "7185eee8-2469-46f8-a16d-384a40c5c333!b1774|cas-uaa-prod!b6249"
                    ],
                    "granted_apps": null,
                    "name": "workflow!b1774.PROCESS_VARIANT_GET"
                  },
                  {
                    "custom_grant_as_authority_to_apps": null,
                    "custom_granted_apps": null,
                    "description": "",
                    "grant_as_authority_to_apps": null,
                    "granted_apps": null,
                    "name": "workflow!b1774.READ_FEATURE_FLAGS"
                  },
                  {
                    "custom_grant_as_authority_to_apps": null,
                    "custom_granted_apps": null,
                    "description": "",
                    "grant_as_authority_to_apps": null,
                    "granted_apps": null,
                    "name": "workflow!b1774.RETRIEVE_XSRF_TOKEN"
                  },
                  {
                    "custom_grant_as_authority_to_apps": null,
                    "custom_granted_apps": null,
                    "description": "",
                    "grant_as_authority_to_apps": [
                      "7185eee8-2469-46f8-a16d-384a40c5c333!b1774|cas-uaa-prod!b6249"
                    ],
                    "granted_apps": null,
                    "name": "workflow!b1774.WORKFLOW_DEFINITION_DEPLOY"
                  },
                  {
                    "custom_grant_as_authority_to_apps": null,
                    "custom_granted_apps": null,
                    "description": "",
                    "grant_as_authority_to_apps": null,
                    "granted_apps": null,
                    "name": "workflow!b1774.WORKFLOW_DEFINITION_GET_MODEL"
                  },
                  {
                    "custom_grant_as_authority_to_apps": null,
                    "custom_granted_apps": null,
                    "description": "",
                    "grant_as_authority_to_apps": null,
                    "granted_apps": null,
                    "name": "workflow!b1774.WORKFLOW_DEFINITION_QUERY_ANY"
                  },
                  {
                    "custom_grant_as_authority_to_apps": null,
                    "custom_granted_apps": null,
                    "description": "",
                    "grant_as_authority_to_apps": null,
                    "granted_apps": null,
                    "name": "workflow!b1774.WORKFLOW_DEFINITION_VALIDATE"
                  },
                  {
                    "custom_grant_as_authority_to_apps": null,
                    "custom_granted_apps": null,
                    "description": "",
                    "grant_as_authority_to_apps": null,
                    "granted_apps": null,
                    "name": "workflow!b1774.WORKFLOW_INSTANCE_ERROR_MESSAGES_QUERY"
                  }
                ]
              },
              {
                "app_id": "workflow!b1774",
                "app_name": "workflow",
                "description": "Default instance",
                "name": "WorkflowEventSubscriber",
                "read_only": true,
                "role_template_name": "WorkflowEventSubscriber",
                "scopes": [
                  {
                    "custom_grant_as_authority_to_apps": null,
                    "custom_granted_apps": null,
                    "description": "",
                    "grant_as_authority_to_apps": null,
                    "granted_apps": null,
                    "name": "workflow!b1774.EVENT_SUBSCRIPTION_CREATE"
                  },
                  {
                    "custom_grant_as_authority_to_apps": null,
                    "custom_granted_apps": null,
                    "description": "",
                    "grant_as_authority_to_apps": null,
                    "granted_apps": null,
                    "name": "workflow!b1774.EVENT_SUBSCRIPTION_DELETE"
                  },
                  {
                    "custom_grant_as_authority_to_apps": null,
                    "custom_granted_apps": null,
                    "description": "",
                    "grant_as_authority_to_apps": null,
                    "granted_apps": null,
                    "name": "workflow!b1774.EVENT_SUBSCRIPTION_PATCH"
                  },
                  {
                    "custom_grant_as_authority_to_apps": null,
                    "custom_granted_apps": null,
                    "description": "",
                    "grant_as_authority_to_apps": null,
                    "granted_apps": null,
                    "name": "workflow!b1774.EVENT_SUBSCRIPTION_QUERY_ANY"
                  },
                  {
                    "custom_grant_as_authority_to_apps": null,
                    "custom_granted_apps": null,
                    "description": "",
                    "grant_as_authority_to_apps": null,
                    "granted_apps": null,
                    "name": "workflow!b1774.RETRIEVE_XSRF_TOKEN"
                  }
                ]
              },
              {
                "app_id": "workflow!b1774",
                "app_name": "workflow",
                "description": "Default instance",
                "name": "WorkflowInitiator",
                "read_only": true,
                "role_template_name": "WorkflowInitiator",
                "scopes": [
                  {
                    "custom_grant_as_authority_to_apps": null,
                    "custom_granted_apps": null,
                    "description": "Default scope for user",
                    "grant_as_authority_to_apps": null,
                    "granted_apps": [
                      "*",
                      "xs_user"
                    ],
                    "name": "uaa.user"
                  },
                  {
                    "custom_grant_as_authority_to_apps": null,
                    "custom_granted_apps": null,
                    "description": "",
                    "grant_as_authority_to_apps": null,
                    "granted_apps": null,
                    "name": "workflow!b1774.FORM_DEFINITION_GET_MODEL_START"
                  },
                  {
                    "custom_grant_as_authority_to_apps": null,
                    "custom_granted_apps": null,
                    "description": "",
                    "grant_as_authority_to_apps": null,
                    "granted_apps": null,
                    "name": "workflow!b1774.IMPERSONATION_TOKEN_GET"
                  },
                  {
                    "custom_grant_as_authority_to_apps": null,
                    "custom_granted_apps": null,
                    "description": "",
                    "grant_as_authority_to_apps": null,
                    "granted_apps": null,
                    "name": "workflow!b1774.RETRIEVE_XSRF_TOKEN"
                  },
                  {
                    "custom_grant_as_authority_to_apps": null,
                    "custom_granted_apps": null,
                    "description": "",
                    "grant_as_authority_to_apps": null,
                    "granted_apps": null,
                    "name": "workflow!b1774.WORKFLOW_DEFINITION_GET_SAMPLE_CONTEXT"
                  },
                  {
                    "custom_grant_as_authority_to_apps": null,
                    "custom_granted_apps": null,
                    "description": "",
                    "grant_as_authority_to_apps": null,
                    "granted_apps": null,
                    "name": "workflow!b1774.WORKFLOW_INSTANCE_START"
                  }
                ]
              },
              {
                "app_id": "workflow!b1774",
                "app_name": "workflow",
                "description": "Default instance",
                "name": "WorkflowMessageSender",
                "read_only": true,
                "role_template_name": "WorkflowMessageSender",
                "scopes": [
                  {
                    "custom_grant_as_authority_to_apps": null,
                    "custom_granted_apps": null,
                    "description": "",
                    "grant_as_authority_to_apps": null,
                    "granted_apps": null,
                    "name": "workflow!b1774.MESSAGE_SEND"
                  },
                  {
                    "custom_grant_as_authority_to_apps": null,
                    "custom_granted_apps": null,
                    "description": "",
                    "grant_as_authority_to_apps": null,
                    "granted_apps": null,
                    "name": "workflow!b1774.RETRIEVE_XSRF_TOKEN"
                  }
                ]
              },
              {
                "app_id": "workflow!b1774",
                "app_name": "workflow",
                "description": "Default instance",
                "name": "WorkflowParticipant",
                "read_only": true,
                "role_template_name": "WorkflowParticipant",
                "scopes": [
                  {
                    "custom_grant_as_authority_to_apps": null,
                    "custom_granted_apps": null,
                    "description": "Default scope for user",
                    "grant_as_authority_to_apps": null,
                    "granted_apps": [
                      "*",
                      "xs_user"
                    ],
                    "name": "uaa.user"
                  },
                  {
                    "custom_grant_as_authority_to_apps": null,
                    "custom_granted_apps": null,
                    "description": "",
                    "grant_as_authority_to_apps": null,
                    "granted_apps": null,
                    "name": "workflow!b1774.AUTHORIZE_WITH_INSTANCE_ROLES"
                  },
                  {
                    "custom_grant_as_authority_to_apps": null,
                    "custom_granted_apps": null,
                    "description": "",
                    "grant_as_authority_to_apps": null,
                    "granted_apps": null,
                    "name": "workflow!b1774.IMPERSONATION_TOKEN_GET"
                  },
                  {
                    "custom_grant_as_authority_to_apps": null,
                    "custom_granted_apps": null,
                    "description": "",
                    "grant_as_authority_to_apps": null,
                    "granted_apps": null,
                    "name": "workflow!b1774.RETRIEVE_XSRF_TOKEN"
                  },
                  {
                    "custom_grant_as_authority_to_apps": null,
                    "custom_granted_apps": null,
                    "description": "",
                    "grant_as_authority_to_apps": null,
                    "granted_apps": null,
                    "name": "workflow!b1774.TASK_MANAGE_OWN"
                  }
                ]
              },
              {
                "app_id": "workflow!b1774",
                "app_name": "workflow",
                "description": "Default instance",
                "name": "WorkflowTenantOperator",
                "read_only": true,
                "role_template_name": "WorkflowTenantOperator",
                "scopes": [
                  {
                    "custom_grant_as_authority_to_apps": null,
                    "custom_granted_apps": null,
                    "description": "",
                    "grant_as_authority_to_apps": null,
                    "granted_apps": null,
                    "name": "workflow!b1774.DATA_EXPORT"
                  },
                  {
                    "custom_grant_as_authority_to_apps": null,
                    "custom_granted_apps": null,
                    "description": "",
                    "grant_as_authority_to_apps": null,
                    "granted_apps": null,
                    "name": "workflow!b1774.FORM_DEFINITION_UNDEPLOY"
                  },
                  {
                    "custom_grant_as_authority_to_apps": null,
                    "custom_granted_apps": null,
                    "description": "",
                    "grant_as_authority_to_apps": null,
                    "granted_apps": null,
                    "name": "workflow!b1774.JOB_STATUS_QUERY"
                  },
                  {
                    "custom_grant_as_authority_to_apps": null,
                    "custom_granted_apps": null,
                    "description": "",
                    "grant_as_authority_to_apps": null,
                    "granted_apps": null,
                    "name": "workflow!b1774.PURGE_APP_TENANT"
                  },
                  {
                    "custom_grant_as_authority_to_apps": null,
                    "custom_granted_apps": null,
                    "description": "",
                    "grant_as_authority_to_apps": null,
                    "granted_apps": null,
                    "name": "workflow!b1774.RETRIEVE_XSRF_TOKEN"
                  },
                  {
                    "custom_grant_as_authority_to_apps": null,
                    "custom_granted_apps": null,
                    "description": "",
                    "grant_as_authority_to_apps": null,
                    "granted_apps": null,
                    "name": "workflow!b1774.WORKFLOW_DEFINITION_UNDEPLOY"
                  },
                  {
                    "custom_grant_as_authority_to_apps": null,
                    "custom_granted_apps": null,
                    "description": "",
                    "grant_as_authority_to_apps": null,
                    "granted_apps": null,
                    "name": "workflow!b1774.WORKFLOW_INSTANCES_PATCH"
                  }
                ]
              },
              {
                "app_id": "workflow!b1774",
                "app_name": "workflow",
                "description": "Default instance",
                "name": "WorkflowViewer",
                "read_only": true,
                "role_template_name": "WorkflowViewer",
                "scopes": [
                  {
                    "custom_grant_as_authority_to_apps": null,
                    "custom_granted_apps": null,
                    "description": "",
                    "grant_as_authority_to_apps": null,
                    "granted_apps": null,
                    "name": "workflow!b1774.FORM_DEFINITION_GET"
                  },
                  {
                    "custom_grant_as_authority_to_apps": null,
                    "custom_granted_apps": null,
                    "description": "",
                    "grant_as_authority_to_apps": null,
                    "granted_apps": null,
                    "name": "workflow!b1774.FORM_DEFINITION_GET_MODEL"
                  },
                  {
                    "custom_grant_as_authority_to_apps": null,
                    "custom_granted_apps": null,
                    "description": "",
                    "grant_as_authority_to_apps": null,
                    "granted_apps": null,
                    "name": "workflow!b1774.FORM_DEFINITION_GET_MODEL_ANY"
                  },
                  {
                    "custom_grant_as_authority_to_apps": null,
                    "custom_granted_apps": null,
                    "description": "",
                    "grant_as_authority_to_apps": null,
                    "granted_apps": null,
                    "name": "workflow!b1774.RETRIEVE_XSRF_TOKEN"
                  },
                  {
                    "custom_grant_as_authority_to_apps": null,
                    "custom_granted_apps": null,
                    "description": "",
                    "grant_as_authority_to_apps": null,
                    "granted_apps": null,
                    "name": "workflow!b1774.TASK_DEFINITION_QUERY_ANY"
                  },
                  {
                    "custom_grant_as_authority_to_apps": null,
                    "custom_granted_apps": null,
                    "description": "",
                    "grant_as_authority_to_apps": null,
                    "granted_apps": null,
                    "name": "workflow!b1774.TASK_GET_ATTACHMENTS"
                  },
                  {
                    "custom_grant_as_authority_to_apps": null,
                    "custom_granted_apps": null,
                    "description": "",
                    "grant_as_authority_to_apps": null,
                    "granted_apps": null,
                    "name": "workflow!b1774.TASK_GET_ATTRIBUTES_ANY"
                  },
                  {
                    "custom_grant_as_authority_to_apps": null,
                    "custom_granted_apps": null,
                    "description": "",
                    "grant_as_authority_to_apps": null,
                    "granted_apps": null,
                    "name": "workflow!b1774.TASK_GET_FORM"
                  },
                  {
                    "custom_grant_as_authority_to_apps": null,
                    "custom_granted_apps": null,
                    "description": "",
                    "grant_as_authority_to_apps": null,
                    "granted_apps": null,
                    "name": "workflow!b1774.TASK_GET_FORM_MODEL"
                  },
                  {
                    "custom_grant_as_authority_to_apps": null,
                    "custom_granted_apps": null,
                    "description": "",
                    "grant_as_authority_to_apps": null,
                    "granted_apps": null,
                    "name": "workflow!b1774.TASK_QUERY_ANY"
                  },
                  {
                    "custom_grant_as_authority_to_apps": null,
                    "custom_granted_apps": null,
                    "description": "",
                    "grant_as_authority_to_apps": null,
                    "granted_apps": null,
                    "name": "workflow!b1774.WORKFLOW_DEFINITION_GET_MODEL"
                  },
                  {
                    "custom_grant_as_authority_to_apps": null,
                    "custom_granted_apps": null,
                    "description": "",
                    "grant_as_authority_to_apps": null,
                    "granted_apps": null,
                    "name": "workflow!b1774.WORKFLOW_DEFINITION_QUERY_ANY"
                  },
                  {
                    "custom_grant_as_authority_to_apps": null,
                    "custom_granted_apps": null,
                    "description": "",
                    "grant_as_authority_to_apps": null,
                    "granted_apps": null,
                    "name": "workflow!b1774.WORKFLOW_INSTANCE_GET_ATTACHMENTS"
                  },
                  {
                    "custom_grant_as_authority_to_apps": null,
                    "custom_granted_apps": null,
                    "description": "",
                    "grant_as_authority_to_apps": null,
                    "granted_apps": null,
                    "name": "workflow!b1774.WORKFLOW_INSTANCE_GET_ATTRIBUTES"
                  },
                  {
                    "custom_grant_as_authority_to_apps": null,
                    "custom_granted_apps": null,
                    "description": "",
                    "grant_as_authority_to_apps": null,
                    "granted_apps": null,
                    "name": "workflow!b1774.WORKFLOW_INSTANCE_QUERY_ANY"
                  },
                  {
                    "custom_grant_as_authority_to_apps": null,
                    "custom_granted_apps": null,
                    "description": "",
                    "grant_as_authority_to_apps": null,
                    "granted_apps": null,
                    "name": "workflow!b1774.WORKFLOW_INSTANCE_QUERY_EXECUTION_LOGS"
                  }
                ]
              },
              {
                "app_id": "portal-cf-service!b1483",
                "app_name": "portal-cf-service",
                "description": "XSUAA API Access",
                "name": "XSUAA_Access",
                "read_only": true,
                "role_template_name": "XSUAA_Access",
                "scopes": [
                  {
                    "custom_grant_as_authority_to_apps": null,
                    "custom_granted_apps": null,
                    "description": "List Identity Providers",
                    "grant_as_authority_to_apps": [
                      "cam-integration!t8",
                      "cis-central!b4",
                      "cis-local!b4",
                      "sapcloudalm!b96926",
                      "spc-integration!t8"
                    ],
                    "granted_apps": [
                      "*"
                    ],
                    "name": "xs_idp.read"
                  },
                  {
                    "custom_grant_as_authority_to_apps": null,
                    "custom_granted_apps": null,
                    "description": "Change Identity Providers",
                    "grant_as_authority_to_apps": [
                      "cam-integration!t8",
                      "cis-central!b4",
                      "cis-local!b4",
                      "sapcloudalm!b96926",
                      "spc-integration!t8"
                    ],
                    "granted_apps": [
                      "*"
                    ],
                    "name": "xs_idp.write"
                  }
                ]
              }
            ]
          },
          "sensitive_attributes": [],
          "identity_schema_version": 0
        }
      ]
    },
    {
      "mode": "data",
      "type": "btp_subaccount_service_plan",
      "name": "build_process_automation_standard",
      "provider": "provider[\"registry.terraform.io/sap/btp\"]",
      "instances": [
        {
          "schema_version": 0,
          "attributes": {
            "bindable": false,
            "catalog_id": "56458d9c-2371-4d04-8729-bb05f5edc25c",
            "catalog_name": "standard",
            "created_date": "2021-12-21T13:55:34Z",
            "description": "Grants access to SAP Process Automation",
            "free": true,
            "id": "ac6c304a-460b-4ac1-bfa4-e6a05bf80567",
            "last_modified": "2025-06-16T16:44:59Z",
            "name": "standard",
            "offering_name": "process-automation-service",
            "ready": true,
            "serviceoffering_id": "7dc76c26-6782-49b8-9427-70b236e20029",
            "shareable": false,
            "subaccount_id": "1d5715b2-3e27-4598-b795-5a9a0d24c0f2"
          },
          "sensitive_attributes": [],
          "identity_schema_version": 0
        }
      ]
    },
    {
      "mode": "data",
      "type": "btp_subaccount_service_plan",
      "name": "by_name",
      "provider": "provider[\"registry.terraform.io/sap/btp\"]",
      "instances": [
        {
          "schema_version": 0,
          "attributes": {
            "bindable": false,
            "catalog_id": "b3440416-15f9-11e7-bdac-02667c123456",
            "catalog_name": "lite",
            "created_date": "2019-08-15T04:43:58Z",
            "description": "Read and manage destination configurations (including related certificates) on account and service instance levels with auto-retrieving and caching of auth tokens",
            "free": true,
            "id": "df2addb2-70ce-4a66-bfd2-079aafa17b09",
            "last_modified": "2025-06-16T17:00:17Z",
            "name": "lite",
            "offering_name": "destination",
            "ready": true,
            "serviceoffering_id": "54943912-60f3-4671-b4ca-b60ce24eb1c1",
            "shareable": true,
            "subaccount_id": "1d5715b2-3e27-4598-b795-5a9a0d24c0f2"
          },
          "sensitive_attributes": [],
          "identity_schema_version": 0
        }
      ]
    },
    {
      "mode": "managed",
      "type": "btp_subaccount_entitlement",
      "name": "build_process_automation_free",
      "provider": "provider[\"registry.terraform.io/sap/btp\"]",
      "instances": [
        {
          "schema_version": 0,
          "attributes": {
            "amount": 1,
            "category": "APPLICATION",
            "created_date": "2025-06-16T06:27:50Z",
            "id": "processautomation-free",
            "last_modified": "2025-06-17T06:25:48Z",
            "plan_id": "processautomation-free",
            "plan_name": "free",
            "plan_unique_identifier": "processautomation-free",
            "service_name": "process-automation",
            "state": "OK",
            "subaccount_id": "1d5715b2-3e27-4598-b795-5a9a0d24c0f2"
          },
          "sensitive_attributes": [],
          "identity_schema_version": 0,
          "dependencies": [
            "module.trialaccount.data.btp_subaccounts.all"
          ]
        }
      ]
    },
    {
      "mode": "managed",
      "type": "btp_subaccount_entitlement",
      "name": "build_process_automation_standard",
      "provider": "provider[\"registry.terraform.io/sap/btp\"]",
      "instances": [
        {
          "schema_version": 0,
          "attributes": {
            "amount": 1,
            "category": "ELASTIC_SERVICE",
            "created_date": "2025-06-16T06:27:50Z",
            "id": "processautomationservice-standard",
            "last_modified": "2025-06-17T06:23:28Z",
            "plan_id": "processautomationservice-standard",
            "plan_name": "standard",
            "plan_unique_identifier": "processautomationservice-standard",
            "service_name": "process-automation-service",
            "state": "OK",
            "subaccount_id": "1d5715b2-3e27-4598-b795-5a9a0d24c0f2"
          },
          "sensitive_attributes": [],
          "identity_schema_version": 0,
          "dependencies": [
            "module.trialaccount.data.btp_subaccounts.all"
          ]
        }
      ]
    },
    {
      "mode": "managed",
      "type": "btp_subaccount_entitlement",
      "name": "build_workzone",
      "provider": "provider[\"registry.terraform.io/sap/btp\"]",
      "instances": [
        {
          "schema_version": 0,
          "attributes": {
            "amount": 1,
            "category": "APPLICATION",
            "created_date": "2025-06-16T06:27:50Z",
            "id": "SAPLaunchpad-standard",
            "last_modified": "2025-06-17T05:54:08Z",
            "plan_id": "SAPLaunchpad-standard",
            "plan_name": "standard",
            "plan_unique_identifier": "SAPLaunchpad-standard",
            "service_name": "SAPLaunchpad",
            "state": "OK",
            "subaccount_id": "1d5715b2-3e27-4598-b795-5a9a0d24c0f2"
          },
          "sensitive_attributes": [],
          "identity_schema_version": 0,
          "dependencies": [
            "module.trialaccount.data.btp_subaccounts.all"
          ]
        }
      ]
    },
    {
      "mode": "managed",
      "type": "btp_subaccount_entitlement",
      "name": "sap_build_apps",
      "provider": "provider[\"registry.terraform.io/sap/btp\"]",
      "instances": [
        {
          "schema_version": 0,
          "attributes": {
            "amount": 1,
            "category": "QUOTA_BASED_APPLICATION",
            "created_date": "2025-06-16T06:27:50Z",
            "id": "sap-appgyver-ee-free",
            "last_modified": "2025-06-16T13:13:11Z",
            "plan_id": "sap-appgyver-ee-free",
            "plan_name": "free",
            "plan_unique_identifier": "sap-appgyver-ee-free",
            "service_name": "sap-build-apps",
            "state": "OK",
            "subaccount_id": "1d5715b2-3e27-4598-b795-5a9a0d24c0f2"
          },
          "sensitive_attributes": [],
          "identity_schema_version": 0,
          "dependencies": [
            "module.trialaccount.data.btp_subaccounts.all"
          ]
        }
      ]
    },
    {
      "mode": "managed",
      "type": "btp_subaccount_role_collection",
      "name": "build_apps_BuildAppsAdmin",
      "provider": "provider[\"registry.terraform.io/sap/btp\"]",
      "instances": [
        {
          "schema_version": 0,
          "attributes": {
            "description": "",
            "id": "1d5715b2-3e27-4598-b795-5a9a0d24c0f2,BuildAppsAdmin",
            "name": "BuildAppsAdmin",
            "roles": [
              {
                "name": "BuildAppsAdmin",
                "role_template_app_id": "appgyver-xsuaa!b107153",
                "role_template_name": "BuildAppsAdmin"
              }
            ],
            "subaccount_id": "1d5715b2-3e27-4598-b795-5a9a0d24c0f2"
          },
          "sensitive_attributes": [],
          "identity_schema_version": 0,
          "dependencies": [
            "btp_subaccount_subscription.sap-build-apps_free",
            "data.btp_subaccount_roles.all",
            "module.trialaccount.data.btp_subaccounts.all"
          ]
        }
      ]
    },
    {
      "mode": "managed",
      "type": "btp_subaccount_role_collection",
      "name": "build_apps_BuildAppsDeveloper",
      "provider": "provider[\"registry.terraform.io/sap/btp\"]",
      "instances": [
        {
          "schema_version": 0,
          "attributes": {
            "description": "",
            "id": "1d5715b2-3e27-4598-b795-5a9a0d24c0f2,BuildAppsDeveloper",
            "name": "BuildAppsDeveloper",
            "roles": [
              {
                "name": "BuildAppsDeveloper",
                "role_template_app_id": "appgyver-xsuaa!b107153",
                "role_template_name": "BuildAppsDeveloper"
              }
            ],
            "subaccount_id": "1d5715b2-3e27-4598-b795-5a9a0d24c0f2"
          },
          "sensitive_attributes": [],
          "identity_schema_version": 0,
          "dependencies": [
            "btp_subaccount_subscription.sap-build-apps_free",
            "data.btp_subaccount_roles.all",
            "module.trialaccount.data.btp_subaccounts.all"
          ]
        }
      ]
    },
    {
      "mode": "managed",
      "type": "btp_subaccount_role_collection_assignment",
      "name": "ProcessAutomationAdmin",
      "provider": "provider[\"registry.terraform.io/sap/btp\"]",
      "instances": [
        {
          "schema_version": 0,
          "attributes": {
            "attribute_name": null,
            "attribute_value": null,
            "group_name": null,
            "id": "1d5715b2-3e27-4598-b795-5a9a0d24c0f2,ProcessAutomationAdmin,amar.ubhe@sap.com",
            "origin": "sap.custom",
            "role_collection_name": "ProcessAutomationAdmin",
            "subaccount_id": "1d5715b2-3e27-4598-b795-5a9a0d24c0f2",
            "user_name": "amar.ubhe@sap.com"
          },
          "sensitive_attributes": [],
          "identity_schema_version": 0,
          "dependencies": [
            "btp_subaccount_entitlement.build_process_automation_free",
            "btp_subaccount_subscription.build_process_automation_free",
            "module.trialaccount.data.btp_subaccounts.all"
          ]
        }
      ]
    },
    {
      "mode": "managed",
      "type": "btp_subaccount_role_collection_assignment",
      "name": "ProcessAutomationDelegate",
      "provider": "provider[\"registry.terraform.io/sap/btp\"]",
      "instances": [
        {
          "schema_version": 0,
          "attributes": {
            "attribute_name": null,
            "attribute_value": null,
            "group_name": null,
            "id": "1d5715b2-3e27-4598-b795-5a9a0d24c0f2,ProcessAutomationDelegate,amar.ubhe@sap.com",
            "origin": "sap.custom",
            "role_collection_name": "ProcessAutomationDelegate",
            "subaccount_id": "1d5715b2-3e27-4598-b795-5a9a0d24c0f2",
            "user_name": "amar.ubhe@sap.com"
          },
          "sensitive_attributes": [],
          "identity_schema_version": 0,
          "dependencies": [
            "btp_subaccount_entitlement.build_process_automation_free",
            "btp_subaccount_subscription.build_process_automation_free",
            "module.trialaccount.data.btp_subaccounts.all"
          ]
        }
      ]
    },
    {
      "mode": "managed",
      "type": "btp_subaccount_role_collection_assignment",
      "name": "ProcessAutomationDeveloper",
      "provider": "provider[\"registry.terraform.io/sap/btp\"]",
      "instances": [
        {
          "schema_version": 0,
          "attributes": {
            "attribute_name": null,
            "attribute_value": null,
            "group_name": null,
            "id": "1d5715b2-3e27-4598-b795-5a9a0d24c0f2,ProcessAutomationDeveloper,amar.ubhe@sap.com",
            "origin": "sap.custom",
            "role_collection_name": "ProcessAutomationDeveloper",
            "subaccount_id": "1d5715b2-3e27-4598-b795-5a9a0d24c0f2",
            "user_name": "amar.ubhe@sap.com"
          },
          "sensitive_attributes": [],
          "identity_schema_version": 0,
          "dependencies": [
            "btp_subaccount_entitlement.build_process_automation_free",
            "btp_subaccount_subscription.build_process_automation_free",
            "module.trialaccount.data.btp_subaccounts.all"
          ]
        }
      ]
    },
    {
      "mode": "managed",
      "type": "btp_subaccount_role_collection_assignment",
      "name": "ProcessAutomationExpert",
      "provider": "provider[\"registry.terraform.io/sap/btp\"]",
      "instances": [
        {
          "schema_version": 0,
          "attributes": {
            "attribute_name": null,
            "attribute_value": null,
            "group_name": null,
            "id": "1d5715b2-3e27-4598-b795-5a9a0d24c0f2,ProcessAutomationExpert,amar.ubhe@sap.com",
            "origin": "sap.custom",
            "role_collection_name": "ProcessAutomationExpert",
            "subaccount_id": "1d5715b2-3e27-4598-b795-5a9a0d24c0f2",
            "user_name": "amar.ubhe@sap.com"
          },
          "sensitive_attributes": [],
          "identity_schema_version": 0,
          "dependencies": [
            "btp_subaccount_entitlement.build_process_automation_free",
            "btp_subaccount_subscription.build_process_automation_free",
            "module.trialaccount.data.btp_subaccounts.all"
          ]
        }
      ]
    },
    {
      "mode": "managed",
      "type": "btp_subaccount_role_collection_assignment",
      "name": "ProcessAutomationParticipant",
      "provider": "provider[\"registry.terraform.io/sap/btp\"]",
      "instances": [
        {
          "schema_version": 0,
          "attributes": {
            "attribute_name": null,
            "attribute_value": null,
            "group_name": null,
            "id": "1d5715b2-3e27-4598-b795-5a9a0d24c0f2,ProcessAutomationParticipant,amar.ubhe@sap.com",
            "origin": "sap.custom",
            "role_collection_name": "ProcessAutomationParticipant",
            "subaccount_id": "1d5715b2-3e27-4598-b795-5a9a0d24c0f2",
            "user_name": "amar.ubhe@sap.com"
          },
          "sensitive_attributes": [],
          "identity_schema_version": 0,
          "dependencies": [
            "btp_subaccount_entitlement.build_process_automation_free",
            "btp_subaccount_subscription.build_process_automation_free",
            "module.trialaccount.data.btp_subaccounts.all"
          ]
        }
      ]
    },
    {
      "mode": "managed",
      "type": "btp_subaccount_role_collection_assignment",
      "name": "build_apps_BuildAppsAdmin",
      "provider": "provider[\"registry.terraform.io/sap/btp\"]",
      "instances": [
        {
          "schema_version": 0,
          "attributes": {
            "attribute_name": null,
            "attribute_value": null,
            "group_name": null,
            "id": "1d5715b2-3e27-4598-b795-5a9a0d24c0f2,BuildAppsAdmin,amar.ubhe@sap.com",
            "origin": "sap.custom",
            "role_collection_name": "BuildAppsAdmin",
            "subaccount_id": "1d5715b2-3e27-4598-b795-5a9a0d24c0f2",
            "user_name": "amar.ubhe@sap.com"
          },
          "sensitive_attributes": [],
          "identity_schema_version": 0,
          "dependencies": [
            "btp_subaccount_role_collection.build_apps_BuildAppsAdmin",
            "btp_subaccount_subscription.sap-build-apps_free",
            "data.btp_subaccount_roles.all",
            "module.trialaccount.data.btp_subaccounts.all"
          ]
        }
      ]
    },
    {
      "mode": "managed",
      "type": "btp_subaccount_role_collection_assignment",
      "name": "build_apps_BuildAppsDeveloper",
      "provider": "provider[\"registry.terraform.io/sap/btp\"]",
      "instances": [
        {
          "schema_version": 0,
          "attributes": {
            "attribute_name": null,
            "attribute_value": null,
            "group_name": null,
            "id": "1d5715b2-3e27-4598-b795-5a9a0d24c0f2,BuildAppsDeveloper,amar.ubhe@sap.com",
            "origin": "sap.custom",
            "role_collection_name": "BuildAppsDeveloper",
            "subaccount_id": "1d5715b2-3e27-4598-b795-5a9a0d24c0f2",
            "user_name": "amar.ubhe@sap.com"
          },
          "sensitive_attributes": [],
          "identity_schema_version": 0,
          "dependencies": [
            "btp_subaccount_role_collection.build_apps_BuildAppsDeveloper",
            "btp_subaccount_subscription.sap-build-apps_free",
            "data.btp_subaccount_roles.all",
            "module.trialaccount.data.btp_subaccounts.all"
          ]
        }
      ]
    },
    {
      "mode": "managed",
      "type": "btp_subaccount_role_collection_assignment",
      "name": "launchpad_admin",
      "provider": "provider[\"registry.terraform.io/sap/btp\"]",
      "instances": [
        {
          "schema_version": 0,
          "attributes": {
            "attribute_name": null,
            "attribute_value": null,
            "group_name": null,
            "id": "1d5715b2-3e27-4598-b795-5a9a0d24c0f2,Launchpad_Admin,amar.ubhe@sap.com",
            "origin": "sap.custom",
            "role_collection_name": "Launchpad_Admin",
            "subaccount_id": "1d5715b2-3e27-4598-b795-5a9a0d24c0f2",
            "user_name": "amar.ubhe@sap.com"
          },
          "sensitive_attributes": [],
          "identity_schema_version": 0,
          "dependencies": [
            "btp_subaccount_entitlement.build_workzone",
            "btp_subaccount_subscription.build_workzone",
            "btp_subaccount_trust_configuration.simple",
            "module.trialaccount.data.btp_subaccounts.all"
          ]
        }
      ]
    },
    {
      "mode": "managed",
      "type": "btp_subaccount_service_instance",
      "name": "CodeJamOrdersService_destination",
      "provider": "provider[\"registry.terraform.io/sap/btp\"]",
      "instances": [
        {
          "schema_version": 0,
          "attributes": {
            "context": "{\"env_type\":\"sapcp\",\"platform\":\"sapcp\",\"origin\":\"sapcp\",\"global_account_id\":\"b628d1ec-6db6-4d8f-ad74-766c987cabf6\",\"license_type\":\"TRIAL\",\"subdomain\":\"39624dd7trial\",\"region\":\"cf-us10\",\"crm_customer_id\":\"\",\"zone_id\":\"1d5715b2-3e27-4598-b795-5a9a0d24c0f2\",\"subaccount_id\":\"1d5715b2-3e27-4598-b795-5a9a0d24c0f2\",\"instance_name\":\"CodeJamOrdersService\"}",
            "created_date": "2025-06-17T07:29:51Z",
            "dashboard_url": "",
            "id": "dd059d65-88e5-44d9-92e2-a6ec81813566",
            "labels": {},
            "last_modified": "2025-06-17T07:29:52Z",
            "name": "CodeJamOrdersService",
            "parameters": "{\"HTML5Runtime_enabled\":true,\"init_data\":{\"subaccount\":{\"destinations\":[{\"Appgyver.Enabled\":true,\"Authentication\":\"NoAuthentication\",\"Description\":\"Endpoint to CodeJam Orders Service\",\"Name\":\"CodeJamOrdersService\",\"ProxyType\":\"Internet\",\"Type\":\"HTTP\",\"URL\":\"https://orderscapapp.cfapps.eu10.hana.ondemand.com/service/OrderManagement\",\"WebIDEEnabled\":true,\"sap.applicationdevelopment.actions.enabled\":true,\"sap.build.usage\":\"odata_gen\",\"sap.processautomation.enabled\":true}],\"existing_destinations_policy\":\"update\"}}}",
            "platform_id": "service-manager",
            "ready": true,
            "referenced_instance_id": "",
            "serviceplan_id": "df2addb2-70ce-4a66-bfd2-079aafa17b09",
            "shared": false,
            "state": "succeeded",
            "subaccount_id": "1d5715b2-3e27-4598-b795-5a9a0d24c0f2",
            "timeouts": null,
            "usable": true
          },
          "sensitive_attributes": [
            [
              {
                "type": "get_attr",
                "value": "parameters"
              }
            ]
          ],
          "identity_schema_version": 0,
          "dependencies": [
            "data.btp_subaccount_service_plan.by_name",
            "module.trialaccount.data.btp_subaccounts.all"
          ]
        }
      ]
    },
    {
      "mode": "managed",
      "type": "btp_subaccount_service_instance",
      "name": "build_process_automation_standard",
      "provider": "provider[\"registry.terraform.io/sap/btp\"]",
      "instances": [
        {
          "schema_version": 0,
          "attributes": {
            "context": "{\"region\":\"cf-us10\",\"crm_customer_id\":\"\",\"subdomain\":\"39624dd7trial\",\"env_type\":\"sapcp\",\"platform\":\"sapcp\",\"origin\":\"sapcp\",\"zone_id\":\"1d5715b2-3e27-4598-b795-5a9a0d24c0f2\",\"global_account_id\":\"b628d1ec-6db6-4d8f-ad74-766c987cabf6\",\"license_type\":\"TRIAL\",\"subaccount_id\":\"1d5715b2-3e27-4598-b795-5a9a0d24c0f2\",\"instance_name\":\"spa-service\"}",
            "created_date": "2025-06-17T06:23:31Z",
            "dashboard_url": "",
            "id": "d0591e01-f6e5-4119-afd2-45c44baf6d4b",
            "labels": {},
            "last_modified": "2025-06-17T06:23:31Z",
            "name": "spa-service",
            "parameters": null,
            "platform_id": "service-manager",
            "ready": true,
            "referenced_instance_id": "",
            "serviceplan_id": "ac6c304a-460b-4ac1-bfa4-e6a05bf80567",
            "shared": false,
            "state": "succeeded",
            "subaccount_id": "1d5715b2-3e27-4598-b795-5a9a0d24c0f2",
            "timeouts": null,
            "usable": true
          },
          "sensitive_attributes": [
            [
              {
                "type": "get_attr",
                "value": "parameters"
              }
            ]
          ],
          "identity_schema_version": 0,
          "dependencies": [
            "btp_subaccount_entitlement.build_process_automation_standard",
            "data.btp_subaccount_service_plan.build_process_automation_standard",
            "module.trialaccount.data.btp_subaccounts.all"
          ]
        }
      ]
    },
    {
      "mode": "managed",
      "type": "btp_subaccount_service_instance",
      "name": "vcf_destination",
      "provider": "provider[\"registry.terraform.io/sap/btp\"]",
      "instances": [
        {
          "schema_version": 0,
          "attributes": {
            "context": "{\"origin\":\"sapcp\",\"zone_id\":\"1d5715b2-3e27-4598-b795-5a9a0d24c0f2\",\"license_type\":\"TRIAL\",\"subdomain\":\"39624dd7trial\",\"region\":\"cf-us10\",\"crm_customer_id\":\"\",\"platform\":\"sapcp\",\"global_account_id\":\"b628d1ec-6db6-4d8f-ad74-766c987cabf6\",\"subaccount_id\":\"1d5715b2-3e27-4598-b795-5a9a0d24c0f2\",\"env_type\":\"sapcp\",\"instance_name\":\"SAP-Build-Apps-Runtime\"}",
            "created_date": "2025-06-17T07:23:33Z",
            "dashboard_url": "",
            "id": "0928fde7-fbaf-4da5-8f52-274ecc0a55cd",
            "labels": {},
            "last_modified": "2025-06-17T07:23:35Z",
            "name": "SAP-Build-Apps-Runtime",
            "parameters": "{\"HTML5Runtime_enabled\":true,\"init_data\":{\"subaccount\":{\"destinations\":[{\"Authentication\":\"NoAuthentication\",\"Description\":\"Endpoint to SAP Build Apps runtime\",\"HTML5.ForwardAuthToken\":true,\"Name\":\"SAP-Build-Apps-Runtime\",\"ProxyType\":\"Internet\",\"Type\":\"HTTP\",\"URL\":\"https://39624dd7trial.cr1.us10.apps.build.cloud.sap/\"}],\"existing_destinations_policy\":\"update\"}}}",
            "platform_id": "service-manager",
            "ready": true,
            "referenced_instance_id": "",
            "serviceplan_id": "df2addb2-70ce-4a66-bfd2-079aafa17b09",
            "shared": false,
            "state": "succeeded",
            "subaccount_id": "1d5715b2-3e27-4598-b795-5a9a0d24c0f2",
            "timeouts": null,
            "usable": true
          },
          "sensitive_attributes": [
            [
              {
                "type": "get_attr",
                "value": "parameters"
              }
            ]
          ],
          "identity_schema_version": 0,
          "dependencies": [
            "data.btp_subaccount.subaccount",
            "data.btp_subaccount_service_plan.by_name",
            "module.trialaccount.data.btp_subaccounts.all"
          ]
        }
      ]
    },
    {
      "mode": "managed",
      "type": "btp_subaccount_subscription",
      "name": "build_process_automation_free",
      "provider": "provider[\"registry.terraform.io/sap/btp\"]",
      "instances": [
        {
          "schema_version": 0,
          "attributes": {
            "additional_plan_features": null,
            "app_id": "xsuaa!b49390",
            "app_name": "process-automation",
            "authentication_provider": "XSUAA",
            "category": "No Code/Low Code Suite",
            "commercial_app_name": "process-automation",
            "created_date": "2025-06-17T06:25:52Z",
            "customer_developed": false,
            "description": "SAP Build Process Automation combines capabilities from SAP Workflow Management and SAP Intelligent RPA with a powerful, yet intuitive no-code development experience. SAP Build Process Automation enables business users and technologists to become citizen developers. With powerful yet intuitive low-code and no-code capabilities, the solution supports you in driving automation by tapping into the expertise of citizen developers.",
            "display_name": "SAP Build Process Automation",
            "formation_solution_name": "",
            "globalaccount_id": "af392aeb-c0e7-4587-beb5-608ff32c6b8f",
            "id": "702eed52-7aa6-4341-bb9e-91bda93faae6",
            "labels": null,
            "last_modified": "2025-06-17T06:31:32Z",
            "parameters": "{}",
            "plan_name": "free",
            "platform_entity_id": "",
            "quota": 1,
            "state": "SUBSCRIBED",
            "subaccount_id": "1d5715b2-3e27-4598-b795-5a9a0d24c0f2",
            "subscribed_subaccount_id": "1d5715b2-3e27-4598-b795-5a9a0d24c0f2",
            "subscribed_tenant_id": "1d5715b2-3e27-4598-b795-5a9a0d24c0f2",
            "subscription_url": "https://39624dd7trial.us10.build.cloud.sap",
            "supports_parameters_updates": false,
            "supports_plan_updates": true,
            "tenant_id": "f1623d43-fe95-4991-a1d7-ce80dd88cfde",
            "timeouts": null
          },
          "sensitive_attributes": [],
          "identity_schema_version": 0,
          "dependencies": [
            "btp_subaccount_entitlement.build_process_automation_free",
            "module.trialaccount.data.btp_subaccounts.all"
          ]
        }
      ]
    },
    {
      "mode": "managed",
      "type": "btp_subaccount_subscription",
      "name": "build_workzone",
      "provider": "provider[\"registry.terraform.io/sap/btp\"]",
      "instances": [
        {
          "schema_version": 0,
          "attributes": {
            "additional_plan_features": null,
            "app_id": "e573fd61-f3ad-4bbb-895d-40848e64dbf6",
            "app_name": "SAPLaunchpad",
            "authentication_provider": "IAS",
            "category": "SaaS Applications",
            "commercial_app_name": "SAPLaunchpad",
            "created_date": "2025-06-17T05:54:15Z",
            "customer_developed": false,
            "description": "Provides users with a central point of access to applications from different sources.",
            "display_name": "SAP Build Work Zone, standard edition",
            "formation_solution_name": "",
            "globalaccount_id": "SA0225001210",
            "id": "ffc5c2a1-9612-4b2b-acfd-4361cf2b33e7",
            "labels": null,
            "last_modified": "2025-06-17T05:55:26Z",
            "parameters": "{}",
            "plan_name": "standard",
            "platform_entity_id": "",
            "quota": 1,
            "state": "SUBSCRIBED",
            "subaccount_id": "1d5715b2-3e27-4598-b795-5a9a0d24c0f2",
            "subscribed_subaccount_id": "1d5715b2-3e27-4598-b795-5a9a0d24c0f2",
            "subscribed_tenant_id": "1d5715b2-3e27-4598-b795-5a9a0d24c0f2",
            "subscription_url": "https://39624dd7trial.dt.launchpad.cfapps.us10.hana.ondemand.com",
            "supports_parameters_updates": false,
            "supports_plan_updates": true,
            "tenant_id": "",
            "timeouts": null
          },
          "sensitive_attributes": [],
          "identity_schema_version": 0,
          "dependencies": [
            "btp_subaccount_entitlement.build_workzone",
            "btp_subaccount_trust_configuration.simple",
            "module.trialaccount.data.btp_subaccounts.all"
          ]
        }
      ]
    },
    {
      "mode": "managed",
      "type": "btp_subaccount_subscription",
      "name": "sap-build-apps_free",
      "provider": "provider[\"registry.terraform.io/sap/btp\"]",
      "instances": [
        {
          "schema_version": 0,
          "attributes": {
            "additional_plan_features": [
              "See the Application Plans topic in our user guide for a complete list of restrictions."
            ],
            "app_id": "a50a01e3-2214-47d9-855b-5f4b9a848f3b",
            "app_name": "sap-appgyver-ee",
            "authentication_provider": "IAS",
            "category": "Extension Suite - Development Efficiency",
            "commercial_app_name": "sap-build-apps",
            "created_date": "2025-06-16T13:21:23Z",
            "customer_developed": false,
            "description": "SAP Build Apps is a full stack no-code development platform for creating Web and native mobile applications. Instead of manually subscribing to this service, you are strongly advised to use a BTP Booster or Quick Account Setup in SAP Discovery Center to set up your no-code environment. Please note that an instance of Cloud Identity Services is required to successfully create a subscription. See Documentation for more information.",
            "display_name": "SAP Build Apps",
            "formation_solution_name": "",
            "globalaccount_id": "a62ed7a2-5f3c-4933-9b77-ac51a6582608",
            "id": "adb023a4-85d1-4609-b6fb-b055fdc06997",
            "labels": null,
            "last_modified": "2025-06-16T13:21:48Z",
            "parameters": "{}",
            "plan_name": "free",
            "platform_entity_id": "",
            "quota": 1,
            "state": "SUBSCRIBED",
            "subaccount_id": "1d5715b2-3e27-4598-b795-5a9a0d24c0f2",
            "subscribed_subaccount_id": "1d5715b2-3e27-4598-b795-5a9a0d24c0f2",
            "subscribed_tenant_id": "1d5715b2-3e27-4598-b795-5a9a0d24c0f2",
            "subscription_url": "https://39624dd7trial.us10.build.cloud.sap",
            "supports_parameters_updates": false,
            "supports_plan_updates": false,
            "tenant_id": "",
            "timeouts": {
              "create": "10m",
              "delete": null
            }
          },
          "sensitive_attributes": [],
          "identity_schema_version": 0,
          "dependencies": [
            "module.trialaccount.data.btp_subaccounts.all"
          ]
        }
      ]
    },
    {
      "mode": "managed",
      "type": "btp_subaccount_trust_configuration",
      "name": "simple",
      "provider": "provider[\"registry.terraform.io/sap/btp\"]",
      "instances": [
        {
          "schema_version": 0,
          "attributes": {
            "auto_create_shadow_users": true,
            "available_for_user_logon": true,
            "description": "IAS tenant afxuomeom.trial-accounts.ondemand.com (OpenID Connect)",
            "domain": null,
            "id": "sap.custom",
            "identity_provider": "afxuomeom.trial-accounts.ondemand.com",
            "link_text": "afxuomeom.trial-accounts.ondemand.com",
            "name": "Custom IAS tenant",
            "origin": "sap.custom",
            "protocol": "OpenID Connect",
            "read_only": false,
            "status": "active",
            "subaccount_id": "1d5715b2-3e27-4598-b795-5a9a0d24c0f2",
            "type": "Application"
          },
          "sensitive_attributes": [],
          "identity_schema_version": 0,
          "dependencies": [
            "module.trialaccount.data.btp_subaccounts.all"
          ]
        }
      ]
    },
    {
      "module": "module.trialaccount",
      "mode": "data",
      "type": "btp_subaccount_environment_instances",
      "name": "trial",
      "provider": "provider[\"registry.terraform.io/sap/btp\"]",
      "instances": [
        {
          "schema_version": 0,
          "attributes": {
            "id": "1d5715b2-3e27-4598-b795-5a9a0d24c0f2",
            "subaccount_id": "1d5715b2-3e27-4598-b795-5a9a0d24c0f2",
            "values": [
              {
                "broker_id": "985B006B-820E-40BF-AC53-AB3D2B86C294",
                "created_date": "2025-06-16T06:28:20Z",
                "custom_labels": {},
                "dashboard_url": "",
                "description": "",
                "environment_type": "cloudfoundry",
                "id": "4D9F2046-D56A-431C-8966-59FE52B3C5B0",
                "labels": "{\"API Endpoint\":\"https://api.cf.us10-001.hana.ondemand.com\",\"Org Name\":\"39624dd7trial\",\"Org ID\":\"2d948f61-5e1b-4f19-ba31-d719e6555882\",\"Org Memory Limit\":\"4,096MB\"}",
                "landscape_label": "cf-us10-001",
                "last_modified": "2025-06-16T06:28:37Z",
                "name": "39624dd7trial",
                "operation": "provision",
                "parameters": "{\"instance_name\":\"39624dd7trial\",\"archetype\":\"trial\",\"status\":\"ACTIVE\"}",
                "plan_id": "267b5620-3011-4c48-8e56-8d103876275b",
                "plan_name": "trial",
                "platform_id": "2d948f61-5e1b-4f19-ba31-d719e6555882",
                "service_id": "fa31b750-375f-4268-bee1-604811a89fd9",
                "service_name": "cloudfoundry",
                "state": "OK",
                "tenant_id": "1d5715b2-3e27-4598-b795-5a9a0d24c0f2",
                "type": "Provision"
              }
            ]
          },
          "sensitive_attributes": [],
          "identity_schema_version": 0
        }
      ]
    },
    {
      "module": "module.trialaccount",
      "mode": "data",
      "type": "btp_subaccounts",
      "name": "all",
      "provider": "provider[\"registry.terraform.io/sap/btp\"]",
      "instances": [
        {
          "schema_version": 0,
          "attributes": {
            "id": "39624dd7trial-ga",
            "labels_filter": null,
            "values": [
              {
                "beta_enabled": false,
                "created_by": "",
                "created_date": "2025-06-16T06:27:20Z",
                "description": "",
                "id": "1d5715b2-3e27-4598-b795-5a9a0d24c0f2",
                "labels": null,
                "last_modified": "2025-06-16T06:27:40Z",
                "name": "trial",
                "parent_features": null,
                "parent_id": "b628d1ec-6db6-4d8f-ad74-766c987cabf6",
                "region": "us10",
                "state": "OK",
                "subdomain": "39624dd7trial",
                "usage": "UNSET"
              }
            ]
          },
          "sensitive_attributes": [],
          "identity_schema_version": 0
        }
      ]
    }
  ],
  "check_results": [
    {
      "object_kind": "var",
      "config_addr": "var.custom_idp",
      "status": "pass",
      "objects": [
        {
          "object_addr": "var.custom_idp",
          "status": "pass"
        }
      ]
    }
  ]
}
